{
  "version": 4,
  "terraform_version": "1.3.6",
  "serial": 150,
  "lineage": "9e51bcb6-7ebc-037e-dead-1050b74e0b95",
  "outputs": {},
  "resources": [
    {
      "mode": "managed",
      "type": "aws_ecr_repository",
      "name": "ecr",
      "provider": "provider[\"registry.terraform.io/hashicorp/aws\"]",
      "instances": [
        {
          "schema_version": 0,
          "attributes": {
            "arn": "arn:aws:ecr:eu-central-1:058302395964:repository/flask",
            "encryption_configuration": [
              {
                "encryption_type": "AES256",
                "kms_key": ""
              }
            ],
            "force_delete": null,
            "id": "flask",
            "image_scanning_configuration": [
              {
                "scan_on_push": false
              }
            ],
            "image_tag_mutability": "MUTABLE",
            "name": "flask",
            "registry_id": "058302395964",
            "repository_url": "058302395964.dkr.ecr.eu-central-1.amazonaws.com/flask",
            "tags": {},
            "tags_all": {
              "Name": "flask",
              "environment": "dev",
              "purpose": "test jenkins",
              "team": "devops"
            },
            "timeouts": null
          },
          "sensitive_attributes": [],
          "private": "eyJlMmJmYjczMC1lY2FhLTExZTYtOGY4OC0zNDM2M2JjN2M0YzAiOnsiZGVsZXRlIjoxMjAwMDAwMDAwMDAwfX0="
        }
      ]
    },
    {
      "module": "module.vpc",
      "mode": "managed",
      "type": "aws_internet_gateway",
      "name": "this",
      "provider": "provider[\"registry.terraform.io/hashicorp/aws\"]",
      "instances": [
        {
          "index_key": 0,
          "schema_version": 0,
          "attributes": {
            "arn": "arn:aws:ec2:eu-central-1:058302395964:internet-gateway/igw-04a33e31bd293eab0",
            "id": "igw-04a33e31bd293eab0",
            "owner_id": "058302395964",
            "tags": {
              "Name": "flask-vpc"
            },
            "tags_all": {
              "Name": "flask-vpc",
              "environment": "dev",
              "purpose": "test jenkins",
              "team": "devops"
            },
            "timeouts": null,
            "vpc_id": "vpc-04622a39bfb009bc8"
          },
          "sensitive_attributes": [],
          "private": "eyJlMmJmYjczMC1lY2FhLTExZTYtOGY4OC0zNDM2M2JjN2M0YzAiOnsiY3JlYXRlIjoxMjAwMDAwMDAwMDAwLCJkZWxldGUiOjEyMDAwMDAwMDAwMDAsInVwZGF0ZSI6MTIwMDAwMDAwMDAwMH19",
          "dependencies": [
            "module.vpc.aws_vpc.this",
            "module.vpc.aws_vpc_ipv4_cidr_block_association.this"
          ]
        }
      ]
    },
    {
      "module": "module.vpc",
      "mode": "managed",
      "type": "aws_vpc",
      "name": "this",
      "provider": "provider[\"registry.terraform.io/hashicorp/aws\"]",
      "instances": [
        {
          "index_key": 0,
          "schema_version": 1,
          "attributes": {
            "arn": "arn:aws:ec2:eu-central-1:058302395964:vpc/vpc-04622a39bfb009bc8",
            "assign_generated_ipv6_cidr_block": false,
            "cidr_block": "10.0.0.0/16",
            "default_network_acl_id": "acl-040664c18bdd829e0",
            "default_route_table_id": "rtb-00910ef0da5ee1f11",
            "default_security_group_id": "sg-0fd8a1788ce94cca1",
            "dhcp_options_id": "dopt-06c1e28897cd72ab9",
            "enable_classiclink": false,
            "enable_classiclink_dns_support": false,
            "enable_dns_hostnames": true,
            "enable_dns_support": true,
            "enable_network_address_usage_metrics": false,
            "id": "vpc-04622a39bfb009bc8",
            "instance_tenancy": "default",
            "ipv4_ipam_pool_id": null,
            "ipv4_netmask_length": null,
            "ipv6_association_id": "",
            "ipv6_cidr_block": "",
            "ipv6_cidr_block_network_border_group": "",
            "ipv6_ipam_pool_id": "",
            "ipv6_netmask_length": 0,
            "main_route_table_id": "rtb-00910ef0da5ee1f11",
            "owner_id": "058302395964",
            "tags": {
              "Name": "flask-vpc"
            },
            "tags_all": {
              "Name": "flask-vpc",
              "environment": "dev",
              "purpose": "test jenkins",
              "team": "devops"
            }
          },
          "sensitive_attributes": [],
          "private": "eyJzY2hlbWFfdmVyc2lvbiI6IjEifQ==",
          "create_before_destroy": true
        }
      ]
    }
  ],
  "check_results": null
}
