{
  "version": 4,
  "terraform_version": "1.3.6",
  "serial": 70,
  "lineage": "9e51bcb6-7ebc-037e-dead-1050b74e0b95",
  "outputs": {
    "ecr_url": {
      "value": "058302395964.dkr.ecr.eu-central-1.amazonaws.com/flask",
      "type": "string"
    },
    "public_ip": {
      "value": "3.75.214.86:8080",
      "type": "string"
    }
  },
  "resources": [
    {
      "mode": "data",
      "type": "aws_ami",
      "name": "amazon-linux-2",
      "provider": "provider[\"registry.terraform.io/hashicorp/aws\"]",
      "instances": [
        {
          "schema_version": 0,
          "attributes": {
            "architecture": "x86_64",
            "arn": "arn:aws:ec2:eu-central-1::image/ami-01aa7cea8549a00f9",
            "block_device_mappings": [
              {
                "device_name": "/dev/xvda",
                "ebs": {
                  "delete_on_termination": "true",
                  "encrypted": "false",
                  "iops": "0",
                  "snapshot_id": "snap-02eef77e2ebc53742",
                  "throughput": "0",
                  "volume_size": "8",
                  "volume_type": "gp2"
                },
                "no_device": "",
                "virtual_name": ""
              }
            ],
            "boot_mode": "",
            "creation_date": "2023-02-09T12:09:13.000Z",
            "deprecation_time": "2025-02-09T12:09:13.000Z",
            "description": "Amazon Linux 2 AMI 2.0.20230207.0 x86_64 HVM gp2",
            "ena_support": true,
            "executable_users": null,
            "filter": [
              {
                "name": "name",
                "values": [
                  "amzn2-ami-hvm*"
                ]
              },
              {
                "name": "owner-alias",
                "values": [
                  "amazon"
                ]
              }
            ],
            "hypervisor": "xen",
            "id": "ami-01aa7cea8549a00f9",
            "image_id": "ami-01aa7cea8549a00f9",
            "image_location": "amazon/amzn2-ami-hvm-2.0.20230207.0-x86_64-gp2",
            "image_owner_alias": "amazon",
            "image_type": "machine",
            "imds_support": "",
            "include_deprecated": false,
            "kernel_id": "",
            "most_recent": true,
            "name": "amzn2-ami-hvm-2.0.20230207.0-x86_64-gp2",
            "name_regex": null,
            "owner_id": "137112412989",
            "owners": null,
            "platform": "",
            "platform_details": "Linux/UNIX",
            "product_codes": [],
            "public": true,
            "ramdisk_id": "",
            "root_device_name": "/dev/xvda",
            "root_device_type": "ebs",
            "root_snapshot_id": "snap-02eef77e2ebc53742",
            "sriov_net_support": "simple",
            "state": "available",
            "state_reason": {
              "code": "UNSET",
              "message": "UNSET"
            },
            "tags": {},
            "timeouts": null,
            "tpm_support": "",
            "usage_operation": "RunInstances",
            "virtualization_type": "hvm"
          },
          "sensitive_attributes": []
        }
      ]
    },
    {
      "mode": "data",
      "type": "aws_caller_identity",
      "name": "current",
      "provider": "provider[\"registry.terraform.io/hashicorp/aws\"]",
      "instances": [
        {
          "schema_version": 0,
          "attributes": {
            "account_id": "058302395964",
            "arn": "arn:aws:iam::058302395964:user/admin",
            "id": "058302395964",
            "user_id": "AIDAQ3EYX6Y6G7YCNNX2G"
          },
          "sensitive_attributes": []
        }
      ]
    },
    {
      "mode": "data",
      "type": "aws_eks_cluster_auth",
      "name": "default",
      "provider": "provider[\"registry.terraform.io/hashicorp/aws\"]",
      "instances": [
        {
          "schema_version": 0,
          "attributes": {
            "id": "flask-cluster",
            "name": "flask-cluster",
            "token": "k8s-aws-v1.aHR0cHM6Ly9zdHMuYW1hem9uYXdzLmNvbS8_QWN0aW9uPUdldENhbGxlcklkZW50aXR5JlZlcnNpb249MjAxMS0wNi0xNSZYLUFtei1BbGdvcml0aG09QVdTNC1ITUFDLVNIQTI1NiZYLUFtei1DcmVkZW50aWFsPUFLSUFRM0VZWDZZNkM2VUIzMkpOJTJGMjAyMzAyMTglMkZ1cy1lYXN0LTElMkZzdHMlMkZhd3M0X3JlcXVlc3QmWC1BbXotRGF0ZT0yMDIzMDIxOFQxNzE3NTZaJlgtQW16LUV4cGlyZXM9MCZYLUFtei1TaWduZWRIZWFkZXJzPWhvc3QlM0J4LWs4cy1hd3MtaWQmWC1BbXotU2lnbmF0dXJlPTEzOTllMjUyNTk2NmM0NjBkYjE3M2ViZjZkZTBjZmM5OWFmODc5NDVlMDAyYzcyZTViMThiZWFlMTg3YzYwYzM"
          },
          "sensitive_attributes": []
        }
      ]
    },
    {
      "mode": "data",
      "type": "aws_iam_policy",
      "name": "admin_access",
      "provider": "provider[\"registry.terraform.io/hashicorp/aws\"]",
      "instances": [
        {
          "schema_version": 0,
          "attributes": {
            "arn": "arn:aws:iam::aws:policy/AdministratorAccess",
            "description": "Provides full access to AWS services and resources.",
            "id": "arn:aws:iam::aws:policy/AdministratorAccess",
            "name": "AdministratorAccess",
            "path": "/",
            "path_prefix": null,
            "policy": "{\n  \"Version\": \"2012-10-17\",\n  \"Statement\": [\n    {\n      \"Effect\": \"Allow\",\n      \"Action\": \"*\",\n      \"Resource\": \"*\"\n    }\n  ]\n}",
            "policy_id": "ANPAIWMBCKSKIEE64ZLYK",
            "tags": {}
          },
          "sensitive_attributes": []
        }
      ]
    },
    {
      "mode": "managed",
      "type": "aws_ecr_repository",
      "name": "ecr",
      "provider": "provider[\"registry.terraform.io/hashicorp/aws\"]",
      "instances": [
        {
          "schema_version": 0,
          "attributes": {
            "arn": "arn:aws:ecr:eu-central-1:058302395964:repository/flask",
            "encryption_configuration": [
              {
                "encryption_type": "AES256",
                "kms_key": ""
              }
            ],
            "force_delete": null,
            "id": "flask",
            "image_scanning_configuration": [
              {
                "scan_on_push": false
              }
            ],
            "image_tag_mutability": "MUTABLE",
            "name": "flask",
            "registry_id": "058302395964",
            "repository_url": "058302395964.dkr.ecr.eu-central-1.amazonaws.com/flask",
            "tags": {},
            "tags_all": {
              "Name": "flask",
              "environment": "dev",
              "purpose": "test jenkins",
              "team": "devops"
            },
            "timeouts": null
          },
          "sensitive_attributes": [],
          "private": "eyJlMmJmYjczMC1lY2FhLTExZTYtOGY4OC0zNDM2M2JjN2M0YzAiOnsiZGVsZXRlIjoxMjAwMDAwMDAwMDAwfX0="
        }
      ]
    },
    {
      "mode": "managed",
      "type": "aws_iam_instance_profile",
      "name": "profile",
      "provider": "provider[\"registry.terraform.io/hashicorp/aws\"]",
      "instances": [
        {
          "schema_version": 0,
          "attributes": {
            "arn": "arn:aws:iam::058302395964:instance-profile/flask-profile",
            "create_date": "2023-02-18T17:00:11Z",
            "id": "flask-profile",
            "name": "flask-profile",
            "name_prefix": null,
            "path": "/",
            "role": "flask-role",
            "tags": {},
            "tags_all": {
              "Name": "flask",
              "environment": "dev",
              "purpose": "test jenkins",
              "team": "devops"
            },
            "unique_id": "AIPAQ3EYX6Y6LBPC4ZTCJ"
          },
          "sensitive_attributes": [],
          "private": "bnVsbA==",
          "dependencies": [
            "aws_iam_role.role"
          ]
        }
      ]
    },
    {
      "mode": "managed",
      "type": "aws_iam_role",
      "name": "role",
      "provider": "provider[\"registry.terraform.io/hashicorp/aws\"]",
      "instances": [
        {
          "schema_version": 0,
          "attributes": {
            "arn": "arn:aws:iam::058302395964:role/flask-role",
            "assume_role_policy": "{\"Statement\":[{\"Action\":\"sts:AssumeRole\",\"Effect\":\"Allow\",\"Principal\":{\"Service\":\"ec2.amazonaws.com\"},\"Sid\":\"\"}],\"Version\":\"2012-10-17\"}",
            "create_date": "2023-02-18T17:00:10Z",
            "description": "",
            "force_detach_policies": false,
            "id": "flask-role",
            "inline_policy": [],
            "managed_policy_arns": [
              "arn:aws:iam::aws:policy/AdministratorAccess"
            ],
            "max_session_duration": 3600,
            "name": "flask-role",
            "name_prefix": "",
            "path": "/",
            "permissions_boundary": null,
            "tags": {},
            "tags_all": {
              "Name": "flask",
              "environment": "dev",
              "purpose": "test jenkins",
              "team": "devops"
            },
            "unique_id": "AROAQ3EYX6Y6EYS2ACFSY"
          },
          "sensitive_attributes": [],
          "private": "bnVsbA=="
        }
      ]
    },
    {
      "mode": "managed",
      "type": "aws_iam_role_policy_attachment",
      "name": "admin-role-policy-attach",
      "provider": "provider[\"registry.terraform.io/hashicorp/aws\"]",
      "instances": [
        {
          "schema_version": 0,
          "attributes": {
            "id": "flask-role-20230218170011767600000006",
            "policy_arn": "arn:aws:iam::aws:policy/AdministratorAccess",
            "role": "flask-role"
          },
          "sensitive_attributes": [],
          "private": "bnVsbA==",
          "dependencies": [
            "aws_iam_role.role",
            "data.aws_iam_policy.admin_access"
          ]
        }
      ]
    },
    {
      "mode": "managed",
      "type": "aws_instance",
      "name": "ec2",
      "provider": "provider[\"registry.terraform.io/hashicorp/aws\"]",
      "instances": [
        {
          "schema_version": 1,
          "attributes": {
            "ami": "ami-01aa7cea8549a00f9",
            "arn": "arn:aws:ec2:eu-central-1:058302395964:instance/i-072284292bdeb2ba7",
            "associate_public_ip_address": true,
            "availability_zone": "eu-central-1a",
            "capacity_reservation_specification": [
              {
                "capacity_reservation_preference": "open",
                "capacity_reservation_target": []
              }
            ],
            "cpu_core_count": 2,
            "cpu_threads_per_core": 1,
            "credit_specification": [
              {
                "cpu_credits": "standard"
              }
            ],
            "disable_api_stop": false,
            "disable_api_termination": false,
            "ebs_block_device": [],
            "ebs_optimized": false,
            "enclave_options": [
              {
                "enabled": false
              }
            ],
            "ephemeral_block_device": [],
            "get_password_data": false,
            "hibernation": false,
            "host_id": null,
            "host_resource_group_arn": null,
            "iam_instance_profile": "flask-profile",
            "id": "i-072284292bdeb2ba7",
            "instance_initiated_shutdown_behavior": "stop",
            "instance_state": "running",
            "instance_type": "t2.large",
            "ipv6_address_count": 0,
            "ipv6_addresses": [],
            "key_name": "flask-key",
            "launch_template": [],
            "maintenance_options": [
              {
                "auto_recovery": "default"
              }
            ],
            "metadata_options": [
              {
                "http_endpoint": "enabled",
                "http_put_response_hop_limit": 1,
                "http_tokens": "optional",
                "instance_metadata_tags": "disabled"
              }
            ],
            "monitoring": false,
            "network_interface": [
              {
                "delete_on_termination": false,
                "device_index": 0,
                "network_card_index": 0,
                "network_interface_id": "eni-0fbf7e02754e8c5e6"
              }
            ],
            "outpost_arn": "",
            "password_data": "",
            "placement_group": "",
            "placement_partition_number": null,
            "primary_network_interface_id": "eni-0fbf7e02754e8c5e6",
            "private_dns": "ip-10-0-101-5.eu-central-1.compute.internal",
            "private_dns_name_options": [
              {
                "enable_resource_name_dns_a_record": false,
                "enable_resource_name_dns_aaaa_record": false,
                "hostname_type": "ip-name"
              }
            ],
            "private_ip": "10.0.101.5",
            "public_dns": "ec2-3-75-214-86.eu-central-1.compute.amazonaws.com",
            "public_ip": "3.75.214.86",
            "root_block_device": [
              {
                "delete_on_termination": true,
                "device_name": "/dev/xvda",
                "encrypted": false,
                "iops": 100,
                "kms_key_id": "",
                "tags": {},
                "throughput": 0,
                "volume_id": "vol-0bfa4187f8875c089",
                "volume_size": 8,
                "volume_type": "gp2"
              }
            ],
            "secondary_private_ips": [],
            "security_groups": [],
            "source_dest_check": true,
            "subnet_id": "subnet-0d34b16781126fe79",
            "tags": null,
            "tags_all": {
              "Name": "flask",
              "environment": "dev",
              "purpose": "test jenkins",
              "team": "devops"
            },
            "tenancy": "default",
            "timeouts": null,
            "user_data": "37b6e4fa1a6671e5b9fba18ed36272b82796d762",
            "user_data_base64": null,
            "user_data_replace_on_change": false,
            "volume_tags": null,
            "vpc_security_group_ids": [
              "sg-0ec7c304f069f3de2"
            ]
          },
          "sensitive_attributes": [],
          "private": "eyJlMmJmYjczMC1lY2FhLTExZTYtOGY4OC0zNDM2M2JjN2M0YzAiOnsiY3JlYXRlIjo2MDAwMDAwMDAwMDAsImRlbGV0ZSI6MTIwMDAwMDAwMDAwMCwidXBkYXRlIjo2MDAwMDAwMDAwMDB9LCJzY2hlbWFfdmVyc2lvbiI6IjEifQ==",
          "dependencies": [
            "aws_iam_instance_profile.profile",
            "aws_iam_role.role",
            "aws_key_pair.deployer",
            "aws_network_interface.interface",
            "data.aws_ami.amazon-linux-2",
            "data.aws_caller_identity.current",
            "data.aws_eks_cluster_auth.default",
            "module.eks.aws_cloudwatch_log_group.this",
            "module.eks.aws_ec2_tag.cluster_primary_security_group",
            "module.eks.aws_eks_addon.before_compute",
            "module.eks.aws_eks_addon.this",
            "module.eks.aws_eks_cluster.this",
            "module.eks.aws_eks_identity_provider_config.this",
            "module.eks.aws_iam_openid_connect_provider.oidc_provider",
            "module.eks.aws_iam_policy.cluster_encryption",
            "module.eks.aws_iam_policy.cni_ipv6_policy",
            "module.eks.aws_iam_role.this",
            "module.eks.aws_iam_role_policy_attachment.additional",
            "module.eks.aws_iam_role_policy_attachment.cluster_encryption",
            "module.eks.aws_iam_role_policy_attachment.this",
            "module.eks.aws_security_group.cluster",
            "module.eks.aws_security_group.node",
            "module.eks.aws_security_group_rule.cluster",
            "module.eks.aws_security_group_rule.node",
            "module.eks.data.aws_caller_identity.current",
            "module.eks.data.aws_eks_addon_version.this",
            "module.eks.data.aws_iam_policy_document.assume_role_policy",
            "module.eks.data.aws_iam_policy_document.cni_ipv6_policy",
            "module.eks.data.aws_iam_session_context.current",
            "module.eks.data.aws_partition.current",
            "module.eks.data.tls_certificate.this",
            "module.eks.kubernetes_config_map.aws_auth",
            "module.eks.kubernetes_config_map_v1_data.aws_auth",
            "module.eks.module.eks_managed_node_group.aws_eks_node_group.this",
            "module.eks.module.eks_managed_node_group.aws_iam_role.this",
            "module.eks.module.eks_managed_node_group.aws_iam_role_policy_attachment.additional",
            "module.eks.module.eks_managed_node_group.aws_iam_role_policy_attachment.this",
            "module.eks.module.eks_managed_node_group.aws_launch_template.this",
            "module.eks.module.eks_managed_node_group.data.aws_caller_identity.current",
            "module.eks.module.eks_managed_node_group.data.aws_iam_policy_document.assume_role_policy",
            "module.eks.module.eks_managed_node_group.data.aws_partition.current",
            "module.eks.module.eks_managed_node_group.module.user_data.data.cloudinit_config.linux_eks_managed_node_group",
            "module.eks.module.fargate_profile.aws_eks_fargate_profile.this",
            "module.eks.module.fargate_profile.aws_iam_role.this",
            "module.eks.module.fargate_profile.aws_iam_role_policy_attachment.additional",
            "module.eks.module.fargate_profile.aws_iam_role_policy_attachment.this",
            "module.eks.module.fargate_profile.data.aws_caller_identity.current",
            "module.eks.module.fargate_profile.data.aws_iam_policy_document.assume_role_policy",
            "module.eks.module.fargate_profile.data.aws_partition.current",
            "module.eks.module.kms.aws_kms_alias.this",
            "module.eks.module.kms.aws_kms_external_key.this",
            "module.eks.module.kms.aws_kms_grant.this",
            "module.eks.module.kms.aws_kms_key.this",
            "module.eks.module.kms.data.aws_caller_identity.current",
            "module.eks.module.kms.data.aws_iam_policy_document.this",
            "module.eks.module.kms.data.aws_partition.current",
            "module.eks.module.self_managed_node_group.aws_autoscaling_group.this",
            "module.eks.module.self_managed_node_group.aws_autoscaling_schedule.this",
            "module.eks.module.self_managed_node_group.aws_iam_instance_profile.this",
            "module.eks.module.self_managed_node_group.aws_iam_role.this",
            "module.eks.module.self_managed_node_group.aws_iam_role_policy_attachment.additional",
            "module.eks.module.self_managed_node_group.aws_iam_role_policy_attachment.this",
            "module.eks.module.self_managed_node_group.aws_launch_template.this",
            "module.eks.module.self_managed_node_group.data.aws_ami.eks_default",
            "module.eks.module.self_managed_node_group.data.aws_caller_identity.current",
            "module.eks.module.self_managed_node_group.data.aws_iam_policy_document.assume_role_policy",
            "module.eks.module.self_managed_node_group.data.aws_partition.current",
            "module.eks.module.self_managed_node_group.module.user_data.data.cloudinit_config.linux_eks_managed_node_group",
            "module.eks.time_sleep.this",
            "module.vpc.aws_subnet.public",
            "module.vpc.aws_vpc.this"
          ]
        }
      ]
    },
    {
      "mode": "managed",
      "type": "aws_key_pair",
      "name": "deployer",
      "provider": "provider[\"registry.terraform.io/hashicorp/aws\"]",
      "instances": [
        {
          "schema_version": 1,
          "attributes": {
            "arn": "arn:aws:ec2:eu-central-1:058302395964:key-pair/flask-key",
            "fingerprint": "06:29:92:04:8d:67:f9:6f:bc:6a:d9:68:aa:2a:fd:2f",
            "id": "flask-key",
            "key_name": "flask-key",
            "key_name_prefix": "",
            "key_pair_id": "key-0c4defc6c35ec05bf",
            "key_type": "rsa",
            "public_key": "ssh-rsa AAAAB3NzaC1yc2EAAAADAQABAAACAQDX93Q6EBXuOCkubSMy7XV3CllKCAbGVKhHJ6BEUR1FP/+4tV71M30CCrCQR7IZ9/dqFtLlgOM77dx2+Jvtfpe4zufXFW8rZ9QX2LXi1HkXhNmRgRuGaHifDQyrljUum+6F+CZDrRLU9VVJ5QESEBcaAIGRCIHLkY5Hh4H6dC5OGBUyGaatiYAjcs+HUtVdpG84tS80K4zMP0f0SU8K1d1GOwmtgNxe7iKtFj8ie/KEei0R86yyauz2imX9EwgWgxJJyUYDwsYAu1ZfLD/1mH215XNeA53//ebG7PbkXm5oOAI0bGJa7Ow+dpTREVeE6hjxpjTm3FPlDTmRZ0m9JPKBrpXq8xTUkhJjlOOvt15Z4Z1e/sh5/tWR3am9UVnpo1l3jiQUjmSeWm5B0vD/Bwh4BoQJaxDLMyitBReICMOYk/x6u6ug8BeFpNEBT3LvjnZYfS9ZwmfdSO+FxrlorfkusM6/gfNk5QZfzTHEAY0qMEnZ0YJr2nUNnOSX5t3UicITpUps9QAmAKLpZhbsABYPn52npDKOPeSui62ay6+bmrHV+FKN9tINt7ruFk5VgYWXgA5n5e0G/VwkKkpuX8YNvI/k+oYWZ2IZYikOUsJcuOxqLvtec5caFS0xCLnhlGTJi4TxQIbCIZHrjn71vq1whGw/QcXot4pSSj9QJJ7PYQ==",
            "tags": {},
            "tags_all": {
              "Name": "flask",
              "environment": "dev",
              "purpose": "test jenkins",
              "team": "devops"
            }
          },
          "sensitive_attributes": [],
          "private": "eyJzY2hlbWFfdmVyc2lvbiI6IjEifQ==",
          "dependencies": [
            "tls_private_key.key"
          ]
        }
      ]
    },
    {
      "mode": "managed",
      "type": "aws_network_interface",
      "name": "interface",
      "provider": "provider[\"registry.terraform.io/hashicorp/aws\"]",
      "instances": [
        {
          "schema_version": 0,
          "attributes": {
            "arn": "arn:aws:ec2:eu-central-1:058302395964:network-interface/eni-0fbf7e02754e8c5e6",
            "attachment": [],
            "description": "",
            "id": "eni-0fbf7e02754e8c5e6",
            "interface_type": "interface",
            "ipv4_prefix_count": 0,
            "ipv4_prefixes": [],
            "ipv6_address_count": 0,
            "ipv6_address_list": [],
            "ipv6_address_list_enabled": false,
            "ipv6_addresses": [],
            "ipv6_prefix_count": 0,
            "ipv6_prefixes": [],
            "mac_address": "02:53:dd:30:75:62",
            "outpost_arn": "",
            "owner_id": "058302395964",
            "private_dns_name": "ip-10-0-101-5.eu-central-1.compute.internal",
            "private_ip": "10.0.101.5",
            "private_ip_list": [
              "10.0.101.5"
            ],
            "private_ip_list_enabled": false,
            "private_ips": [
              "10.0.101.5"
            ],
            "private_ips_count": 0,
            "security_groups": [
              "sg-0ec7c304f069f3de2"
            ],
            "source_dest_check": true,
            "subnet_id": "subnet-0d34b16781126fe79",
            "tags": {},
            "tags_all": {
              "Name": "flask",
              "environment": "dev",
              "purpose": "test jenkins",
              "team": "devops"
            }
          },
          "sensitive_attributes": [],
          "private": "bnVsbA==",
          "dependencies": [
            "aws_security_group.allow_tls",
            "module.vpc.aws_cloudwatch_log_group.flow_log",
            "module.vpc.aws_customer_gateway.this",
            "module.vpc.aws_db_subnet_group.database",
            "module.vpc.aws_default_network_acl.this",
            "module.vpc.aws_default_route_table.default",
            "module.vpc.aws_default_security_group.this",
            "module.vpc.aws_default_vpc.this",
            "module.vpc.aws_egress_only_internet_gateway.this",
            "module.vpc.aws_eip.nat",
            "module.vpc.aws_elasticache_subnet_group.elasticache",
            "module.vpc.aws_flow_log.this",
            "module.vpc.aws_iam_policy.vpc_flow_log_cloudwatch",
            "module.vpc.aws_iam_role.vpc_flow_log_cloudwatch",
            "module.vpc.aws_iam_role_policy_attachment.vpc_flow_log_cloudwatch",
            "module.vpc.aws_internet_gateway.this",
            "module.vpc.aws_nat_gateway.this",
            "module.vpc.aws_network_acl.database",
            "module.vpc.aws_network_acl.elasticache",
            "module.vpc.aws_network_acl.intra",
            "module.vpc.aws_network_acl.outpost",
            "module.vpc.aws_network_acl.private",
            "module.vpc.aws_network_acl.public",
            "module.vpc.aws_network_acl.redshift",
            "module.vpc.aws_network_acl_rule.database_inbound",
            "module.vpc.aws_network_acl_rule.database_outbound",
            "module.vpc.aws_network_acl_rule.elasticache_inbound",
            "module.vpc.aws_network_acl_rule.elasticache_outbound",
            "module.vpc.aws_network_acl_rule.intra_inbound",
            "module.vpc.aws_network_acl_rule.intra_outbound",
            "module.vpc.aws_network_acl_rule.outpost_inbound",
            "module.vpc.aws_network_acl_rule.outpost_outbound",
            "module.vpc.aws_network_acl_rule.private_inbound",
            "module.vpc.aws_network_acl_rule.private_outbound",
            "module.vpc.aws_network_acl_rule.public_inbound",
            "module.vpc.aws_network_acl_rule.public_outbound",
            "module.vpc.aws_network_acl_rule.redshift_inbound",
            "module.vpc.aws_network_acl_rule.redshift_outbound",
            "module.vpc.aws_redshift_subnet_group.redshift",
            "module.vpc.aws_route.database_internet_gateway",
            "module.vpc.aws_route.database_ipv6_egress",
            "module.vpc.aws_route.database_nat_gateway",
            "module.vpc.aws_route.private_ipv6_egress",
            "module.vpc.aws_route.private_nat_gateway",
            "module.vpc.aws_route.public_internet_gateway",
            "module.vpc.aws_route.public_internet_gateway_ipv6",
            "module.vpc.aws_route_table.database",
            "module.vpc.aws_route_table.elasticache",
            "module.vpc.aws_route_table.intra",
            "module.vpc.aws_route_table.private",
            "module.vpc.aws_route_table.public",
            "module.vpc.aws_route_table.redshift",
            "module.vpc.aws_route_table_association.database",
            "module.vpc.aws_route_table_association.elasticache",
            "module.vpc.aws_route_table_association.intra",
            "module.vpc.aws_route_table_association.outpost",
            "module.vpc.aws_route_table_association.private",
            "module.vpc.aws_route_table_association.public",
            "module.vpc.aws_route_table_association.redshift",
            "module.vpc.aws_route_table_association.redshift_public",
            "module.vpc.aws_subnet.database",
            "module.vpc.aws_subnet.elasticache",
            "module.vpc.aws_subnet.intra",
            "module.vpc.aws_subnet.outpost",
            "module.vpc.aws_subnet.private",
            "module.vpc.aws_subnet.public",
            "module.vpc.aws_subnet.redshift",
            "module.vpc.aws_vpc.this",
            "module.vpc.aws_vpc_dhcp_options.this",
            "module.vpc.aws_vpc_dhcp_options_association.this",
            "module.vpc.aws_vpc_ipv4_cidr_block_association.this",
            "module.vpc.aws_vpn_gateway.this",
            "module.vpc.aws_vpn_gateway_attachment.this",
            "module.vpc.aws_vpn_gateway_route_propagation.intra",
            "module.vpc.aws_vpn_gateway_route_propagation.private",
            "module.vpc.aws_vpn_gateway_route_propagation.public",
            "module.vpc.data.aws_iam_policy_document.flow_log_cloudwatch_assume_role",
            "module.vpc.data.aws_iam_policy_document.vpc_flow_log_cloudwatch"
          ]
        }
      ]
    },
    {
      "mode": "managed",
      "type": "aws_secretsmanager_secret",
      "name": "secret",
      "provider": "provider[\"registry.terraform.io/hashicorp/aws\"]",
      "instances": [
        {
          "index_key": 0,
          "schema_version": 0,
          "attributes": {
            "arn": "arn:aws:secretsmanager:eu-central-1:058302395964:secret:Ulas2-flask_public_key-4EmAJ2",
            "description": "",
            "force_overwrite_replica_secret": false,
            "id": "arn:aws:secretsmanager:eu-central-1:058302395964:secret:Ulas2-flask_public_key-4EmAJ2",
            "kms_key_id": "",
            "name": "Ulas2-flask_public_key",
            "name_prefix": "",
            "policy": "",
            "recovery_window_in_days": 30,
            "replica": [],
            "rotation_enabled": false,
            "rotation_lambda_arn": "",
            "rotation_rules": [],
            "tags": {},
            "tags_all": {
              "Name": "flask",
              "environment": "dev",
              "purpose": "test jenkins",
              "team": "devops"
            }
          },
          "sensitive_attributes": [],
          "private": "bnVsbA==",
          "dependencies": [
            "aws_key_pair.deployer",
            "random_string.random",
            "tls_private_key.key"
          ]
        },
        {
          "index_key": 1,
          "schema_version": 0,
          "attributes": {
            "arn": "arn:aws:secretsmanager:eu-central-1:058302395964:secret:Ulas2-flask_private_key-8IEr02",
            "description": "",
            "force_overwrite_replica_secret": false,
            "id": "arn:aws:secretsmanager:eu-central-1:058302395964:secret:Ulas2-flask_private_key-8IEr02",
            "kms_key_id": "",
            "name": "Ulas2-flask_private_key",
            "name_prefix": "",
            "policy": "",
            "recovery_window_in_days": 30,
            "replica": [],
            "rotation_enabled": false,
            "rotation_lambda_arn": "",
            "rotation_rules": [],
            "tags": {},
            "tags_all": {
              "Name": "flask",
              "environment": "dev",
              "purpose": "test jenkins",
              "team": "devops"
            }
          },
          "sensitive_attributes": [],
          "private": "bnVsbA==",
          "dependencies": [
            "aws_key_pair.deployer",
            "random_string.random",
            "tls_private_key.key"
          ]
        }
      ]
    },
    {
      "mode": "managed",
      "type": "aws_secretsmanager_secret_version",
      "name": "secret",
      "provider": "provider[\"registry.terraform.io/hashicorp/aws\"]",
      "instances": [
        {
          "index_key": 0,
          "schema_version": 0,
          "attributes": {
            "arn": "arn:aws:secretsmanager:eu-central-1:058302395964:secret:Ulas2-flask_public_key-4EmAJ2",
            "id": "arn:aws:secretsmanager:eu-central-1:058302395964:secret:Ulas2-flask_public_key-4EmAJ2|EF0FFB04-E1B2-423E-AC4F-944079714D51",
            "secret_binary": "",
            "secret_id": "arn:aws:secretsmanager:eu-central-1:058302395964:secret:Ulas2-flask_public_key-4EmAJ2",
            "secret_string": "ssh-rsa AAAAB3NzaC1yc2EAAAADAQABAAACAQDX93Q6EBXuOCkubSMy7XV3CllKCAbGVKhHJ6BEUR1FP/+4tV71M30CCrCQR7IZ9/dqFtLlgOM77dx2+Jvtfpe4zufXFW8rZ9QX2LXi1HkXhNmRgRuGaHifDQyrljUum+6F+CZDrRLU9VVJ5QESEBcaAIGRCIHLkY5Hh4H6dC5OGBUyGaatiYAjcs+HUtVdpG84tS80K4zMP0f0SU8K1d1GOwmtgNxe7iKtFj8ie/KEei0R86yyauz2imX9EwgWgxJJyUYDwsYAu1ZfLD/1mH215XNeA53//ebG7PbkXm5oOAI0bGJa7Ow+dpTREVeE6hjxpjTm3FPlDTmRZ0m9JPKBrpXq8xTUkhJjlOOvt15Z4Z1e/sh5/tWR3am9UVnpo1l3jiQUjmSeWm5B0vD/Bwh4BoQJaxDLMyitBReICMOYk/x6u6ug8BeFpNEBT3LvjnZYfS9ZwmfdSO+FxrlorfkusM6/gfNk5QZfzTHEAY0qMEnZ0YJr2nUNnOSX5t3UicITpUps9QAmAKLpZhbsABYPn52npDKOPeSui62ay6+bmrHV+FKN9tINt7ruFk5VgYWXgA5n5e0G/VwkKkpuX8YNvI/k+oYWZ2IZYikOUsJcuOxqLvtec5caFS0xCLnhlGTJi4TxQIbCIZHrjn71vq1whGw/QcXot4pSSj9QJJ7PYQ==\n",
            "version_id": "EF0FFB04-E1B2-423E-AC4F-944079714D51",
            "version_stages": [
              "AWSCURRENT"
            ]
          },
          "sensitive_attributes": [],
          "private": "bnVsbA==",
          "dependencies": [
            "aws_key_pair.deployer",
            "aws_secretsmanager_secret.secret",
            "random_string.random",
            "tls_private_key.key"
          ]
        },
        {
          "index_key": 1,
          "schema_version": 0,
          "attributes": {
            "arn": "arn:aws:secretsmanager:eu-central-1:058302395964:secret:Ulas2-flask_private_key-8IEr02",
            "id": "arn:aws:secretsmanager:eu-central-1:058302395964:secret:Ulas2-flask_private_key-8IEr02|C83D9301-E505-4BB8-815C-226002568574",
            "secret_binary": "",
            "secret_id": "arn:aws:secretsmanager:eu-central-1:058302395964:secret:Ulas2-flask_private_key-8IEr02",
            "secret_string": "-----BEGIN RSA PRIVATE KEY-----\nMIIJKQIBAAKCAgEA1/d0OhAV7jgpLm0jMu11dwpZSggGxlSoRyegRFEdRT//uLVe\n9TN9AgqwkEeyGff3ahbS5YDjO+3cdvib7X6XuM7n1xVvK2fUF9i14tR5F4TZkYEb\nhmh4nw0Mq5Y1LpvuhfgmQ60S1PVVSeUBEhAXGgCBkQiBy5GOR4eB+nQuThgVMhmm\nrYmAI3LPh1LVXaRvOLUvNCuMzD9H9ElPCtXdRjsJrYDcXu4irRY/InvyhHotEfOs\nsmrs9opl/RMIFoMSSclGA8LGALtWXyw/9Zh9teVzXgOd//3mxuz25F5uaDgCNGxi\nWuzsPnaU0RFXhOoY8aY05txT5Q05kWdJvSTyga6V6vMU1JISY5Tjr7deWeGdXv7I\nef7Vkd2pvVFZ6aNZd44kFI5knlpuQdLw/wcIeAaECWsQyzMorQUXiAjDmJP8erur\noPAXhaTRAU9y7452WH0vWcJn3Ujvhca5aK35LrDOv4HzZOUGX80xxAGNKjBJ2dGC\na9p1DZzkl+bd1InCE6VKbPUAJgCi6WYW7AAWD5+dp6Qyjj3kroutmsuvm5qx1fhS\njfbSDbe67hZOVYGFl4AOZ+XtBv1cJCpKbl/GDbyP5PqGFmdiGWIpDlLCXLjsai77\nXnOXGhUtMQi54ZRkyYuE8UCGwiGR645+9b6tcIRsP0HF6LeKUko/UCSez2ECAwEA\nAQKCAgEAzEgGSZHDnMTEt2SGgfq5PLOuR+eVuO6FCmFCKLztSf7Cfc4Zlyhv24mO\n/7rBjezOvCwAqxQiXSKegm6g16ICE86q3/knYdBhf3j+eyPtssB4KDkOdzHEvvXS\nAVAg2AipM1HJqARDJus1FKOoQpSztWW7KRv54ju5cJGN8gEJd9cx3WUEE2xXp7BG\n+0LwDhanGeXQU7HKCbzl6/2X5bDsEC1x9wtH6AerBzxe1diWSpdioHN07INVx9Kb\nrCnfYaPznZXkQ1RuhGyvw3CQw1fNuUvjt48GWgmpzIqC8vsbxjsMYtgOpOEsid0S\n4TtdJJ1moNVNfv3z4VqEFLS1vFMBisohVfKcnhzrBI5iJturxL5S3ktBWfmdtCkL\njM1y+mBEwt+fX/kT0dX5MMtQY5rpv8+962Kl8qOZolu3V9Rb751A7DtSogABy7tE\nfEKhZxBIoioF3VbWPSDmdwarVIrXhB74fVAsXfTeMk6Bel5J7VT2Pprr1t6Ym6B8\nkxAYl6FxuGPFho7cFdDuX5CYyvIXKj3CCpAxSoAM5OPucg4DVbdgcm8jpL4pGLic\ndZOwvzL4f4g/MooWC2UOM+UOpVxgsN6vqFdFygv7JMzdz9ieuLG/81GAH5h94Spc\nfscISZIRexK9oYD5RBPXUyno7Gi++0Ig8ZSflSN7aROzqhLA0AECggEBAPPWerX+\nEsZu9yxR5oSD9tYq48gkiEGczTBkJXKAZEdAAEd+4/b8rySD1ftzha2HoeBSbATf\n6UhXpI5EBQwmoM0EyYW87IYcBpf1/mh8bkJr4l6xHkjU1Lfph0C3F3h8n7HFXe8z\nHL3EDB1m5ZHkc0bPB2UWC6W9F6dVVSI4i+bs45PqpHIe1PHwaSdZ4kv57cLfaDP8\nBv5EoRHKQaraARO+/qrpWX/BEup1+3K6NMuNGuJK34wGlNw2WHbxPGXupBhtZy46\nqYT7NSZ4+DiUQwi5GBN/bONgVqQWEdfmWG659z6BoRLho9GV6OJO+SQM4NfG5LDP\nM5qGyIx4j5zTGOECggEBAOK9F6y9Sihm2RtjSyWA5nL/0tspioLI32izVKCyDPal\ncG+KPMSRiWQp0PII3r01J2XNux0ZZnSc6tMIq4/HFgrhmc+olh3KorSHsZ9Poc17\nNfzDG+SIlvr7sfruCjQNp0F89+bIPCfi23uLlTK3gzWhxkHHZ/jTF28B0qIsQwpO\nuCl3foXu9DozwJOb8Nf5rFqa2wRhcueRQ8G4vRnCO44YqCbm3bGv5priCLpOiSJE\ncfVv3w028mZJn+WBM4yarmf+I10O7uPokBiTPwVgdK27f8qnLjI4tsu7pmFbg4Vn\ngPeBidvGp6neShoUqe0PsImdCKT4mY5YXM1c2C7qBoECggEAUAqiw2UAssSwPIsx\n+WP8PfdcSFG9rJQVQwJMzJZa1Iysystbd7MgpwLj1iPoyLrSJ3nG3Z7GzCmA6fZo\nFcIEXOhqYo1OswM2IuHsPk5CP2l8qIrJnyzGGwz8igDQIov+O/PGzwNfNufI9knV\nqBtuv9qr2cHv1tsIjbRUOuSHACnY1rBahN+cFUNOsU0vHLORGbwOT6o2fXb3zIgx\nIC1p1xqGLIJnD6nIVNCf1txLAlpybcAYO7XZXaQ1S+4KXoeEtEQNb75v8SgpHVTu\nXlxE2PMxdQ0KKGVya3CXMOD7PHWtNIaG4lTRWrYz+T3lSLE1iX9PiL6reNkvsfTN\nZ7Rf4QKCAQEAtFq5FDxVWqHEnFZ1FdXceSko7g+zD6j8nGnZLSGz0hVyxCZvg+RI\nJxZkD8IietpnBkGJTvI/Xw7acxb4cJtp2ynskROGpRfkKDmvfgt3pt0U6oPAEh7c\nCbRftDvYfeNGYX8oKbiosQlwkGtNOFRk2Cpgaz5UY8Z1Y2VNyJXwlahcMQ/N4nda\naVl1G3T1NLZy9HctM+TX437XKKbsNCsd+D+AscD+IzLJ+fVF//wsdMeA5jwgboCA\nfACgYYxOFs+LX0j1lDYmq773r7SgcoRxCyiT0/z7cBNQw+n1xIdorJrSKQ4vPFRe\nVW5t/yTkrZ7HTA9PKvpcGrAK0YfCpj6dAQKCAQAHC2P5lrh+ojgEas9B+uVnLZyx\naHS43Zn0/lfG/q7mrXAwJR0N5jrhVM5X4UQve1p8AHC2WHr8xaPdy+2ngYsn5ojp\nmlxZz0fUlHwgNJzc4w7MUzuMzu9bhKQygaC8xbfxc3dGi21vWfbTsjQh8uz3wZyk\nMz3gTBTc7P0XxmROJJvnlxwawb7Em03w0DDc6uw4zFUNga1zSiUnyW5He3VCyoAJ\nCLye7KYfDAoGh45sIlpPcpiseJS/9eOUK9Ld7qwYfpaD2+SjiHN6U4LTc4POkYyB\nXlhwgUhSNQIzIMw0db8gJK7zEmhpHMiYhjit3NnUjgZL1lfMkgMIxdzJUvyQ\n-----END RSA PRIVATE KEY-----\n",
            "version_id": "C83D9301-E505-4BB8-815C-226002568574",
            "version_stages": [
              "AWSCURRENT"
            ]
          },
          "sensitive_attributes": [
            [
              {
                "type": "get_attr",
                "value": "secret_string"
              }
            ]
          ],
          "private": "bnVsbA==",
          "dependencies": [
            "aws_key_pair.deployer",
            "aws_secretsmanager_secret.secret",
            "random_string.random",
            "tls_private_key.key"
          ]
        }
      ]
    },
    {
      "mode": "managed",
      "type": "aws_security_group",
      "name": "allow_tls",
      "provider": "provider[\"registry.terraform.io/hashicorp/aws\"]",
      "instances": [
        {
          "schema_version": 1,
          "attributes": {
            "arn": "arn:aws:ec2:eu-central-1:058302395964:security-group/sg-0ec7c304f069f3de2",
            "description": "Allow Jenkins inbound traffic",
            "egress": [
              {
                "cidr_blocks": [
                  "0.0.0.0/0"
                ],
                "description": "",
                "from_port": 0,
                "ipv6_cidr_blocks": [
                  "::/0"
                ],
                "prefix_list_ids": [],
                "protocol": "-1",
                "security_groups": [],
                "self": false,
                "to_port": 0
              }
            ],
            "id": "sg-0ec7c304f069f3de2",
            "ingress": [
              {
                "cidr_blocks": [
                  "0.0.0.0/0"
                ],
                "description": "TLS from VPC",
                "from_port": 22,
                "ipv6_cidr_blocks": [],
                "prefix_list_ids": [],
                "protocol": "tcp",
                "security_groups": [],
                "self": false,
                "to_port": 22
              },
              {
                "cidr_blocks": [
                  "0.0.0.0/0"
                ],
                "description": "TLS from VPC",
                "from_port": 5000,
                "ipv6_cidr_blocks": [],
                "prefix_list_ids": [],
                "protocol": "tcp",
                "security_groups": [],
                "self": false,
                "to_port": 5000
              },
              {
                "cidr_blocks": [
                  "0.0.0.0/0"
                ],
                "description": "TLS from VPC",
                "from_port": 8080,
                "ipv6_cidr_blocks": [],
                "prefix_list_ids": [],
                "protocol": "tcp",
                "security_groups": [],
                "self": false,
                "to_port": 8080
              }
            ],
            "name": "flask-allow-jenkins",
            "name_prefix": "",
            "owner_id": "058302395964",
            "revoke_rules_on_delete": false,
            "tags": {},
            "tags_all": {
              "Name": "flask",
              "environment": "dev",
              "purpose": "test jenkins",
              "team": "devops"
            },
            "timeouts": null,
            "vpc_id": "vpc-04622a39bfb009bc8"
          },
          "sensitive_attributes": [],
          "private": "eyJlMmJmYjczMC1lY2FhLTExZTYtOGY4OC0zNDM2M2JjN2M0YzAiOnsiY3JlYXRlIjo2MDAwMDAwMDAwMDAsImRlbGV0ZSI6OTAwMDAwMDAwMDAwfSwic2NoZW1hX3ZlcnNpb24iOiIxIn0=",
          "dependencies": [
            "module.vpc.aws_vpc.this"
          ]
        }
      ]
    },
    {
      "mode": "managed",
      "type": "aws_security_group_rule",
      "name": "allow_jenkins",
      "provider": "provider[\"registry.terraform.io/hashicorp/aws\"]",
      "instances": [
        {
          "schema_version": 2,
          "attributes": {
            "cidr_blocks": null,
            "description": "",
            "from_port": 0,
            "id": "sgrule-1077031083",
            "ipv6_cidr_blocks": null,
            "prefix_list_ids": null,
            "protocol": "tcp",
            "security_group_id": "sg-03d0b45725f3c7491",
            "security_group_rule_id": "sgr-02c803d3412d23e4b",
            "self": false,
            "source_security_group_id": "sg-0ec7c304f069f3de2",
            "timeouts": null,
            "to_port": 65535,
            "type": "ingress"
          },
          "sensitive_attributes": [],
          "private": "eyJlMmJmYjczMC1lY2FhLTExZTYtOGY4OC0zNDM2M2JjN2M0YzAiOnsiY3JlYXRlIjozMDAwMDAwMDAwMDB9LCJzY2hlbWFfdmVyc2lvbiI6IjIifQ==",
          "dependencies": [
            "aws_security_group.allow_tls",
            "module.eks.aws_cloudwatch_log_group.this",
            "module.eks.aws_eks_cluster.this",
            "module.eks.aws_iam_policy.cni_ipv6_policy",
            "module.eks.aws_iam_role.this",
            "module.eks.aws_iam_role_policy_attachment.this",
            "module.eks.aws_security_group.cluster",
            "module.eks.aws_security_group.node",
            "module.eks.aws_security_group_rule.cluster",
            "module.eks.aws_security_group_rule.node",
            "module.eks.data.aws_caller_identity.current",
            "module.eks.data.aws_iam_policy_document.assume_role_policy",
            "module.eks.data.aws_iam_policy_document.cni_ipv6_policy",
            "module.eks.data.aws_iam_session_context.current",
            "module.eks.data.aws_partition.current",
            "module.eks.module.kms.aws_kms_external_key.this",
            "module.eks.module.kms.aws_kms_key.this",
            "module.eks.module.kms.data.aws_caller_identity.current",
            "module.eks.module.kms.data.aws_iam_policy_document.this",
            "module.eks.module.kms.data.aws_partition.current",
            "module.vpc.aws_cloudwatch_log_group.flow_log",
            "module.vpc.aws_customer_gateway.this",
            "module.vpc.aws_db_subnet_group.database",
            "module.vpc.aws_default_network_acl.this",
            "module.vpc.aws_default_route_table.default",
            "module.vpc.aws_default_security_group.this",
            "module.vpc.aws_default_vpc.this",
            "module.vpc.aws_egress_only_internet_gateway.this",
            "module.vpc.aws_eip.nat",
            "module.vpc.aws_elasticache_subnet_group.elasticache",
            "module.vpc.aws_flow_log.this",
            "module.vpc.aws_iam_policy.vpc_flow_log_cloudwatch",
            "module.vpc.aws_iam_role.vpc_flow_log_cloudwatch",
            "module.vpc.aws_iam_role_policy_attachment.vpc_flow_log_cloudwatch",
            "module.vpc.aws_internet_gateway.this",
            "module.vpc.aws_nat_gateway.this",
            "module.vpc.aws_network_acl.database",
            "module.vpc.aws_network_acl.elasticache",
            "module.vpc.aws_network_acl.intra",
            "module.vpc.aws_network_acl.outpost",
            "module.vpc.aws_network_acl.private",
            "module.vpc.aws_network_acl.public",
            "module.vpc.aws_network_acl.redshift",
            "module.vpc.aws_network_acl_rule.database_inbound",
            "module.vpc.aws_network_acl_rule.database_outbound",
            "module.vpc.aws_network_acl_rule.elasticache_inbound",
            "module.vpc.aws_network_acl_rule.elasticache_outbound",
            "module.vpc.aws_network_acl_rule.intra_inbound",
            "module.vpc.aws_network_acl_rule.intra_outbound",
            "module.vpc.aws_network_acl_rule.outpost_inbound",
            "module.vpc.aws_network_acl_rule.outpost_outbound",
            "module.vpc.aws_network_acl_rule.private_inbound",
            "module.vpc.aws_network_acl_rule.private_outbound",
            "module.vpc.aws_network_acl_rule.public_inbound",
            "module.vpc.aws_network_acl_rule.public_outbound",
            "module.vpc.aws_network_acl_rule.redshift_inbound",
            "module.vpc.aws_network_acl_rule.redshift_outbound",
            "module.vpc.aws_redshift_subnet_group.redshift",
            "module.vpc.aws_route.database_internet_gateway",
            "module.vpc.aws_route.database_ipv6_egress",
            "module.vpc.aws_route.database_nat_gateway",
            "module.vpc.aws_route.private_ipv6_egress",
            "module.vpc.aws_route.private_nat_gateway",
            "module.vpc.aws_route.public_internet_gateway",
            "module.vpc.aws_route.public_internet_gateway_ipv6",
            "module.vpc.aws_route_table.database",
            "module.vpc.aws_route_table.elasticache",
            "module.vpc.aws_route_table.intra",
            "module.vpc.aws_route_table.private",
            "module.vpc.aws_route_table.public",
            "module.vpc.aws_route_table.redshift",
            "module.vpc.aws_route_table_association.database",
            "module.vpc.aws_route_table_association.elasticache",
            "module.vpc.aws_route_table_association.intra",
            "module.vpc.aws_route_table_association.outpost",
            "module.vpc.aws_route_table_association.private",
            "module.vpc.aws_route_table_association.public",
            "module.vpc.aws_route_table_association.redshift",
            "module.vpc.aws_route_table_association.redshift_public",
            "module.vpc.aws_subnet.database",
            "module.vpc.aws_subnet.elasticache",
            "module.vpc.aws_subnet.intra",
            "module.vpc.aws_subnet.outpost",
            "module.vpc.aws_subnet.private",
            "module.vpc.aws_subnet.public",
            "module.vpc.aws_subnet.redshift",
            "module.vpc.aws_vpc.this",
            "module.vpc.aws_vpc_dhcp_options.this",
            "module.vpc.aws_vpc_dhcp_options_association.this",
            "module.vpc.aws_vpc_ipv4_cidr_block_association.this",
            "module.vpc.aws_vpn_gateway.this",
            "module.vpc.aws_vpn_gateway_attachment.this",
            "module.vpc.aws_vpn_gateway_route_propagation.intra",
            "module.vpc.aws_vpn_gateway_route_propagation.private",
            "module.vpc.aws_vpn_gateway_route_propagation.public",
            "module.vpc.data.aws_iam_policy_document.flow_log_cloudwatch_assume_role",
            "module.vpc.data.aws_iam_policy_document.vpc_flow_log_cloudwatch"
          ]
        }
      ]
    },
    {
      "mode": "managed",
      "type": "random_string",
      "name": "random",
      "provider": "provider[\"registry.terraform.io/hashicorp/random\"]",
      "instances": [
        {
          "schema_version": 2,
          "attributes": {
            "id": "Ulas2",
            "keepers": {
              "secret": "flask-key"
            },
            "length": 5,
            "lower": true,
            "min_lower": 0,
            "min_numeric": 0,
            "min_special": 0,
            "min_upper": 0,
            "number": true,
            "numeric": true,
            "override_special": null,
            "result": "Ulas2",
            "special": false,
            "upper": true
          },
          "sensitive_attributes": [],
          "dependencies": [
            "aws_key_pair.deployer",
            "tls_private_key.key"
          ]
        }
      ]
    },
    {
      "mode": "managed",
      "type": "tls_private_key",
      "name": "key",
      "provider": "provider[\"registry.terraform.io/hashicorp/tls\"]",
      "instances": [
        {
          "schema_version": 1,
          "attributes": {
            "algorithm": "RSA",
            "ecdsa_curve": "P224",
            "id": "13e3d1fbd1407deb5ee6b966040064ea0091d2b6",
            "private_key_openssh": "-----BEGIN OPENSSH PRIVATE KEY-----\nb3BlbnNzaC1rZXktdjEAAAAABG5vbmUAAAAEbm9uZQAAAAAAAAABAAACFwAAAAdz\nc2gtcnNhAAAAAwEAAQAAAgEA1/d0OhAV7jgpLm0jMu11dwpZSggGxlSoRyegRFEd\nRT//uLVe9TN9AgqwkEeyGff3ahbS5YDjO+3cdvib7X6XuM7n1xVvK2fUF9i14tR5\nF4TZkYEbhmh4nw0Mq5Y1LpvuhfgmQ60S1PVVSeUBEhAXGgCBkQiBy5GOR4eB+nQu\nThgVMhmmrYmAI3LPh1LVXaRvOLUvNCuMzD9H9ElPCtXdRjsJrYDcXu4irRY/Invy\nhHotEfOssmrs9opl/RMIFoMSSclGA8LGALtWXyw/9Zh9teVzXgOd//3mxuz25F5u\naDgCNGxiWuzsPnaU0RFXhOoY8aY05txT5Q05kWdJvSTyga6V6vMU1JISY5Tjr7de\nWeGdXv7Ief7Vkd2pvVFZ6aNZd44kFI5knlpuQdLw/wcIeAaECWsQyzMorQUXiAjD\nmJP8eruroPAXhaTRAU9y7452WH0vWcJn3Ujvhca5aK35LrDOv4HzZOUGX80xxAGN\nKjBJ2dGCa9p1DZzkl+bd1InCE6VKbPUAJgCi6WYW7AAWD5+dp6Qyjj3kroutmsuv\nm5qx1fhSjfbSDbe67hZOVYGFl4AOZ+XtBv1cJCpKbl/GDbyP5PqGFmdiGWIpDlLC\nXLjsai77XnOXGhUtMQi54ZRkyYuE8UCGwiGR645+9b6tcIRsP0HF6LeKUko/UCSe\nz2EAAAc49bq59fW6ufUAAAAHc3NoLXJzYQAAAgEA1/d0OhAV7jgpLm0jMu11dwpZ\nSggGxlSoRyegRFEdRT//uLVe9TN9AgqwkEeyGff3ahbS5YDjO+3cdvib7X6XuM7n\n1xVvK2fUF9i14tR5F4TZkYEbhmh4nw0Mq5Y1LpvuhfgmQ60S1PVVSeUBEhAXGgCB\nkQiBy5GOR4eB+nQuThgVMhmmrYmAI3LPh1LVXaRvOLUvNCuMzD9H9ElPCtXdRjsJ\nrYDcXu4irRY/InvyhHotEfOssmrs9opl/RMIFoMSSclGA8LGALtWXyw/9Zh9teVz\nXgOd//3mxuz25F5uaDgCNGxiWuzsPnaU0RFXhOoY8aY05txT5Q05kWdJvSTyga6V\n6vMU1JISY5Tjr7deWeGdXv7Ief7Vkd2pvVFZ6aNZd44kFI5knlpuQdLw/wcIeAaE\nCWsQyzMorQUXiAjDmJP8eruroPAXhaTRAU9y7452WH0vWcJn3Ujvhca5aK35LrDO\nv4HzZOUGX80xxAGNKjBJ2dGCa9p1DZzkl+bd1InCE6VKbPUAJgCi6WYW7AAWD5+d\np6Qyjj3kroutmsuvm5qx1fhSjfbSDbe67hZOVYGFl4AOZ+XtBv1cJCpKbl/GDbyP\n5PqGFmdiGWIpDlLCXLjsai77XnOXGhUtMQi54ZRkyYuE8UCGwiGR645+9b6tcIRs\nP0HF6LeKUko/UCSez2EAAAADAQABAAACAQDMSAZJkcOcxMS3ZIaB+rk8s65H55W4\n7oUKYUIovO1J/sJ9zhmXKG/biY7/usGN7M68LACrFCJdIp6CbqDXogITzqrf+Sdh\n0GF/eP57I+2ywHgoOQ53McS+9dIBUCDYCKkzUcmoBEMm6zUUo6hClLO1ZbspG/ni\nO7lwkY3yAQl31zHdZQQTbFensEb7QvAOFqcZ5dBTscoJvOXr/ZflsOwQLXH3C0fo\nB6sHPF7V2JZKl2Kgc3Tsg1XH0pusKd9ho/OdleRDVG6EbK/DcJDDV825S+O3jwZa\nCanMioLy+xvGOwxi2A6k4SyJ3RLhO10knWag1U1+/fPhWoQUtLW8UwGKyiFV8pye\nHOsEjmIm26vEvlLeS0FZ+Z20KQuMzXL6YETC359f+RPR1fkwy1Bjmum/z73rYqXy\no5miW7dX1FvvnUDsO1KiAAHLu0R8QqFnEEiiKgXdVtY9IOZ3BqtUiteEHvh9UCxd\n9N4yToF6XkntVPY+muvW3piboHyTEBiXoXG4Y8WGjtwV0O5fkJjK8hcqPcIKkDFK\ngAzk4+5yDgNVt2BybyOkvikYuJx1k7C/Mvh/iD8yihYLZQ4z5Q6lXGCw3q+oV0XK\nC/skzN3P2J64sb/zUYAfmH3hKlx+xwhJkhF7Er2hgPlEE9dTKejsaL77QiDxlJ+V\nI3tpE7OqEsDQAQAAAQAHC2P5lrh+ojgEas9B+uVnLZyxaHS43Zn0/lfG/q7mrXAw\nJR0N5jrhVM5X4UQve1p8AHC2WHr8xaPdy+2ngYsn5ojpmlxZz0fUlHwgNJzc4w7M\nUzuMzu9bhKQygaC8xbfxc3dGi21vWfbTsjQh8uz3wZykMz3gTBTc7P0XxmROJJvn\nlxwawb7Em03w0DDc6uw4zFUNga1zSiUnyW5He3VCyoAJCLye7KYfDAoGh45sIlpP\ncpiseJS/9eOUK9Ld7qwYfpaD2+SjiHN6U4LTc4POkYyBXlhwgUhSNQIzIMw0db8g\nJK7zEmhpHMiYhjit3NnUjgZL1lfMkgMIxdzJUvyQAAABAQDz1nq1/hLGbvcsUeaE\ng/bWKuPIJIhBnM0wZCVygGRHQABHfuP2/K8kg9X7c4Wth6HgUmwE3+lIV6SORAUM\nJqDNBMmFvOyGHAaX9f5ofG5Ca+JesR5I1NS36YdAtxd4fJ+xxV3vMxy9xAwdZuWR\n5HNGzwdlFgulvRenVVUiOIvm7OOT6qRyHtTx8GknWeJL+e3C32gz/Ab+RKERykGq\n2gETvv6q6Vl/wRLqdftyujTLjRriSt+MBpTcNlh28Txl7qQYbWcuOqmE+zUmePg4\nlEMIuRgTf2zjYFakFhHX5lhuufc+gaES4aPRlejiTvkkDODXxuSwzzOahsiMeI+c\n0xjhAAABAQDivResvUooZtkbY0slgOZy/9LbKYqCyN9os1Sgsgz2pXBvijzEkYlk\nKdDyCN69NSdlzbsdGWZ0nOrTCKuPxxYK4ZnPqJYdyqK0h7GfT6HNezX8wxvkiJb6\n+7H67go0DadBfPfmyDwn4tt7i5Uyt4M1ocZBx2f40xdvAdKiLEMKTrgpd36F7vQ6\nM8CTm/DX+axamtsEYXLnkUPBuL0ZwjuOGKgm5t2xr+aa4gi6TokiRHH1b98NNvJm\nSZ/lgTOMmq5n/iNdDu7j6JAYkz8FYHStu3/Kpy4yOLbLu6ZhW4OFZ4D3gYnbxqep\n3koaFKntD7CJnQik+JmOWFzNXNgu6gaBAAAAAAEC\n-----END OPENSSH PRIVATE KEY-----\n",
            "private_key_pem": "-----BEGIN RSA PRIVATE KEY-----\nMIIJKQIBAAKCAgEA1/d0OhAV7jgpLm0jMu11dwpZSggGxlSoRyegRFEdRT//uLVe\n9TN9AgqwkEeyGff3ahbS5YDjO+3cdvib7X6XuM7n1xVvK2fUF9i14tR5F4TZkYEb\nhmh4nw0Mq5Y1LpvuhfgmQ60S1PVVSeUBEhAXGgCBkQiBy5GOR4eB+nQuThgVMhmm\nrYmAI3LPh1LVXaRvOLUvNCuMzD9H9ElPCtXdRjsJrYDcXu4irRY/InvyhHotEfOs\nsmrs9opl/RMIFoMSSclGA8LGALtWXyw/9Zh9teVzXgOd//3mxuz25F5uaDgCNGxi\nWuzsPnaU0RFXhOoY8aY05txT5Q05kWdJvSTyga6V6vMU1JISY5Tjr7deWeGdXv7I\nef7Vkd2pvVFZ6aNZd44kFI5knlpuQdLw/wcIeAaECWsQyzMorQUXiAjDmJP8erur\noPAXhaTRAU9y7452WH0vWcJn3Ujvhca5aK35LrDOv4HzZOUGX80xxAGNKjBJ2dGC\na9p1DZzkl+bd1InCE6VKbPUAJgCi6WYW7AAWD5+dp6Qyjj3kroutmsuvm5qx1fhS\njfbSDbe67hZOVYGFl4AOZ+XtBv1cJCpKbl/GDbyP5PqGFmdiGWIpDlLCXLjsai77\nXnOXGhUtMQi54ZRkyYuE8UCGwiGR645+9b6tcIRsP0HF6LeKUko/UCSez2ECAwEA\nAQKCAgEAzEgGSZHDnMTEt2SGgfq5PLOuR+eVuO6FCmFCKLztSf7Cfc4Zlyhv24mO\n/7rBjezOvCwAqxQiXSKegm6g16ICE86q3/knYdBhf3j+eyPtssB4KDkOdzHEvvXS\nAVAg2AipM1HJqARDJus1FKOoQpSztWW7KRv54ju5cJGN8gEJd9cx3WUEE2xXp7BG\n+0LwDhanGeXQU7HKCbzl6/2X5bDsEC1x9wtH6AerBzxe1diWSpdioHN07INVx9Kb\nrCnfYaPznZXkQ1RuhGyvw3CQw1fNuUvjt48GWgmpzIqC8vsbxjsMYtgOpOEsid0S\n4TtdJJ1moNVNfv3z4VqEFLS1vFMBisohVfKcnhzrBI5iJturxL5S3ktBWfmdtCkL\njM1y+mBEwt+fX/kT0dX5MMtQY5rpv8+962Kl8qOZolu3V9Rb751A7DtSogABy7tE\nfEKhZxBIoioF3VbWPSDmdwarVIrXhB74fVAsXfTeMk6Bel5J7VT2Pprr1t6Ym6B8\nkxAYl6FxuGPFho7cFdDuX5CYyvIXKj3CCpAxSoAM5OPucg4DVbdgcm8jpL4pGLic\ndZOwvzL4f4g/MooWC2UOM+UOpVxgsN6vqFdFygv7JMzdz9ieuLG/81GAH5h94Spc\nfscISZIRexK9oYD5RBPXUyno7Gi++0Ig8ZSflSN7aROzqhLA0AECggEBAPPWerX+\nEsZu9yxR5oSD9tYq48gkiEGczTBkJXKAZEdAAEd+4/b8rySD1ftzha2HoeBSbATf\n6UhXpI5EBQwmoM0EyYW87IYcBpf1/mh8bkJr4l6xHkjU1Lfph0C3F3h8n7HFXe8z\nHL3EDB1m5ZHkc0bPB2UWC6W9F6dVVSI4i+bs45PqpHIe1PHwaSdZ4kv57cLfaDP8\nBv5EoRHKQaraARO+/qrpWX/BEup1+3K6NMuNGuJK34wGlNw2WHbxPGXupBhtZy46\nqYT7NSZ4+DiUQwi5GBN/bONgVqQWEdfmWG659z6BoRLho9GV6OJO+SQM4NfG5LDP\nM5qGyIx4j5zTGOECggEBAOK9F6y9Sihm2RtjSyWA5nL/0tspioLI32izVKCyDPal\ncG+KPMSRiWQp0PII3r01J2XNux0ZZnSc6tMIq4/HFgrhmc+olh3KorSHsZ9Poc17\nNfzDG+SIlvr7sfruCjQNp0F89+bIPCfi23uLlTK3gzWhxkHHZ/jTF28B0qIsQwpO\nuCl3foXu9DozwJOb8Nf5rFqa2wRhcueRQ8G4vRnCO44YqCbm3bGv5priCLpOiSJE\ncfVv3w028mZJn+WBM4yarmf+I10O7uPokBiTPwVgdK27f8qnLjI4tsu7pmFbg4Vn\ngPeBidvGp6neShoUqe0PsImdCKT4mY5YXM1c2C7qBoECggEAUAqiw2UAssSwPIsx\n+WP8PfdcSFG9rJQVQwJMzJZa1Iysystbd7MgpwLj1iPoyLrSJ3nG3Z7GzCmA6fZo\nFcIEXOhqYo1OswM2IuHsPk5CP2l8qIrJnyzGGwz8igDQIov+O/PGzwNfNufI9knV\nqBtuv9qr2cHv1tsIjbRUOuSHACnY1rBahN+cFUNOsU0vHLORGbwOT6o2fXb3zIgx\nIC1p1xqGLIJnD6nIVNCf1txLAlpybcAYO7XZXaQ1S+4KXoeEtEQNb75v8SgpHVTu\nXlxE2PMxdQ0KKGVya3CXMOD7PHWtNIaG4lTRWrYz+T3lSLE1iX9PiL6reNkvsfTN\nZ7Rf4QKCAQEAtFq5FDxVWqHEnFZ1FdXceSko7g+zD6j8nGnZLSGz0hVyxCZvg+RI\nJxZkD8IietpnBkGJTvI/Xw7acxb4cJtp2ynskROGpRfkKDmvfgt3pt0U6oPAEh7c\nCbRftDvYfeNGYX8oKbiosQlwkGtNOFRk2Cpgaz5UY8Z1Y2VNyJXwlahcMQ/N4nda\naVl1G3T1NLZy9HctM+TX437XKKbsNCsd+D+AscD+IzLJ+fVF//wsdMeA5jwgboCA\nfACgYYxOFs+LX0j1lDYmq773r7SgcoRxCyiT0/z7cBNQw+n1xIdorJrSKQ4vPFRe\nVW5t/yTkrZ7HTA9PKvpcGrAK0YfCpj6dAQKCAQAHC2P5lrh+ojgEas9B+uVnLZyx\naHS43Zn0/lfG/q7mrXAwJR0N5jrhVM5X4UQve1p8AHC2WHr8xaPdy+2ngYsn5ojp\nmlxZz0fUlHwgNJzc4w7MUzuMzu9bhKQygaC8xbfxc3dGi21vWfbTsjQh8uz3wZyk\nMz3gTBTc7P0XxmROJJvnlxwawb7Em03w0DDc6uw4zFUNga1zSiUnyW5He3VCyoAJ\nCLye7KYfDAoGh45sIlpPcpiseJS/9eOUK9Ld7qwYfpaD2+SjiHN6U4LTc4POkYyB\nXlhwgUhSNQIzIMw0db8gJK7zEmhpHMiYhjit3NnUjgZL1lfMkgMIxdzJUvyQ\n-----END RSA PRIVATE KEY-----\n",
            "private_key_pem_pkcs8": "-----BEGIN PRIVATE KEY-----\nMIIJQwIBADANBgkqhkiG9w0BAQEFAASCCS0wggkpAgEAAoICAQDX93Q6EBXuOCku\nbSMy7XV3CllKCAbGVKhHJ6BEUR1FP/+4tV71M30CCrCQR7IZ9/dqFtLlgOM77dx2\n+Jvtfpe4zufXFW8rZ9QX2LXi1HkXhNmRgRuGaHifDQyrljUum+6F+CZDrRLU9VVJ\n5QESEBcaAIGRCIHLkY5Hh4H6dC5OGBUyGaatiYAjcs+HUtVdpG84tS80K4zMP0f0\nSU8K1d1GOwmtgNxe7iKtFj8ie/KEei0R86yyauz2imX9EwgWgxJJyUYDwsYAu1Zf\nLD/1mH215XNeA53//ebG7PbkXm5oOAI0bGJa7Ow+dpTREVeE6hjxpjTm3FPlDTmR\nZ0m9JPKBrpXq8xTUkhJjlOOvt15Z4Z1e/sh5/tWR3am9UVnpo1l3jiQUjmSeWm5B\n0vD/Bwh4BoQJaxDLMyitBReICMOYk/x6u6ug8BeFpNEBT3LvjnZYfS9ZwmfdSO+F\nxrlorfkusM6/gfNk5QZfzTHEAY0qMEnZ0YJr2nUNnOSX5t3UicITpUps9QAmAKLp\nZhbsABYPn52npDKOPeSui62ay6+bmrHV+FKN9tINt7ruFk5VgYWXgA5n5e0G/Vwk\nKkpuX8YNvI/k+oYWZ2IZYikOUsJcuOxqLvtec5caFS0xCLnhlGTJi4TxQIbCIZHr\njn71vq1whGw/QcXot4pSSj9QJJ7PYQIDAQABAoICAQDMSAZJkcOcxMS3ZIaB+rk8\ns65H55W47oUKYUIovO1J/sJ9zhmXKG/biY7/usGN7M68LACrFCJdIp6CbqDXogIT\nzqrf+Sdh0GF/eP57I+2ywHgoOQ53McS+9dIBUCDYCKkzUcmoBEMm6zUUo6hClLO1\nZbspG/niO7lwkY3yAQl31zHdZQQTbFensEb7QvAOFqcZ5dBTscoJvOXr/ZflsOwQ\nLXH3C0foB6sHPF7V2JZKl2Kgc3Tsg1XH0pusKd9ho/OdleRDVG6EbK/DcJDDV825\nS+O3jwZaCanMioLy+xvGOwxi2A6k4SyJ3RLhO10knWag1U1+/fPhWoQUtLW8UwGK\nyiFV8pyeHOsEjmIm26vEvlLeS0FZ+Z20KQuMzXL6YETC359f+RPR1fkwy1Bjmum/\nz73rYqXyo5miW7dX1FvvnUDsO1KiAAHLu0R8QqFnEEiiKgXdVtY9IOZ3BqtUiteE\nHvh9UCxd9N4yToF6XkntVPY+muvW3piboHyTEBiXoXG4Y8WGjtwV0O5fkJjK8hcq\nPcIKkDFKgAzk4+5yDgNVt2BybyOkvikYuJx1k7C/Mvh/iD8yihYLZQ4z5Q6lXGCw\n3q+oV0XKC/skzN3P2J64sb/zUYAfmH3hKlx+xwhJkhF7Er2hgPlEE9dTKejsaL77\nQiDxlJ+VI3tpE7OqEsDQAQKCAQEA89Z6tf4Sxm73LFHmhIP21irjyCSIQZzNMGQl\ncoBkR0AAR37j9vyvJIPV+3OFrYeh4FJsBN/pSFekjkQFDCagzQTJhbzshhwGl/X+\naHxuQmviXrEeSNTUt+mHQLcXeHyfscVd7zMcvcQMHWblkeRzRs8HZRYLpb0Xp1VV\nIjiL5uzjk+qkch7U8fBpJ1niS/ntwt9oM/wG/kShEcpBqtoBE77+qulZf8ES6nX7\ncro0y40a4krfjAaU3DZYdvE8Ze6kGG1nLjqphPs1Jnj4OJRDCLkYE39s42BWpBYR\n1+ZYbrn3PoGhEuGj0ZXo4k75JAzg18bksM8zmobIjHiPnNMY4QKCAQEA4r0XrL1K\nKGbZG2NLJYDmcv/S2ymKgsjfaLNUoLIM9qVwb4o8xJGJZCnQ8gjevTUnZc27HRlm\ndJzq0wirj8cWCuGZz6iWHcqitIexn0+hzXs1/MMb5IiW+vux+u4KNA2nQXz35sg8\nJ+Lbe4uVMreDNaHGQcdn+NMXbwHSoixDCk64KXd+he70OjPAk5vw1/msWprbBGFy\n55FDwbi9GcI7jhioJubdsa/mmuIIuk6JIkRx9W/fDTbyZkmf5YEzjJquZ/4jXQ7u\n4+iQGJM/BWB0rbt/yqcuMji2y7umYVuDhWeA94GJ28anqd5KGhSp7Q+wiZ0IpPiZ\njlhczVzYLuoGgQKCAQBQCqLDZQCyxLA8izH5Y/w991xIUb2slBVDAkzMllrUjKzK\ny1t3syCnAuPWI+jIutInecbdnsbMKYDp9mgVwgRc6GpijU6zAzYi4ew+TkI/aXyo\nismfLMYbDPyKANAii/4788bPA18258j2SdWoG26/2qvZwe/W2wiNtFQ65IcAKdjW\nsFqE35wVQ06xTS8cs5EZvA5PqjZ9dvfMiDEgLWnXGoYsgmcPqchU0J/W3EsCWnJt\nwBg7tdldpDVL7gpeh4S0RA1vvm/xKCkdVO5eXETY8zF1DQooZXJrcJcw4Ps8da00\nhobiVNFatjP5PeVIsTWJf0+Ivqt42S+x9M1ntF/hAoIBAQC0WrkUPFVaocScVnUV\n1dx5KSjuD7MPqPycadktIbPSFXLEJm+D5EgnFmQPwiJ62mcGQYlO8j9fDtpzFvhw\nm2nbKeyRE4alF+QoOa9+C3em3RTqg8ASHtwJtF+0O9h940ZhfygpuKixCXCQa004\nVGTYKmBrPlRjxnVjZU3IlfCVqFwxD83id1ppWXUbdPU0tnL0dy0z5Nfjftcopuw0\nKx34P4CxwP4jMsn59UX//Cx0x4DmPCBugIB8AKBhjE4Wz4tfSPWUNiarvvevtKBy\nhHELKJPT/PtwE1DD6fXEh2ismtIpDi88VF5Vbm3/JOStnsdMD08q+lwasArRh8Km\nPp0BAoIBAAcLY/mWuH6iOARqz0H65WctnLFodLjdmfT+V8b+ruatcDAlHQ3mOuFU\nzlfhRC97WnwAcLZYevzFo93L7aeBiyfmiOmaXFnPR9SUfCA0nNzjDsxTO4zO71uE\npDKBoLzFt/Fzd0aLbW9Z9tOyNCHy7PfBnKQzPeBMFNzs/RfGZE4km+eXHBrBvsSb\nTfDQMNzq7DjMVQ2BrXNKJSfJbkd7dULKgAkIvJ7sph8MCgaHjmwiWk9ymKx4lL/1\n45Qr0t3urBh+loPb5KOIc3pTgtNzg86RjIFeWHCBSFI1AjMgzDR1vyAkrvMSaGkc\nyJiGOK3c2dSOBkvWV8ySAwjF3MlS/JA=\n-----END PRIVATE KEY-----\n",
            "public_key_fingerprint_md5": "5d:21:71:73:4e:d7:5d:c3:03:54:52:ca:c8:ad:05:ef",
            "public_key_fingerprint_sha256": "SHA256:sDjeA4DjKxy5Pk5d12M1Tw2ndIkw1oT/XGdJIuKTvfs",
            "public_key_openssh": "ssh-rsa AAAAB3NzaC1yc2EAAAADAQABAAACAQDX93Q6EBXuOCkubSMy7XV3CllKCAbGVKhHJ6BEUR1FP/+4tV71M30CCrCQR7IZ9/dqFtLlgOM77dx2+Jvtfpe4zufXFW8rZ9QX2LXi1HkXhNmRgRuGaHifDQyrljUum+6F+CZDrRLU9VVJ5QESEBcaAIGRCIHLkY5Hh4H6dC5OGBUyGaatiYAjcs+HUtVdpG84tS80K4zMP0f0SU8K1d1GOwmtgNxe7iKtFj8ie/KEei0R86yyauz2imX9EwgWgxJJyUYDwsYAu1ZfLD/1mH215XNeA53//ebG7PbkXm5oOAI0bGJa7Ow+dpTREVeE6hjxpjTm3FPlDTmRZ0m9JPKBrpXq8xTUkhJjlOOvt15Z4Z1e/sh5/tWR3am9UVnpo1l3jiQUjmSeWm5B0vD/Bwh4BoQJaxDLMyitBReICMOYk/x6u6ug8BeFpNEBT3LvjnZYfS9ZwmfdSO+FxrlorfkusM6/gfNk5QZfzTHEAY0qMEnZ0YJr2nUNnOSX5t3UicITpUps9QAmAKLpZhbsABYPn52npDKOPeSui62ay6+bmrHV+FKN9tINt7ruFk5VgYWXgA5n5e0G/VwkKkpuX8YNvI/k+oYWZ2IZYikOUsJcuOxqLvtec5caFS0xCLnhlGTJi4TxQIbCIZHrjn71vq1whGw/QcXot4pSSj9QJJ7PYQ==\n",
            "public_key_pem": "-----BEGIN PUBLIC KEY-----\nMIICIjANBgkqhkiG9w0BAQEFAAOCAg8AMIICCgKCAgEA1/d0OhAV7jgpLm0jMu11\ndwpZSggGxlSoRyegRFEdRT//uLVe9TN9AgqwkEeyGff3ahbS5YDjO+3cdvib7X6X\nuM7n1xVvK2fUF9i14tR5F4TZkYEbhmh4nw0Mq5Y1LpvuhfgmQ60S1PVVSeUBEhAX\nGgCBkQiBy5GOR4eB+nQuThgVMhmmrYmAI3LPh1LVXaRvOLUvNCuMzD9H9ElPCtXd\nRjsJrYDcXu4irRY/InvyhHotEfOssmrs9opl/RMIFoMSSclGA8LGALtWXyw/9Zh9\nteVzXgOd//3mxuz25F5uaDgCNGxiWuzsPnaU0RFXhOoY8aY05txT5Q05kWdJvSTy\nga6V6vMU1JISY5Tjr7deWeGdXv7Ief7Vkd2pvVFZ6aNZd44kFI5knlpuQdLw/wcI\neAaECWsQyzMorQUXiAjDmJP8eruroPAXhaTRAU9y7452WH0vWcJn3Ujvhca5aK35\nLrDOv4HzZOUGX80xxAGNKjBJ2dGCa9p1DZzkl+bd1InCE6VKbPUAJgCi6WYW7AAW\nD5+dp6Qyjj3kroutmsuvm5qx1fhSjfbSDbe67hZOVYGFl4AOZ+XtBv1cJCpKbl/G\nDbyP5PqGFmdiGWIpDlLCXLjsai77XnOXGhUtMQi54ZRkyYuE8UCGwiGR645+9b6t\ncIRsP0HF6LeKUko/UCSez2ECAwEAAQ==\n-----END PUBLIC KEY-----\n",
            "rsa_bits": 4096
          },
          "sensitive_attributes": []
        }
      ]
    },
    {
      "module": "module.eks",
      "mode": "data",
      "type": "aws_caller_identity",
      "name": "current",
      "provider": "provider[\"registry.terraform.io/hashicorp/aws\"]",
      "instances": [
        {
          "schema_version": 0,
          "attributes": {
            "account_id": "058302395964",
            "arn": "arn:aws:iam::058302395964:user/admin",
            "id": "058302395964",
            "user_id": "AIDAQ3EYX6Y6G7YCNNX2G"
          },
          "sensitive_attributes": []
        }
      ]
    },
    {
      "module": "module.eks",
      "mode": "data",
      "type": "aws_eks_addon_version",
      "name": "this",
      "provider": "provider[\"registry.terraform.io/hashicorp/aws\"]",
      "instances": [
        {
          "index_key": "aws-ebs-csi-driver",
          "schema_version": 0,
          "attributes": {
            "addon_name": "aws-ebs-csi-driver",
            "id": "aws-ebs-csi-driver",
            "kubernetes_version": "1.24",
            "most_recent": true,
            "version": "v1.16.0-eksbuild.1"
          },
          "sensitive_attributes": []
        },
        {
          "index_key": "coredns",
          "schema_version": 0,
          "attributes": {
            "addon_name": "coredns",
            "id": "coredns",
            "kubernetes_version": "1.24",
            "most_recent": true,
            "version": "v1.9.3-eksbuild.2"
          },
          "sensitive_attributes": []
        },
        {
          "index_key": "kube-proxy",
          "schema_version": 0,
          "attributes": {
            "addon_name": "kube-proxy",
            "id": "kube-proxy",
            "kubernetes_version": "1.24",
            "most_recent": true,
            "version": "v1.24.9-eksbuild.1"
          },
          "sensitive_attributes": []
        },
        {
          "index_key": "vpc-cni",
          "schema_version": 0,
          "attributes": {
            "addon_name": "vpc-cni",
            "id": "vpc-cni",
            "kubernetes_version": "1.24",
            "most_recent": true,
            "version": "v1.12.2-eksbuild.1"
          },
          "sensitive_attributes": []
        }
      ]
    },
    {
      "module": "module.eks",
      "mode": "data",
      "type": "aws_iam_policy_document",
      "name": "assume_role_policy",
      "provider": "provider[\"registry.terraform.io/hashicorp/aws\"]",
      "instances": [
        {
          "index_key": 0,
          "schema_version": 0,
          "attributes": {
            "id": "2764486067",
            "json": "{\n  \"Version\": \"2012-10-17\",\n  \"Statement\": [\n    {\n      \"Sid\": \"EKSClusterAssumeRole\",\n      \"Effect\": \"Allow\",\n      \"Action\": \"sts:AssumeRole\",\n      \"Principal\": {\n        \"Service\": \"eks.amazonaws.com\"\n      }\n    }\n  ]\n}",
            "override_json": null,
            "override_policy_documents": null,
            "policy_id": null,
            "source_json": null,
            "source_policy_documents": null,
            "statement": [
              {
                "actions": [
                  "sts:AssumeRole"
                ],
                "condition": [],
                "effect": "Allow",
                "not_actions": [],
                "not_principals": [],
                "not_resources": [],
                "principals": [
                  {
                    "identifiers": [
                      "eks.amazonaws.com"
                    ],
                    "type": "Service"
                  }
                ],
                "resources": [],
                "sid": "EKSClusterAssumeRole"
              }
            ],
            "version": "2012-10-17"
          },
          "sensitive_attributes": []
        }
      ]
    },
    {
      "module": "module.eks",
      "mode": "data",
      "type": "aws_iam_session_context",
      "name": "current",
      "provider": "provider[\"registry.terraform.io/hashicorp/aws\"]",
      "instances": [
        {
          "schema_version": 0,
          "attributes": {
            "arn": "arn:aws:iam::058302395964:user/admin",
            "id": "arn:aws:iam::058302395964:user/admin",
            "issuer_arn": "arn:aws:iam::058302395964:user/admin",
            "issuer_id": "",
            "issuer_name": "",
            "session_name": ""
          },
          "sensitive_attributes": []
        }
      ]
    },
    {
      "module": "module.eks",
      "mode": "data",
      "type": "aws_partition",
      "name": "current",
      "provider": "provider[\"registry.terraform.io/hashicorp/aws\"]",
      "instances": [
        {
          "schema_version": 0,
          "attributes": {
            "dns_suffix": "amazonaws.com",
            "id": "aws",
            "partition": "aws",
            "reverse_dns_prefix": "com.amazonaws"
          },
          "sensitive_attributes": []
        }
      ]
    },
    {
      "module": "module.eks",
      "mode": "data",
      "type": "tls_certificate",
      "name": "this",
      "provider": "provider[\"registry.terraform.io/hashicorp/tls\"]",
      "instances": [
        {
          "index_key": 0,
          "schema_version": 0,
          "attributes": {
            "certificates": [
              {
                "cert_pem": "-----BEGIN CERTIFICATE-----\nMIIEdTCCA12gAwIBAgIJAKcOSkw0grd/MA0GCSqGSIb3DQEBCwUAMGgxCzAJBgNV\nBAYTAlVTMSUwIwYDVQQKExxTdGFyZmllbGQgVGVjaG5vbG9naWVzLCBJbmMuMTIw\nMAYDVQQLEylTdGFyZmllbGQgQ2xhc3MgMiBDZXJ0aWZpY2F0aW9uIEF1dGhvcml0\neTAeFw0wOTA5MDIwMDAwMDBaFw0zNDA2MjgxNzM5MTZaMIGYMQswCQYDVQQGEwJV\nUzEQMA4GA1UECBMHQXJpem9uYTETMBEGA1UEBxMKU2NvdHRzZGFsZTElMCMGA1UE\nChMcU3RhcmZpZWxkIFRlY2hub2xvZ2llcywgSW5jLjE7MDkGA1UEAxMyU3RhcmZp\nZWxkIFNlcnZpY2VzIFJvb3QgQ2VydGlmaWNhdGUgQXV0aG9yaXR5IC0gRzIwggEi\nMA0GCSqGSIb3DQEBAQUAA4IBDwAwggEKAoIBAQDVDDrEKvlO4vW+GZdfjohTsR8/\ny8+fIBNtKTrID30892t2OGPZNmCom15cAICyL1l/9of5JUOG52kbUpqQ4XHj2C0N\nTm/2yEnZtvMaVq4rtnQU68/7JuMauh2WLmo7WJSJR1b/JaCTcFOD2oR0FMNnngRo\nOt+OQFodSk7PQ5E751bWAHDLUu57fa4657wx+UX2wmDPE1kCK4DMNEffud6QZW0C\nzyyRpqbn3oUYSXxmTqM6bam17jQuug0DuDPfR+uxa40l2ZvOgdFFRjKWcIfeAg5J\nQ4W2bHO7ZOphQazJ1FTfhy/HIrImzJ9ZVGif/L4qL8RVHHVAYBeFAlU5i38FAgMB\nAAGjgfAwge0wDwYDVR0TAQH/BAUwAwEB/zAOBgNVHQ8BAf8EBAMCAYYwHQYDVR0O\nBBYEFJxfAN+qAdcwKziIorhtSpzyEZGDMB8GA1UdIwQYMBaAFL9ft9HO3R+G9FtV\nrNzXEMIOqYjnME8GCCsGAQUFBwEBBEMwQTAcBggrBgEFBQcwAYYQaHR0cDovL28u\nc3MyLnVzLzAhBggrBgEFBQcwAoYVaHR0cDovL3guc3MyLnVzL3guY2VyMCYGA1Ud\nHwQfMB0wG6AZoBeGFWh0dHA6Ly9zLnNzMi51cy9yLmNybDARBgNVHSAECjAIMAYG\nBFUdIAAwDQYJKoZIhvcNAQELBQADggEBACMd44pXyn3pF3lM8R5V/cxTbj5HD9/G\nVfKyBDbtgB9TxF00KGu+x1X8Z+rLP3+QsjPNG1gQggL4+C/1E2DUBc7xgQjB3ad1\nl08YuW3e95ORCLp+QCztweq7dp4zBncdDQh/U90bZKuCJ/Fp1U1ervShw3WnWEQt\n8jxwmKy6abaVd38PMV4s/KCHOkdp8Hlf9BRUpJVeEXgSYCfOn8J3/yNTd126/+pZ\n59vPr5KW7ySaNRB6nJHGDn2Z9j8Z3/VyVOEVqQdZe4O/Ui5GjLIAZHYcSNPYeehu\nVsyuLAOQ1xk4meTKCRlb/weWsKh/NEnfVqn3sF/tM+2MR7cwA130A4w=\n-----END CERTIFICATE-----\n",
                "is_ca": true,
                "issuer": "OU=Starfield Class 2 Certification Authority,O=Starfield Technologies\\, Inc.,C=US",
                "not_after": "2034-06-28T17:39:16Z",
                "not_before": "2009-09-02T00:00:00Z",
                "public_key_algorithm": "RSA",
                "serial_number": "12037640545166866303",
                "sha1_fingerprint": "9e99a48a9960b14926bb7f3b02e22da2b0ab7280",
                "signature_algorithm": "SHA256-RSA",
                "subject": "CN=Starfield Services Root Certificate Authority - G2,O=Starfield Technologies\\, Inc.,L=Scottsdale,ST=Arizona,C=US",
                "version": 3
              },
              {
                "cert_pem": "-----BEGIN CERTIFICATE-----\nMIIEkjCCA3qgAwIBAgITBn+USionzfP6wq4rAfkI7rnExjANBgkqhkiG9w0BAQsF\nADCBmDELMAkGA1UEBhMCVVMxEDAOBgNVBAgTB0FyaXpvbmExEzARBgNVBAcTClNj\nb3R0c2RhbGUxJTAjBgNVBAoTHFN0YXJmaWVsZCBUZWNobm9sb2dpZXMsIEluYy4x\nOzA5BgNVBAMTMlN0YXJmaWVsZCBTZXJ2aWNlcyBSb290IENlcnRpZmljYXRlIEF1\ndGhvcml0eSAtIEcyMB4XDTE1MDUyNTEyMDAwMFoXDTM3MTIzMTAxMDAwMFowOTEL\nMAkGA1UEBhMCVVMxDzANBgNVBAoTBkFtYXpvbjEZMBcGA1UEAxMQQW1hem9uIFJv\nb3QgQ0EgMTCCASIwDQYJKoZIhvcNAQEBBQADggEPADCCAQoCggEBALJ4gHHKeNXj\nca9HgFB0fW7Y14h29Jlo91ghYPl0hAEvrAIthtOgQ3pOsqTQNroBvo3bSMgHFzZM\n9O6II8c+6zf1tRn4SWiw3te5djgdYZ6k/oI2peVKVuRF4fn9tBb6dNqcmzU5L/qw\nIFAGbHrQgLKm+a/sRxmPUDgH3KKHOVj4utWp+UhnMJbulHheb4mjUcAwhmahRWa6\nVOujw5H5SNz/0egwLX0tdHA114gk957EWW67c4cX8jJGKLhD+rcdqsq08p8kDi1L\n93FcXmn/6pUCyziKrlA4b9v7LWIbxcceVOF34GfID5yHI9Y/QCB/IIDEgEw+OyQm\njgSubJrIqg0CAwEAAaOCATEwggEtMA8GA1UdEwEB/wQFMAMBAf8wDgYDVR0PAQH/\nBAQDAgGGMB0GA1UdDgQWBBSEGMyFNOy8DJSULghZnMeyEE4KCDAfBgNVHSMEGDAW\ngBScXwDfqgHXMCs4iKK4bUqc8hGRgzB4BggrBgEFBQcBAQRsMGowLgYIKwYBBQUH\nMAGGImh0dHA6Ly9vY3NwLnJvb3RnMi5hbWF6b250cnVzdC5jb20wOAYIKwYBBQUH\nMAKGLGh0dHA6Ly9jcnQucm9vdGcyLmFtYXpvbnRydXN0LmNvbS9yb290ZzIuY2Vy\nMD0GA1UdHwQ2MDQwMqAwoC6GLGh0dHA6Ly9jcmwucm9vdGcyLmFtYXpvbnRydXN0\nLmNvbS9yb290ZzIuY3JsMBEGA1UdIAQKMAgwBgYEVR0gADANBgkqhkiG9w0BAQsF\nAAOCAQEAYjdCXLwQtT6LLOkMm2xF4gcAevnFWAu5CIw+7bMlPLVvUOTNNWqnkzSW\nMiGpSESrnO09tKpzbeR/FoCJbM8oAxiDR3mjEH4wW6w7sGDgd9QIpuEdfF7Au/ma\neyKdpwAJfqxGF4PcnCZXmTA5YpaP7dreqsXMGz7KQ2hsVxa81Q4gLv7/wmpdLqBK\nbRRYh5TmOTFffHPLkIhqhBGWJ6bt2YFGpn6jcgAKUj6DiAdjd4lpFw85hdKrCEVN\n0FE6/V1dN2RMfjCyVSRCnTawXZwXgWHxyvkQAiSr6w10kY17RSlQOYiypok1JR4U\nakcjMS9cmvqtmg5iUaQqqcT5NJ0hGA==\n-----END CERTIFICATE-----\n",
                "is_ca": true,
                "issuer": "CN=Starfield Services Root Certificate Authority - G2,O=Starfield Technologies\\, Inc.,L=Scottsdale,ST=Arizona,C=US",
                "not_after": "2037-12-31T01:00:00Z",
                "not_before": "2015-05-25T12:00:00Z",
                "public_key_algorithm": "RSA",
                "serial_number": "144918191876577076464031512351042010504348870",
                "sha1_fingerprint": "06b25927c42a721631c1efd9431e648fa62e1e39",
                "signature_algorithm": "SHA256-RSA",
                "subject": "CN=Amazon Root CA 1,O=Amazon,C=US",
                "version": 3
              },
              {
                "cert_pem": "-----BEGIN CERTIFICATE-----\nMIIEXjCCA0agAwIBAgITB3MSSkvL1E7HtTvq8ZSELToPoTANBgkqhkiG9w0BAQsF\nADA5MQswCQYDVQQGEwJVUzEPMA0GA1UEChMGQW1hem9uMRkwFwYDVQQDExBBbWF6\nb24gUm9vdCBDQSAxMB4XDTIyMDgyMzIyMjUzMFoXDTMwMDgyMzIyMjUzMFowPDEL\nMAkGA1UEBhMCVVMxDzANBgNVBAoTBkFtYXpvbjEcMBoGA1UEAxMTQW1hem9uIFJT\nQSAyMDQ4IE0wMjCCASIwDQYJKoZIhvcNAQEBBQADggEPADCCAQoCggEBALtDGMZa\nqHneKei1by6+pUPPLljTB143Si6VpEWPc6mSkFhZb/6qrkZyoHlQLbDYnI2D7hD0\nsdzEqfnuAjIsuXQLG3A8TvX6V3oFNBFVe8NlLJHvBseKY88saLwufxkZVwk74g4n\nWlNMXzla9Y5F3wwRHwMVH443xGz6UtGSZSqQ94eFx5X7Tlqt8whi8qCaKdZ5rNak\n+r9nUThOeClqFd4oXych//Rc7Y0eX1KNWHYSI1Nk31mYgiK3JvH063g+K9tHA63Z\neTgKgndlh+WI+zv7i44HepRZjA1FYwYZ9Vv/9UkC5Yz8/yU65fgjaE+wVHM4e/Yy\nC2osrPWE7gJ+dXMCAwEAAaOCAVowggFWMBIGA1UdEwEB/wQIMAYBAf8CAQAwDgYD\nVR0PAQH/BAQDAgGGMB0GA1UdJQQWMBQGCCsGAQUFBwMBBggrBgEFBQcDAjAdBgNV\nHQ4EFgQUwDFSzVpQw4J8dHHOy+mc+XrrguIwHwYDVR0jBBgwFoAUhBjMhTTsvAyU\nlC4IWZzHshBOCggwewYIKwYBBQUHAQEEbzBtMC8GCCsGAQUFBzABhiNodHRwOi8v\nb2NzcC5yb290Y2ExLmFtYXpvbnRydXN0LmNvbTA6BggrBgEFBQcwAoYuaHR0cDov\nL2NydC5yb290Y2ExLmFtYXpvbnRydXN0LmNvbS9yb290Y2ExLmNlcjA/BgNVHR8E\nODA2MDSgMqAwhi5odHRwOi8vY3JsLnJvb3RjYTEuYW1hem9udHJ1c3QuY29tL3Jv\nb3RjYTEuY3JsMBMGA1UdIAQMMAowCAYGZ4EMAQIBMA0GCSqGSIb3DQEBCwUAA4IB\nAQAtTi6Fs0Azfi+iwm7jrz+CSxHH+uHl7Law3MQSXVtR8RV53PtR6r/6gNpqlzdo\nZq4FKbADi1v9Bun8RY8D51uedRfjsbeodizeBB8nXmeyD33Ep7VATj4ozcd31YFV\nfgRhvTSxNrrTlNpWkUk0m3BMPv8sg381HhA6uEYokE5q9uws/3YkKqRiEz3TsaWm\nJqIRZhMbgAfp7O7FUwFIb7UIspogZSKxPIWJpxiPo3TcBambbVtQOcNRWz5qCQdD\nslI2yayq0n2TXoHyNCLEH8rpsJRVILFsg0jc7BaFrMnF462+ajSehgj12IidNeRN\n4zl+EoNaWdpnWndvSpAEkq2P\n-----END CERTIFICATE-----\n",
                "is_ca": true,
                "issuer": "CN=Amazon Root CA 1,O=Amazon,C=US",
                "not_after": "2030-08-23T22:25:30Z",
                "not_before": "2022-08-23T22:25:30Z",
                "public_key_algorithm": "RSA",
                "serial_number": "166129353110899469622597955040406457904926625",
                "sha1_fingerprint": "414a2060b738c635cc7fc243e052615592830c53",
                "signature_algorithm": "SHA256-RSA",
                "subject": "CN=Amazon RSA 2048 M02,O=Amazon,C=US",
                "version": 3
              },
              {
                "cert_pem": "-----BEGIN CERTIFICATE-----\nMIIF9DCCBNygAwIBAgIQCj0VyaxIwR/blmiItwoRlzANBgkqhkiG9w0BAQsFADA8\nMQswCQYDVQQGEwJVUzEPMA0GA1UEChMGQW1hem9uMRwwGgYDVQQDExNBbWF6b24g\nUlNBIDIwNDggTTAyMB4XDTIzMDIxMDAwMDAwMFoXDTIzMDYxMjIzNTk1OVowLjEs\nMCoGA1UEAxMjb2lkYy5la3MuZXUtY2VudHJhbC0xLmFtYXpvbmF3cy5jb20wggEi\nMA0GCSqGSIb3DQEBAQUAA4IBDwAwggEKAoIBAQCq11gbcVpBh2lFRI3gsZGh9J4W\nBx3DyNenWCjRZIaCYPlHiL7MfoQJ9jXJS1TkfbR0ByngLtFualJyvglnrIf8VA47\n74VKGZi58mHnyjnqwYRPAw4e2aftdnorG2shbiwYxGb2LX+gNGs7zVSasD2bgZv7\n/KrdPDLuYOKMhOESdP6lFnFhU4fNkQIAl63gra4mzBrmkSRy4WzYpLfaY6FCaP6g\nqrkcYtQAH9frBdr6KerrzsRO1Hg5Yq0Iv3x5ZionmoR2KSlahNiVC9NaDkr1W1Kp\nCqIPHKlOQJSKrZ2BCh/eYm+4H/Y/+rHst/UDIpadAFQFvbT2ShDQX3tymkZPAgMB\nAAGjggL+MIIC+jAfBgNVHSMEGDAWgBTAMVLNWlDDgnx0cc7L6Zz5euuC4jAdBgNV\nHQ4EFgQUaSoHF8Vt9wCGV85bZAnXKYpKwH4wLgYDVR0RBCcwJYIjb2lkYy5la3Mu\nZXUtY2VudHJhbC0xLmFtYXpvbmF3cy5jb20wDgYDVR0PAQH/BAQDAgWgMB0GA1Ud\nJQQWMBQGCCsGAQUFBwMBBggrBgEFBQcDAjA7BgNVHR8ENDAyMDCgLqAshipodHRw\nOi8vY3JsLnIybTAyLmFtYXpvbnRydXN0LmNvbS9yMm0wMi5jcmwwEwYDVR0gBAww\nCjAIBgZngQwBAgEwdQYIKwYBBQUHAQEEaTBnMC0GCCsGAQUFBzABhiFodHRwOi8v\nb2NzcC5yMm0wMi5hbWF6b250cnVzdC5jb20wNgYIKwYBBQUHMAKGKmh0dHA6Ly9j\ncnQucjJtMDIuYW1hem9udHJ1c3QuY29tL3IybTAyLmNlcjAMBgNVHRMBAf8EAjAA\nMIIBgAYKKwYBBAHWeQIEAgSCAXAEggFsAWoAdwDoPtDaPvUGNTLnVyi8iWvJA9PL\n0RFr7Otp4Xd9bQa9bgAAAYY7hF0YAAAEAwBIMEYCIQD2a/xUEV4+HJgD7ufh9qxG\nPSrfxu6Jk/to8gWJxjoH9QIhAIb2cfIShaemu6Rfw6h8RoPP8QPXQThF5yELe73r\n0TOfAHYAs3N3B+GEUPhjhtYFqdwRCUp5LbFnDAuH3PADDnk2pZoAAAGGO4RdQQAA\nBAMARzBFAiBau2P5wzFH8vxknJG1EoWwbMlbGcF0/76pvM1syf2YVgIhAKOB7nwo\npzMmnSPCxyP6Is4TiQYldhJDHcPnIb8brvmwAHcAtz77JN+cTbp18jnFulj0bF38\nQs96nzXEnh0JgSXttJkAAAGGO4Rc+AAABAMASDBGAiEAolYMtPBJ4Jn5lLrMi0p+\nWaYF3c93qsarSIeW48iuCmsCIQCdStKQFfX1Ve8amuu5Q4VHdiWcEtDwJWfsAFoL\n4JuQFzANBgkqhkiG9w0BAQsFAAOCAQEAkw0aVQVsAH4bSKIh9oVJWbvtPaafW8T8\nJeNzMXCDeYUQK9y6WkrMVelan1NHBzQuaV/QySgU8AnQRZhq5VQa2YWH+t22Kefq\nPhlzNZvsmRWtzGCfUh1F8upeKLaQanrUmzDVl7o1WxmHSMjXrjyED9RflfCVtbx0\nk9TNLNHYPI89dA5xMTebOnkTtgblpja6oq/VtknIAFJijMa/OIpB4zps64QeLT6j\n5TS1Ssh3FvL81VjiO/ZvQ7qn51S6D5EAjeMKI3rYGr7mcc0rNwonw5mJpwxBYuyj\nb2HDgOB7X4ZuPgllAEQKG8b9mrn5qFsGBrQYGf8mK06EC8ewVECwxg==\n-----END CERTIFICATE-----\n",
                "is_ca": false,
                "issuer": "CN=Amazon RSA 2048 M02,O=Amazon,C=US",
                "not_after": "2023-06-12T23:59:59Z",
                "not_before": "2023-02-10T00:00:00Z",
                "public_key_algorithm": "RSA",
                "serial_number": "13609451975001501619276004598468972951",
                "sha1_fingerprint": "edbe269ea492a2209d55780ca2d9cf6e99a49baa",
                "signature_algorithm": "SHA256-RSA",
                "subject": "CN=oidc.eks.eu-central-1.amazonaws.com",
                "version": 3
              }
            ],
            "content": null,
            "id": "ff7dc60e5396294bf9a5d43becd0dbdb763fe4ea",
            "url": "https://oidc.eks.eu-central-1.amazonaws.com/id/26975A4BA46010DFFDB55EC66853B757",
            "verify_chain": true
          },
          "sensitive_attributes": []
        }
      ]
    },
    {
      "module": "module.eks",
      "mode": "managed",
      "type": "aws_cloudwatch_log_group",
      "name": "this",
      "provider": "provider[\"registry.terraform.io/hashicorp/aws\"]",
      "instances": [
        {
          "index_key": 0,
          "schema_version": 0,
          "attributes": {
            "arn": "arn:aws:logs:eu-central-1:058302395964:log-group:/aws/eks/flask-cluster/cluster",
            "id": "/aws/eks/flask-cluster/cluster",
            "kms_key_id": "",
            "name": "/aws/eks/flask-cluster/cluster",
            "name_prefix": "",
            "retention_in_days": 90,
            "skip_destroy": false,
            "tags": {},
            "tags_all": {
              "Name": "flask",
              "environment": "dev",
              "purpose": "test jenkins",
              "team": "devops"
            }
          },
          "sensitive_attributes": [],
          "private": "bnVsbA==",
          "create_before_destroy": true
        }
      ]
    },
    {
      "module": "module.eks",
      "mode": "managed",
      "type": "aws_eks_addon",
      "name": "this",
      "provider": "provider[\"registry.terraform.io/hashicorp/aws\"]",
      "instances": [
        {
          "index_key": "aws-ebs-csi-driver",
          "schema_version": 0,
          "attributes": {
            "addon_name": "aws-ebs-csi-driver",
            "addon_version": "v1.16.0-eksbuild.1",
            "arn": "arn:aws:eks:eu-central-1:058302395964:addon/flask-cluster/aws-ebs-csi-driver/88c332c1-9f02-f9fc-97ee-db87ecc7391a",
            "cluster_name": "flask-cluster",
            "configuration_values": "",
            "created_at": "2023-02-18T17:12:25Z",
            "id": "flask-cluster:aws-ebs-csi-driver",
            "modified_at": "2023-02-18T17:13:04Z",
            "preserve": null,
            "resolve_conflicts": "OVERWRITE",
            "service_account_role_arn": "",
            "tags": {},
            "tags_all": {
              "Name": "flask",
              "environment": "dev",
              "purpose": "test jenkins",
              "team": "devops"
            },
            "timeouts": {
              "create": null,
              "delete": null,
              "update": null
            }
          },
          "sensitive_attributes": [],
          "private": "eyJlMmJmYjczMC1lY2FhLTExZTYtOGY4OC0zNDM2M2JjN2M0YzAiOnsiY3JlYXRlIjoxMjAwMDAwMDAwMDAwLCJkZWxldGUiOjI0MDAwMDAwMDAwMDAsInVwZGF0ZSI6MTIwMDAwMDAwMDAwMH19",
          "dependencies": [
            "module.eks.aws_cloudwatch_log_group.this",
            "module.eks.aws_eks_cluster.this",
            "module.eks.aws_iam_policy.cni_ipv6_policy",
            "module.eks.aws_iam_role.this",
            "module.eks.aws_iam_role_policy_attachment.this",
            "module.eks.aws_security_group.cluster",
            "module.eks.aws_security_group.node",
            "module.eks.aws_security_group_rule.cluster",
            "module.eks.aws_security_group_rule.node",
            "module.eks.data.aws_caller_identity.current",
            "module.eks.data.aws_eks_addon_version.this",
            "module.eks.data.aws_iam_policy_document.assume_role_policy",
            "module.eks.data.aws_iam_policy_document.cni_ipv6_policy",
            "module.eks.data.aws_iam_session_context.current",
            "module.eks.data.aws_partition.current",
            "module.eks.module.eks_managed_node_group.aws_eks_node_group.this",
            "module.eks.module.eks_managed_node_group.aws_iam_role.this",
            "module.eks.module.eks_managed_node_group.aws_iam_role_policy_attachment.additional",
            "module.eks.module.eks_managed_node_group.aws_iam_role_policy_attachment.this",
            "module.eks.module.eks_managed_node_group.aws_launch_template.this",
            "module.eks.module.eks_managed_node_group.data.aws_caller_identity.current",
            "module.eks.module.eks_managed_node_group.data.aws_iam_policy_document.assume_role_policy",
            "module.eks.module.eks_managed_node_group.data.aws_partition.current",
            "module.eks.module.eks_managed_node_group.module.user_data.data.cloudinit_config.linux_eks_managed_node_group",
            "module.eks.module.fargate_profile.aws_eks_fargate_profile.this",
            "module.eks.module.fargate_profile.aws_iam_role.this",
            "module.eks.module.fargate_profile.aws_iam_role_policy_attachment.additional",
            "module.eks.module.fargate_profile.aws_iam_role_policy_attachment.this",
            "module.eks.module.fargate_profile.data.aws_caller_identity.current",
            "module.eks.module.fargate_profile.data.aws_iam_policy_document.assume_role_policy",
            "module.eks.module.fargate_profile.data.aws_partition.current",
            "module.eks.module.kms.aws_kms_external_key.this",
            "module.eks.module.kms.aws_kms_key.this",
            "module.eks.module.kms.data.aws_caller_identity.current",
            "module.eks.module.kms.data.aws_iam_policy_document.this",
            "module.eks.module.kms.data.aws_partition.current",
            "module.eks.module.self_managed_node_group.aws_autoscaling_group.this",
            "module.eks.module.self_managed_node_group.aws_autoscaling_schedule.this",
            "module.eks.module.self_managed_node_group.aws_iam_instance_profile.this",
            "module.eks.module.self_managed_node_group.aws_iam_role.this",
            "module.eks.module.self_managed_node_group.aws_iam_role_policy_attachment.additional",
            "module.eks.module.self_managed_node_group.aws_iam_role_policy_attachment.this",
            "module.eks.module.self_managed_node_group.aws_launch_template.this",
            "module.eks.module.self_managed_node_group.data.aws_ami.eks_default",
            "module.eks.module.self_managed_node_group.data.aws_caller_identity.current",
            "module.eks.module.self_managed_node_group.data.aws_iam_policy_document.assume_role_policy",
            "module.eks.module.self_managed_node_group.data.aws_partition.current",
            "module.eks.module.self_managed_node_group.module.user_data.data.cloudinit_config.linux_eks_managed_node_group",
            "module.eks.time_sleep.this",
            "module.vpc.aws_subnet.public",
            "module.vpc.aws_vpc.this",
            "module.vpc.aws_vpc_ipv4_cidr_block_association.this"
          ]
        },
        {
          "index_key": "coredns",
          "schema_version": 0,
          "attributes": {
            "addon_name": "coredns",
            "addon_version": "v1.9.3-eksbuild.2",
            "arn": "arn:aws:eks:eu-central-1:058302395964:addon/flask-cluster/coredns/eac332c1-9f00-93cd-c9f1-9d417ca42dce",
            "cluster_name": "flask-cluster",
            "configuration_values": "",
            "created_at": "2023-02-18T17:12:25Z",
            "id": "flask-cluster:coredns",
            "modified_at": "2023-02-18T17:12:32Z",
            "preserve": null,
            "resolve_conflicts": "OVERWRITE",
            "service_account_role_arn": "",
            "tags": {},
            "tags_all": {
              "Name": "flask",
              "environment": "dev",
              "purpose": "test jenkins",
              "team": "devops"
            },
            "timeouts": {
              "create": null,
              "delete": null,
              "update": null
            }
          },
          "sensitive_attributes": [],
          "private": "eyJlMmJmYjczMC1lY2FhLTExZTYtOGY4OC0zNDM2M2JjN2M0YzAiOnsiY3JlYXRlIjoxMjAwMDAwMDAwMDAwLCJkZWxldGUiOjI0MDAwMDAwMDAwMDAsInVwZGF0ZSI6MTIwMDAwMDAwMDAwMH19",
          "dependencies": [
            "module.eks.aws_cloudwatch_log_group.this",
            "module.eks.aws_eks_cluster.this",
            "module.eks.aws_iam_policy.cni_ipv6_policy",
            "module.eks.aws_iam_role.this",
            "module.eks.aws_iam_role_policy_attachment.this",
            "module.eks.aws_security_group.cluster",
            "module.eks.aws_security_group.node",
            "module.eks.aws_security_group_rule.cluster",
            "module.eks.aws_security_group_rule.node",
            "module.eks.data.aws_caller_identity.current",
            "module.eks.data.aws_eks_addon_version.this",
            "module.eks.data.aws_iam_policy_document.assume_role_policy",
            "module.eks.data.aws_iam_policy_document.cni_ipv6_policy",
            "module.eks.data.aws_iam_session_context.current",
            "module.eks.data.aws_partition.current",
            "module.eks.module.eks_managed_node_group.aws_eks_node_group.this",
            "module.eks.module.eks_managed_node_group.aws_iam_role.this",
            "module.eks.module.eks_managed_node_group.aws_iam_role_policy_attachment.additional",
            "module.eks.module.eks_managed_node_group.aws_iam_role_policy_attachment.this",
            "module.eks.module.eks_managed_node_group.aws_launch_template.this",
            "module.eks.module.eks_managed_node_group.data.aws_caller_identity.current",
            "module.eks.module.eks_managed_node_group.data.aws_iam_policy_document.assume_role_policy",
            "module.eks.module.eks_managed_node_group.data.aws_partition.current",
            "module.eks.module.eks_managed_node_group.module.user_data.data.cloudinit_config.linux_eks_managed_node_group",
            "module.eks.module.fargate_profile.aws_eks_fargate_profile.this",
            "module.eks.module.fargate_profile.aws_iam_role.this",
            "module.eks.module.fargate_profile.aws_iam_role_policy_attachment.additional",
            "module.eks.module.fargate_profile.aws_iam_role_policy_attachment.this",
            "module.eks.module.fargate_profile.data.aws_caller_identity.current",
            "module.eks.module.fargate_profile.data.aws_iam_policy_document.assume_role_policy",
            "module.eks.module.fargate_profile.data.aws_partition.current",
            "module.eks.module.kms.aws_kms_external_key.this",
            "module.eks.module.kms.aws_kms_key.this",
            "module.eks.module.kms.data.aws_caller_identity.current",
            "module.eks.module.kms.data.aws_iam_policy_document.this",
            "module.eks.module.kms.data.aws_partition.current",
            "module.eks.module.self_managed_node_group.aws_autoscaling_group.this",
            "module.eks.module.self_managed_node_group.aws_autoscaling_schedule.this",
            "module.eks.module.self_managed_node_group.aws_iam_instance_profile.this",
            "module.eks.module.self_managed_node_group.aws_iam_role.this",
            "module.eks.module.self_managed_node_group.aws_iam_role_policy_attachment.additional",
            "module.eks.module.self_managed_node_group.aws_iam_role_policy_attachment.this",
            "module.eks.module.self_managed_node_group.aws_launch_template.this",
            "module.eks.module.self_managed_node_group.data.aws_ami.eks_default",
            "module.eks.module.self_managed_node_group.data.aws_caller_identity.current",
            "module.eks.module.self_managed_node_group.data.aws_iam_policy_document.assume_role_policy",
            "module.eks.module.self_managed_node_group.data.aws_partition.current",
            "module.eks.module.self_managed_node_group.module.user_data.data.cloudinit_config.linux_eks_managed_node_group",
            "module.eks.time_sleep.this",
            "module.vpc.aws_subnet.public",
            "module.vpc.aws_vpc.this",
            "module.vpc.aws_vpc_ipv4_cidr_block_association.this"
          ]
        },
        {
          "index_key": "kube-proxy",
          "schema_version": 0,
          "attributes": {
            "addon_name": "kube-proxy",
            "addon_version": "v1.24.9-eksbuild.1",
            "arn": "arn:aws:eks:eu-central-1:058302395964:addon/flask-cluster/kube-proxy/b8c332c1-9f00-d9bc-4f8f-83978a267e32",
            "cluster_name": "flask-cluster",
            "configuration_values": "",
            "created_at": "2023-02-18T17:12:25Z",
            "id": "flask-cluster:kube-proxy",
            "modified_at": "2023-02-18T17:12:57Z",
            "preserve": null,
            "resolve_conflicts": "OVERWRITE",
            "service_account_role_arn": "",
            "tags": {},
            "tags_all": {
              "Name": "flask",
              "environment": "dev",
              "purpose": "test jenkins",
              "team": "devops"
            },
            "timeouts": {
              "create": null,
              "delete": null,
              "update": null
            }
          },
          "sensitive_attributes": [],
          "private": "eyJlMmJmYjczMC1lY2FhLTExZTYtOGY4OC0zNDM2M2JjN2M0YzAiOnsiY3JlYXRlIjoxMjAwMDAwMDAwMDAwLCJkZWxldGUiOjI0MDAwMDAwMDAwMDAsInVwZGF0ZSI6MTIwMDAwMDAwMDAwMH19",
          "dependencies": [
            "module.eks.aws_cloudwatch_log_group.this",
            "module.eks.aws_eks_cluster.this",
            "module.eks.aws_iam_policy.cni_ipv6_policy",
            "module.eks.aws_iam_role.this",
            "module.eks.aws_iam_role_policy_attachment.this",
            "module.eks.aws_security_group.cluster",
            "module.eks.aws_security_group.node",
            "module.eks.aws_security_group_rule.cluster",
            "module.eks.aws_security_group_rule.node",
            "module.eks.data.aws_caller_identity.current",
            "module.eks.data.aws_eks_addon_version.this",
            "module.eks.data.aws_iam_policy_document.assume_role_policy",
            "module.eks.data.aws_iam_policy_document.cni_ipv6_policy",
            "module.eks.data.aws_iam_session_context.current",
            "module.eks.data.aws_partition.current",
            "module.eks.module.eks_managed_node_group.aws_eks_node_group.this",
            "module.eks.module.eks_managed_node_group.aws_iam_role.this",
            "module.eks.module.eks_managed_node_group.aws_iam_role_policy_attachment.additional",
            "module.eks.module.eks_managed_node_group.aws_iam_role_policy_attachment.this",
            "module.eks.module.eks_managed_node_group.aws_launch_template.this",
            "module.eks.module.eks_managed_node_group.data.aws_caller_identity.current",
            "module.eks.module.eks_managed_node_group.data.aws_iam_policy_document.assume_role_policy",
            "module.eks.module.eks_managed_node_group.data.aws_partition.current",
            "module.eks.module.eks_managed_node_group.module.user_data.data.cloudinit_config.linux_eks_managed_node_group",
            "module.eks.module.fargate_profile.aws_eks_fargate_profile.this",
            "module.eks.module.fargate_profile.aws_iam_role.this",
            "module.eks.module.fargate_profile.aws_iam_role_policy_attachment.additional",
            "module.eks.module.fargate_profile.aws_iam_role_policy_attachment.this",
            "module.eks.module.fargate_profile.data.aws_caller_identity.current",
            "module.eks.module.fargate_profile.data.aws_iam_policy_document.assume_role_policy",
            "module.eks.module.fargate_profile.data.aws_partition.current",
            "module.eks.module.kms.aws_kms_external_key.this",
            "module.eks.module.kms.aws_kms_key.this",
            "module.eks.module.kms.data.aws_caller_identity.current",
            "module.eks.module.kms.data.aws_iam_policy_document.this",
            "module.eks.module.kms.data.aws_partition.current",
            "module.eks.module.self_managed_node_group.aws_autoscaling_group.this",
            "module.eks.module.self_managed_node_group.aws_autoscaling_schedule.this",
            "module.eks.module.self_managed_node_group.aws_iam_instance_profile.this",
            "module.eks.module.self_managed_node_group.aws_iam_role.this",
            "module.eks.module.self_managed_node_group.aws_iam_role_policy_attachment.additional",
            "module.eks.module.self_managed_node_group.aws_iam_role_policy_attachment.this",
            "module.eks.module.self_managed_node_group.aws_launch_template.this",
            "module.eks.module.self_managed_node_group.data.aws_ami.eks_default",
            "module.eks.module.self_managed_node_group.data.aws_caller_identity.current",
            "module.eks.module.self_managed_node_group.data.aws_iam_policy_document.assume_role_policy",
            "module.eks.module.self_managed_node_group.data.aws_partition.current",
            "module.eks.module.self_managed_node_group.module.user_data.data.cloudinit_config.linux_eks_managed_node_group",
            "module.eks.time_sleep.this",
            "module.vpc.aws_subnet.public",
            "module.vpc.aws_vpc.this",
            "module.vpc.aws_vpc_ipv4_cidr_block_association.this"
          ]
        },
        {
          "index_key": "vpc-cni",
          "schema_version": 0,
          "attributes": {
            "addon_name": "vpc-cni",
            "addon_version": "v1.12.2-eksbuild.1",
            "arn": "arn:aws:eks:eu-central-1:058302395964:addon/flask-cluster/vpc-cni/d4c332c1-9f0f-6f7f-245b-60e2e2b0f5df",
            "cluster_name": "flask-cluster",
            "configuration_values": "",
            "created_at": "2023-02-18T17:12:25Z",
            "id": "flask-cluster:vpc-cni",
            "modified_at": "2023-02-18T17:13:27Z",
            "preserve": null,
            "resolve_conflicts": "OVERWRITE",
            "service_account_role_arn": "",
            "tags": {},
            "tags_all": {
              "Name": "flask",
              "environment": "dev",
              "purpose": "test jenkins",
              "team": "devops"
            },
            "timeouts": {
              "create": null,
              "delete": null,
              "update": null
            }
          },
          "sensitive_attributes": [],
          "private": "eyJlMmJmYjczMC1lY2FhLTExZTYtOGY4OC0zNDM2M2JjN2M0YzAiOnsiY3JlYXRlIjoxMjAwMDAwMDAwMDAwLCJkZWxldGUiOjI0MDAwMDAwMDAwMDAsInVwZGF0ZSI6MTIwMDAwMDAwMDAwMH19",
          "dependencies": [
            "module.eks.aws_cloudwatch_log_group.this",
            "module.eks.aws_eks_cluster.this",
            "module.eks.aws_iam_policy.cni_ipv6_policy",
            "module.eks.aws_iam_role.this",
            "module.eks.aws_iam_role_policy_attachment.this",
            "module.eks.aws_security_group.cluster",
            "module.eks.aws_security_group.node",
            "module.eks.aws_security_group_rule.cluster",
            "module.eks.aws_security_group_rule.node",
            "module.eks.data.aws_caller_identity.current",
            "module.eks.data.aws_eks_addon_version.this",
            "module.eks.data.aws_iam_policy_document.assume_role_policy",
            "module.eks.data.aws_iam_policy_document.cni_ipv6_policy",
            "module.eks.data.aws_iam_session_context.current",
            "module.eks.data.aws_partition.current",
            "module.eks.module.eks_managed_node_group.aws_eks_node_group.this",
            "module.eks.module.eks_managed_node_group.aws_iam_role.this",
            "module.eks.module.eks_managed_node_group.aws_iam_role_policy_attachment.additional",
            "module.eks.module.eks_managed_node_group.aws_iam_role_policy_attachment.this",
            "module.eks.module.eks_managed_node_group.aws_launch_template.this",
            "module.eks.module.eks_managed_node_group.data.aws_caller_identity.current",
            "module.eks.module.eks_managed_node_group.data.aws_iam_policy_document.assume_role_policy",
            "module.eks.module.eks_managed_node_group.data.aws_partition.current",
            "module.eks.module.eks_managed_node_group.module.user_data.data.cloudinit_config.linux_eks_managed_node_group",
            "module.eks.module.fargate_profile.aws_eks_fargate_profile.this",
            "module.eks.module.fargate_profile.aws_iam_role.this",
            "module.eks.module.fargate_profile.aws_iam_role_policy_attachment.additional",
            "module.eks.module.fargate_profile.aws_iam_role_policy_attachment.this",
            "module.eks.module.fargate_profile.data.aws_caller_identity.current",
            "module.eks.module.fargate_profile.data.aws_iam_policy_document.assume_role_policy",
            "module.eks.module.fargate_profile.data.aws_partition.current",
            "module.eks.module.kms.aws_kms_external_key.this",
            "module.eks.module.kms.aws_kms_key.this",
            "module.eks.module.kms.data.aws_caller_identity.current",
            "module.eks.module.kms.data.aws_iam_policy_document.this",
            "module.eks.module.kms.data.aws_partition.current",
            "module.eks.module.self_managed_node_group.aws_autoscaling_group.this",
            "module.eks.module.self_managed_node_group.aws_autoscaling_schedule.this",
            "module.eks.module.self_managed_node_group.aws_iam_instance_profile.this",
            "module.eks.module.self_managed_node_group.aws_iam_role.this",
            "module.eks.module.self_managed_node_group.aws_iam_role_policy_attachment.additional",
            "module.eks.module.self_managed_node_group.aws_iam_role_policy_attachment.this",
            "module.eks.module.self_managed_node_group.aws_launch_template.this",
            "module.eks.module.self_managed_node_group.data.aws_ami.eks_default",
            "module.eks.module.self_managed_node_group.data.aws_caller_identity.current",
            "module.eks.module.self_managed_node_group.data.aws_iam_policy_document.assume_role_policy",
            "module.eks.module.self_managed_node_group.data.aws_partition.current",
            "module.eks.module.self_managed_node_group.module.user_data.data.cloudinit_config.linux_eks_managed_node_group",
            "module.eks.time_sleep.this",
            "module.vpc.aws_subnet.public",
            "module.vpc.aws_vpc.this",
            "module.vpc.aws_vpc_ipv4_cidr_block_association.this"
          ]
        }
      ]
    },
    {
      "module": "module.eks",
      "mode": "managed",
      "type": "aws_eks_cluster",
      "name": "this",
      "provider": "provider[\"registry.terraform.io/hashicorp/aws\"]",
      "instances": [
        {
          "index_key": 0,
          "schema_version": 0,
          "attributes": {
            "arn": "arn:aws:eks:eu-central-1:058302395964:cluster/flask-cluster",
            "certificate_authority": [
              {
                "data": "LS0tLS1CRUdJTiBDRVJUSUZJQ0FURS0tLS0tCk1JSUMvakNDQWVhZ0F3SUJBZ0lCQURBTkJna3Foa2lHOXcwQkFRc0ZBREFWTVJNd0VRWURWUVFERXdwcmRXSmwKY201bGRHVnpNQjRYRFRJek1ESXhPREUzTURZd01Gb1hEVE16TURJeE5URTNNRFl3TUZvd0ZURVRNQkVHQTFVRQpBeE1LYTNWaVpYSnVaWFJsY3pDQ0FTSXdEUVlKS29aSWh2Y05BUUVCQlFBRGdnRVBBRENDQVFvQ2dnRUJBSzI4CjlidStSUVJkWlZHMVhkN0VCM2dMOXREK0dZYzNwZ2hxS1hsN0hXSUVTZWE2UmxKdUtkWjJ1VnJMR2FPQVRwa1kKbFB4dStsaVI0a1lRWlBFQzg4Zkl0U1JyZDNURUd4eDVTT2lDSXlIbGd5NndvUzlDVGNUYVYvQ2drcnYxTGM2UgpZZnB1aTd4ZU0ybjlwV2JzaW43c2RIUElrRit3UjQ4RWFENStvYWx1WFo1bTZaZUZZRVQxMk1EZjJLMFE0NDgrCjhkeWZWMXRPTGc0MWhWcDFrMWdSeEdndTgvb3VmcldpN2VGbC9SVXpCRVc5VmdKODZ0ZVdhZ1NzMllJMXpyUFgKTWt4Uk5YdjVLL3E1dkxZN1hoVVFGV0FqNkROYXZLUStxY3JpQzRkcE1YUDJ0UUFXbUdObmthd3B5c3pjaURIQQoyUlgxQ2lGRlIxK3dqSGJyZjQwQ0F3RUFBYU5aTUZjd0RnWURWUjBQQVFIL0JBUURBZ0trTUE4R0ExVWRFd0VCCi93UUZNQU1CQWY4d0hRWURWUjBPQkJZRUZBb2pFZmZEd0MwZWlkN1MzQUFVNjljSGZuU0FNQlVHQTFVZEVRUU8KTUF5Q0NtdDFZbVZ5Ym1WMFpYTXdEUVlKS29aSWh2Y05BUUVMQlFBRGdnRUJBQTUxREIwSGtCWTFJQkpaZ2czZwoyaWZINHJFUVZucVJWa1c3UXUwUXRRbm5vaDFOVW1GMFhvdWFRZTgxNHRmbExsU1oxTzRxV3hMZGFBdUFINm9XCnB0VlNUZDdPSVk0cDJhdHM5TklyM3RZVnEwczB2MTZXemJLakN1SmhqYXFPZ0pKdVFvMGFNcjNicUlwbzFqeWQKbm9zSUFWampURjFyTjZSM2FiWXc0RnV6eStSM3A5eFlnV3o3N2lhVnNlcXlRcGw5ZU83bmxMOExMdk1yZldYOQp4TkJHZnBwMUl2QUh0NERybVIzTU52REt5aWt3S3hURXA5eDU3NEFaQk5FM3lxVmx2aWpvOVlpVzl1MGpuZ09ICkU3VDliQ3ZqN2pBVzlRb3FmZWpHaUpJeXJueUhqS3lYMnJIUkU1UEthWUk0N0NFTDNvMlpjS08zd0xZT21WbnEKM2FrPQotLS0tLUVORCBDRVJUSUZJQ0FURS0tLS0tCg=="
              }
            ],
            "cluster_id": null,
            "created_at": "2023-02-18 17:00:34.821 +0000 UTC",
            "enabled_cluster_log_types": [
              "api",
              "audit",
              "authenticator"
            ],
            "encryption_config": [
              {
                "provider": [
                  {
                    "key_arn": "arn:aws:kms:eu-central-1:058302395964:key/94374542-331a-4f53-9fa7-6452855dcc0f"
                  }
                ],
                "resources": [
                  "secrets"
                ]
              }
            ],
            "endpoint": "https://26975A4BA46010DFFDB55EC66853B757.gr7.eu-central-1.eks.amazonaws.com",
            "id": "flask-cluster",
            "identity": [
              {
                "oidc": [
                  {
                    "issuer": "https://oidc.eks.eu-central-1.amazonaws.com/id/26975A4BA46010DFFDB55EC66853B757"
                  }
                ]
              }
            ],
            "kubernetes_network_config": [
              {
                "ip_family": "ipv4",
                "service_ipv4_cidr": "172.20.0.0/16",
                "service_ipv6_cidr": ""
              }
            ],
            "name": "flask-cluster",
            "outpost_config": [],
            "platform_version": "eks.4",
            "role_arn": "arn:aws:iam::058302395964:role/flask-cluster-cluster-20230218170009964500000002",
            "status": "ACTIVE",
            "tags": {},
            "tags_all": {
              "Name": "flask",
              "environment": "dev",
              "purpose": "test jenkins",
              "team": "devops"
            },
            "timeouts": {
              "create": null,
              "delete": null,
              "update": null
            },
            "version": "1.24",
            "vpc_config": [
              {
                "cluster_security_group_id": "sg-03d0b45725f3c7491",
                "endpoint_private_access": true,
                "endpoint_public_access": true,
                "public_access_cidrs": [
                  "0.0.0.0/0"
                ],
                "security_group_ids": [
                  "sg-0ebf7444eacfa4818"
                ],
                "subnet_ids": [
                  "subnet-032990699fea18919",
                  "subnet-06c80b28a6fd6d86d",
                  "subnet-0d34b16781126fe79"
                ],
                "vpc_id": "vpc-04622a39bfb009bc8"
              }
            ]
          },
          "sensitive_attributes": [],
          "private": "eyJlMmJmYjczMC1lY2FhLTExZTYtOGY4OC0zNDM2M2JjN2M0YzAiOnsiY3JlYXRlIjoxODAwMDAwMDAwMDAwLCJkZWxldGUiOjkwMDAwMDAwMDAwMCwidXBkYXRlIjozNjAwMDAwMDAwMDAwfX0=",
          "dependencies": [
            "module.eks.aws_cloudwatch_log_group.this",
            "module.eks.aws_iam_policy.cni_ipv6_policy",
            "module.eks.aws_iam_role.this",
            "module.eks.aws_iam_role_policy_attachment.this",
            "module.eks.aws_security_group.cluster",
            "module.eks.aws_security_group.node",
            "module.eks.aws_security_group_rule.cluster",
            "module.eks.aws_security_group_rule.node",
            "module.eks.data.aws_caller_identity.current",
            "module.eks.data.aws_iam_policy_document.assume_role_policy",
            "module.eks.data.aws_iam_policy_document.cni_ipv6_policy",
            "module.eks.data.aws_iam_session_context.current",
            "module.eks.data.aws_partition.current",
            "module.eks.module.kms.aws_kms_external_key.this",
            "module.eks.module.kms.aws_kms_key.this",
            "module.eks.module.kms.data.aws_caller_identity.current",
            "module.eks.module.kms.data.aws_iam_policy_document.this",
            "module.eks.module.kms.data.aws_partition.current",
            "module.vpc.aws_subnet.public",
            "module.vpc.aws_vpc.this",
            "module.vpc.aws_vpc_ipv4_cidr_block_association.this"
          ],
          "create_before_destroy": true
        }
      ]
    },
    {
      "module": "module.eks",
      "mode": "managed",
      "type": "aws_eks_identity_provider_config",
      "name": "this",
      "provider": "provider[\"registry.terraform.io/hashicorp/aws\"]",
      "instances": [
        {
          "index_key": "sts",
          "schema_version": 0,
          "attributes": {
            "arn": "arn:aws:eks:eu-central-1:058302395964:identityproviderconfig/flask-cluster/oidc/sts/88c332c0-bd88-ce7e-5805-606d84abe6ca",
            "cluster_name": "flask-cluster",
            "id": "flask-cluster:sts",
            "oidc": [
              {
                "client_id": "sts.amazonaws.com",
                "groups_claim": "",
                "groups_prefix": "",
                "identity_provider_config_name": "sts",
                "issuer_url": "https://oidc.eks.eu-central-1.amazonaws.com/id/26975A4BA46010DFFDB55EC66853B757",
                "required_claims": {},
                "username_claim": "",
                "username_prefix": ""
              }
            ],
            "status": "ACTIVE",
            "tags": {},
            "tags_all": {
              "Name": "flask",
              "environment": "dev",
              "purpose": "test jenkins",
              "team": "devops"
            },
            "timeouts": null
          },
          "sensitive_attributes": [],
          "private": "eyJlMmJmYjczMC1lY2FhLTExZTYtOGY4OC0zNDM2M2JjN2M0YzAiOnsiY3JlYXRlIjoyNDAwMDAwMDAwMDAwLCJkZWxldGUiOjI0MDAwMDAwMDAwMDB9fQ==",
          "dependencies": [
            "module.eks.aws_cloudwatch_log_group.this",
            "module.eks.aws_eks_cluster.this",
            "module.eks.aws_iam_policy.cni_ipv6_policy",
            "module.eks.aws_iam_role.this",
            "module.eks.aws_iam_role_policy_attachment.this",
            "module.eks.aws_security_group.cluster",
            "module.eks.aws_security_group.node",
            "module.eks.aws_security_group_rule.cluster",
            "module.eks.aws_security_group_rule.node",
            "module.eks.data.aws_caller_identity.current",
            "module.eks.data.aws_iam_policy_document.assume_role_policy",
            "module.eks.data.aws_iam_policy_document.cni_ipv6_policy",
            "module.eks.data.aws_iam_session_context.current",
            "module.eks.data.aws_partition.current",
            "module.eks.module.kms.aws_kms_external_key.this",
            "module.eks.module.kms.aws_kms_key.this",
            "module.eks.module.kms.data.aws_caller_identity.current",
            "module.eks.module.kms.data.aws_iam_policy_document.this",
            "module.eks.module.kms.data.aws_partition.current",
            "module.vpc.aws_subnet.public",
            "module.vpc.aws_vpc.this",
            "module.vpc.aws_vpc_ipv4_cidr_block_association.this"
          ]
        }
      ]
    },
    {
      "module": "module.eks",
      "mode": "managed",
      "type": "aws_iam_openid_connect_provider",
      "name": "oidc_provider",
      "provider": "provider[\"registry.terraform.io/hashicorp/aws\"]",
      "instances": [
        {
          "index_key": 0,
          "schema_version": 0,
          "attributes": {
            "arn": "arn:aws:iam::058302395964:oidc-provider/oidc.eks.eu-central-1.amazonaws.com/id/26975A4BA46010DFFDB55EC66853B757",
            "client_id_list": [
              "sts.amazonaws.com"
            ],
            "id": "arn:aws:iam::058302395964:oidc-provider/oidc.eks.eu-central-1.amazonaws.com/id/26975A4BA46010DFFDB55EC66853B757",
            "tags": {
              "Name": "flask-cluster-eks-irsa"
            },
            "tags_all": {
              "Name": "flask-cluster-eks-irsa",
              "environment": "dev",
              "purpose": "test jenkins",
              "team": "devops"
            },
            "thumbprint_list": [
              "9e99a48a9960b14926bb7f3b02e22da2b0ab7280",
              "06b25927c42a721631c1efd9431e648fa62e1e39",
              "414a2060b738c635cc7fc243e052615592830c53",
              "edbe269ea492a2209d55780ca2d9cf6e99a49baa"
            ],
            "url": "oidc.eks.eu-central-1.amazonaws.com/id/26975A4BA46010DFFDB55EC66853B757"
          },
          "sensitive_attributes": [],
          "private": "bnVsbA==",
          "dependencies": [
            "module.eks.aws_cloudwatch_log_group.this",
            "module.eks.aws_eks_cluster.this",
            "module.eks.aws_iam_policy.cni_ipv6_policy",
            "module.eks.aws_iam_role.this",
            "module.eks.aws_iam_role_policy_attachment.this",
            "module.eks.aws_security_group.cluster",
            "module.eks.aws_security_group.node",
            "module.eks.aws_security_group_rule.cluster",
            "module.eks.aws_security_group_rule.node",
            "module.eks.data.aws_caller_identity.current",
            "module.eks.data.aws_iam_policy_document.assume_role_policy",
            "module.eks.data.aws_iam_policy_document.cni_ipv6_policy",
            "module.eks.data.aws_iam_session_context.current",
            "module.eks.data.aws_partition.current",
            "module.eks.data.tls_certificate.this",
            "module.eks.module.kms.aws_kms_external_key.this",
            "module.eks.module.kms.aws_kms_key.this",
            "module.eks.module.kms.data.aws_caller_identity.current",
            "module.eks.module.kms.data.aws_iam_policy_document.this",
            "module.eks.module.kms.data.aws_partition.current",
            "module.vpc.aws_subnet.public",
            "module.vpc.aws_vpc.this",
            "module.vpc.aws_vpc_ipv4_cidr_block_association.this"
          ]
        }
      ]
    },
    {
      "module": "module.eks",
      "mode": "managed",
      "type": "aws_iam_policy",
      "name": "cluster_encryption",
      "provider": "provider[\"registry.terraform.io/hashicorp/aws\"]",
      "instances": [
        {
          "index_key": 0,
          "schema_version": 0,
          "attributes": {
            "arn": "arn:aws:iam::058302395964:policy/flask-cluster-cluster-ClusterEncryption2023021817003293430000000b",
            "description": "Cluster encryption policy to allow cluster role to utilize CMK provided",
            "id": "arn:aws:iam::058302395964:policy/flask-cluster-cluster-ClusterEncryption2023021817003293430000000b",
            "name": "flask-cluster-cluster-ClusterEncryption2023021817003293430000000b",
            "name_prefix": "flask-cluster-cluster-ClusterEncryption",
            "path": "/",
            "policy": "{\"Statement\":[{\"Action\":[\"kms:Encrypt\",\"kms:Decrypt\",\"kms:ListGrants\",\"kms:DescribeKey\"],\"Effect\":\"Allow\",\"Resource\":\"arn:aws:kms:eu-central-1:058302395964:key/94374542-331a-4f53-9fa7-6452855dcc0f\"}],\"Version\":\"2012-10-17\"}",
            "policy_id": "ANPAQ3EYX6Y6OQMKXE5DM",
            "tags": {},
            "tags_all": {
              "Name": "flask",
              "environment": "dev",
              "purpose": "test jenkins",
              "team": "devops"
            }
          },
          "sensitive_attributes": [],
          "private": "bnVsbA==",
          "dependencies": [
            "module.eks.aws_iam_role.this",
            "module.eks.data.aws_caller_identity.current",
            "module.eks.data.aws_iam_policy_document.assume_role_policy",
            "module.eks.data.aws_iam_session_context.current",
            "module.eks.data.aws_partition.current",
            "module.eks.module.kms.aws_kms_external_key.this",
            "module.eks.module.kms.aws_kms_key.this",
            "module.eks.module.kms.data.aws_caller_identity.current",
            "module.eks.module.kms.data.aws_iam_policy_document.this",
            "module.eks.module.kms.data.aws_partition.current"
          ]
        }
      ]
    },
    {
      "module": "module.eks",
      "mode": "managed",
      "type": "aws_iam_role",
      "name": "this",
      "provider": "provider[\"registry.terraform.io/hashicorp/aws\"]",
      "instances": [
        {
          "index_key": 0,
          "schema_version": 0,
          "attributes": {
            "arn": "arn:aws:iam::058302395964:role/flask-cluster-cluster-20230218170009964500000002",
            "assume_role_policy": "{\"Statement\":[{\"Action\":\"sts:AssumeRole\",\"Effect\":\"Allow\",\"Principal\":{\"Service\":\"eks.amazonaws.com\"},\"Sid\":\"EKSClusterAssumeRole\"}],\"Version\":\"2012-10-17\"}",
            "create_date": "2023-02-18T17:00:10Z",
            "description": "",
            "force_detach_policies": true,
            "id": "flask-cluster-cluster-20230218170009964500000002",
            "inline_policy": [
              {
                "name": "flask-cluster-cluster",
                "policy": "{\"Statement\":[{\"Action\":[\"logs:CreateLogGroup\"],\"Effect\":\"Deny\",\"Resource\":\"*\"}],\"Version\":\"2012-10-17\"}"
              }
            ],
            "managed_policy_arns": [
              "arn:aws:iam::058302395964:policy/flask-cluster-cluster-ClusterEncryption2023021817003293430000000b",
              "arn:aws:iam::aws:policy/AmazonEKSClusterPolicy",
              "arn:aws:iam::aws:policy/AmazonEKSVPCResourceController"
            ],
            "max_session_duration": 3600,
            "name": "flask-cluster-cluster-20230218170009964500000002",
            "name_prefix": "flask-cluster-cluster-",
            "path": "/",
            "permissions_boundary": null,
            "tags": {},
            "tags_all": {
              "Name": "flask",
              "environment": "dev",
              "purpose": "test jenkins",
              "team": "devops"
            },
            "unique_id": "AROAQ3EYX6Y6FBUU3M2NZ"
          },
          "sensitive_attributes": [],
          "private": "bnVsbA==",
          "dependencies": [
            "module.eks.data.aws_iam_policy_document.assume_role_policy",
            "module.eks.data.aws_partition.current"
          ],
          "create_before_destroy": true
        }
      ]
    },
    {
      "module": "module.eks",
      "mode": "managed",
      "type": "aws_iam_role_policy_attachment",
      "name": "cluster_encryption",
      "provider": "provider[\"registry.terraform.io/hashicorp/aws\"]",
      "instances": [
        {
          "index_key": 0,
          "schema_version": 0,
          "attributes": {
            "id": "flask-cluster-cluster-20230218170009964500000002-2023021817003363680000000d",
            "policy_arn": "arn:aws:iam::058302395964:policy/flask-cluster-cluster-ClusterEncryption2023021817003293430000000b",
            "role": "flask-cluster-cluster-20230218170009964500000002"
          },
          "sensitive_attributes": [],
          "private": "bnVsbA==",
          "dependencies": [
            "module.eks.aws_iam_policy.cluster_encryption",
            "module.eks.aws_iam_role.this",
            "module.eks.data.aws_caller_identity.current",
            "module.eks.data.aws_iam_policy_document.assume_role_policy",
            "module.eks.data.aws_iam_session_context.current",
            "module.eks.data.aws_partition.current",
            "module.eks.module.kms.aws_kms_external_key.this",
            "module.eks.module.kms.aws_kms_key.this",
            "module.eks.module.kms.data.aws_caller_identity.current",
            "module.eks.module.kms.data.aws_iam_policy_document.this",
            "module.eks.module.kms.data.aws_partition.current"
          ]
        }
      ]
    },
    {
      "module": "module.eks",
      "mode": "managed",
      "type": "aws_iam_role_policy_attachment",
      "name": "this",
      "provider": "provider[\"registry.terraform.io/hashicorp/aws\"]",
      "instances": [
        {
          "index_key": "AmazonEKSClusterPolicy",
          "schema_version": 0,
          "attributes": {
            "id": "flask-cluster-cluster-20230218170009964500000002-20230218170012211800000008",
            "policy_arn": "arn:aws:iam::aws:policy/AmazonEKSClusterPolicy",
            "role": "flask-cluster-cluster-20230218170009964500000002"
          },
          "sensitive_attributes": [],
          "private": "bnVsbA==",
          "dependencies": [
            "module.eks.aws_iam_role.this",
            "module.eks.data.aws_iam_policy_document.assume_role_policy",
            "module.eks.data.aws_partition.current"
          ],
          "create_before_destroy": true
        },
        {
          "index_key": "AmazonEKSVPCResourceController",
          "schema_version": 0,
          "attributes": {
            "id": "flask-cluster-cluster-20230218170009964500000002-20230218170012197000000007",
            "policy_arn": "arn:aws:iam::aws:policy/AmazonEKSVPCResourceController",
            "role": "flask-cluster-cluster-20230218170009964500000002"
          },
          "sensitive_attributes": [],
          "private": "bnVsbA==",
          "dependencies": [
            "module.eks.aws_iam_role.this",
            "module.eks.data.aws_iam_policy_document.assume_role_policy",
            "module.eks.data.aws_partition.current"
          ],
          "create_before_destroy": true
        }
      ]
    },
    {
      "module": "module.eks",
      "mode": "managed",
      "type": "aws_security_group",
      "name": "cluster",
      "provider": "provider[\"registry.terraform.io/hashicorp/aws\"]",
      "instances": [
        {
          "index_key": 0,
          "schema_version": 1,
          "attributes": {
            "arn": "arn:aws:ec2:eu-central-1:058302395964:security-group/sg-0ebf7444eacfa4818",
            "description": "EKS cluster security group",
            "egress": [],
            "id": "sg-0ebf7444eacfa4818",
            "ingress": [
              {
                "cidr_blocks": [],
                "description": "Node groups to cluster API",
                "from_port": 443,
                "ipv6_cidr_blocks": [],
                "prefix_list_ids": [],
                "protocol": "tcp",
                "security_groups": [
                  "sg-06de9e5c1e5f993b6"
                ],
                "self": false,
                "to_port": 443
              }
            ],
            "name": "flask-cluster-cluster-20230218170021922100000009",
            "name_prefix": "flask-cluster-cluster-",
            "owner_id": "058302395964",
            "revoke_rules_on_delete": false,
            "tags": {
              "Name": "flask-cluster-cluster"
            },
            "tags_all": {
              "Name": "flask-cluster-cluster",
              "environment": "dev",
              "purpose": "test jenkins",
              "team": "devops"
            },
            "timeouts": null,
            "vpc_id": "vpc-04622a39bfb009bc8"
          },
          "sensitive_attributes": [],
          "private": "eyJlMmJmYjczMC1lY2FhLTExZTYtOGY4OC0zNDM2M2JjN2M0YzAiOnsiY3JlYXRlIjo2MDAwMDAwMDAwMDAsImRlbGV0ZSI6OTAwMDAwMDAwMDAwfSwic2NoZW1hX3ZlcnNpb24iOiIxIn0=",
          "dependencies": [
            "module.vpc.aws_vpc.this"
          ],
          "create_before_destroy": true
        }
      ]
    },
    {
      "module": "module.eks",
      "mode": "managed",
      "type": "aws_security_group",
      "name": "node",
      "provider": "provider[\"registry.terraform.io/hashicorp/aws\"]",
      "instances": [
        {
          "index_key": 0,
          "schema_version": 1,
          "attributes": {
            "arn": "arn:aws:ec2:eu-central-1:058302395964:security-group/sg-06de9e5c1e5f993b6",
            "description": "EKS node shared security group",
            "egress": [
              {
                "cidr_blocks": [
                  "0.0.0.0/0"
                ],
                "description": "Allow all egress",
                "from_port": 0,
                "ipv6_cidr_blocks": [],
                "prefix_list_ids": [],
                "protocol": "-1",
                "security_groups": [],
                "self": false,
                "to_port": 0
              }
            ],
            "id": "sg-06de9e5c1e5f993b6",
            "ingress": [
              {
                "cidr_blocks": [],
                "description": "Cluster API to node 4443/tcp webhook",
                "from_port": 4443,
                "ipv6_cidr_blocks": [],
                "prefix_list_ids": [],
                "protocol": "tcp",
                "security_groups": [
                  "sg-0ebf7444eacfa4818"
                ],
                "self": false,
                "to_port": 4443
              },
              {
                "cidr_blocks": [],
                "description": "Cluster API to node 6443/tcp webhook",
                "from_port": 6443,
                "ipv6_cidr_blocks": [],
                "prefix_list_ids": [],
                "protocol": "tcp",
                "security_groups": [
                  "sg-0ebf7444eacfa4818"
                ],
                "self": false,
                "to_port": 6443
              },
              {
                "cidr_blocks": [],
                "description": "Cluster API to node 8443/tcp webhook",
                "from_port": 8443,
                "ipv6_cidr_blocks": [],
                "prefix_list_ids": [],
                "protocol": "tcp",
                "security_groups": [
                  "sg-0ebf7444eacfa4818"
                ],
                "self": false,
                "to_port": 8443
              },
              {
                "cidr_blocks": [],
                "description": "Cluster API to node 9443/tcp webhook",
                "from_port": 9443,
                "ipv6_cidr_blocks": [],
                "prefix_list_ids": [],
                "protocol": "tcp",
                "security_groups": [
                  "sg-0ebf7444eacfa4818"
                ],
                "self": false,
                "to_port": 9443
              },
              {
                "cidr_blocks": [],
                "description": "Cluster API to node groups",
                "from_port": 443,
                "ipv6_cidr_blocks": [],
                "prefix_list_ids": [],
                "protocol": "tcp",
                "security_groups": [
                  "sg-0ebf7444eacfa4818"
                ],
                "self": false,
                "to_port": 443
              },
              {
                "cidr_blocks": [],
                "description": "Cluster API to node kubelets",
                "from_port": 10250,
                "ipv6_cidr_blocks": [],
                "prefix_list_ids": [],
                "protocol": "tcp",
                "security_groups": [
                  "sg-0ebf7444eacfa4818"
                ],
                "self": false,
                "to_port": 10250
              },
              {
                "cidr_blocks": [],
                "description": "Node to node CoreDNS UDP",
                "from_port": 53,
                "ipv6_cidr_blocks": [],
                "prefix_list_ids": [],
                "protocol": "udp",
                "security_groups": [],
                "self": true,
                "to_port": 53
              },
              {
                "cidr_blocks": [],
                "description": "Node to node CoreDNS",
                "from_port": 53,
                "ipv6_cidr_blocks": [],
                "prefix_list_ids": [],
                "protocol": "tcp",
                "security_groups": [],
                "self": true,
                "to_port": 53
              },
              {
                "cidr_blocks": [],
                "description": "Node to node ingress on ephemeral ports",
                "from_port": 1025,
                "ipv6_cidr_blocks": [],
                "prefix_list_ids": [],
                "protocol": "tcp",
                "security_groups": [],
                "self": true,
                "to_port": 65535
              }
            ],
            "name": "flask-cluster-node-2023021817002192220000000a",
            "name_prefix": "flask-cluster-node-",
            "owner_id": "058302395964",
            "revoke_rules_on_delete": false,
            "tags": {
              "Name": "flask-cluster-node",
              "kubernetes.io/cluster/flask-cluster": "owned"
            },
            "tags_all": {
              "Name": "flask-cluster-node",
              "environment": "dev",
              "kubernetes.io/cluster/flask-cluster": "owned",
              "purpose": "test jenkins",
              "team": "devops"
            },
            "timeouts": null,
            "vpc_id": "vpc-04622a39bfb009bc8"
          },
          "sensitive_attributes": [],
          "private": "eyJlMmJmYjczMC1lY2FhLTExZTYtOGY4OC0zNDM2M2JjN2M0YzAiOnsiY3JlYXRlIjo2MDAwMDAwMDAwMDAsImRlbGV0ZSI6OTAwMDAwMDAwMDAwfSwic2NoZW1hX3ZlcnNpb24iOiIxIn0=",
          "dependencies": [
            "module.vpc.aws_vpc.this"
          ],
          "create_before_destroy": true
        }
      ]
    },
    {
      "module": "module.eks",
      "mode": "managed",
      "type": "aws_security_group_rule",
      "name": "cluster",
      "provider": "provider[\"registry.terraform.io/hashicorp/aws\"]",
      "instances": [
        {
          "index_key": "ingress_nodes_443",
          "schema_version": 2,
          "attributes": {
            "cidr_blocks": null,
            "description": "Node groups to cluster API",
            "from_port": 443,
            "id": "sgrule-2467060186",
            "ipv6_cidr_blocks": null,
            "prefix_list_ids": null,
            "protocol": "tcp",
            "security_group_id": "sg-0ebf7444eacfa4818",
            "security_group_rule_id": "sgr-0aecc0750b285935d",
            "self": false,
            "source_security_group_id": "sg-06de9e5c1e5f993b6",
            "timeouts": null,
            "to_port": 443,
            "type": "ingress"
          },
          "sensitive_attributes": [],
          "private": "eyJlMmJmYjczMC1lY2FhLTExZTYtOGY4OC0zNDM2M2JjN2M0YzAiOnsiY3JlYXRlIjozMDAwMDAwMDAwMDB9LCJzY2hlbWFfdmVyc2lvbiI6IjIifQ==",
          "dependencies": [
            "module.eks.aws_security_group.cluster",
            "module.eks.aws_security_group.node",
            "module.vpc.aws_vpc.this"
          ],
          "create_before_destroy": true
        }
      ]
    },
    {
      "module": "module.eks",
      "mode": "managed",
      "type": "aws_security_group_rule",
      "name": "node",
      "provider": "provider[\"registry.terraform.io/hashicorp/aws\"]",
      "instances": [
        {
          "index_key": "egress_all",
          "schema_version": 2,
          "attributes": {
            "cidr_blocks": [
              "0.0.0.0/0"
            ],
            "description": "Allow all egress",
            "from_port": 0,
            "id": "sgrule-3587069436",
            "ipv6_cidr_blocks": null,
            "prefix_list_ids": [],
            "protocol": "-1",
            "security_group_id": "sg-06de9e5c1e5f993b6",
            "security_group_rule_id": "sgr-02eaa2ddeb75d7865",
            "self": false,
            "source_security_group_id": null,
            "timeouts": null,
            "to_port": 0,
            "type": "egress"
          },
          "sensitive_attributes": [],
          "private": "eyJlMmJmYjczMC1lY2FhLTExZTYtOGY4OC0zNDM2M2JjN2M0YzAiOnsiY3JlYXRlIjozMDAwMDAwMDAwMDB9LCJzY2hlbWFfdmVyc2lvbiI6IjIifQ==",
          "dependencies": [
            "module.eks.aws_security_group.cluster",
            "module.eks.aws_security_group.node",
            "module.vpc.aws_vpc.this"
          ],
          "create_before_destroy": true
        },
        {
          "index_key": "ingress_cluster_443",
          "schema_version": 2,
          "attributes": {
            "cidr_blocks": null,
            "description": "Cluster API to node groups",
            "from_port": 443,
            "id": "sgrule-2204140091",
            "ipv6_cidr_blocks": null,
            "prefix_list_ids": [],
            "protocol": "tcp",
            "security_group_id": "sg-06de9e5c1e5f993b6",
            "security_group_rule_id": "sgr-02f4ef9ae1c5783c2",
            "self": false,
            "source_security_group_id": "sg-0ebf7444eacfa4818",
            "timeouts": null,
            "to_port": 443,
            "type": "ingress"
          },
          "sensitive_attributes": [],
          "private": "eyJlMmJmYjczMC1lY2FhLTExZTYtOGY4OC0zNDM2M2JjN2M0YzAiOnsiY3JlYXRlIjozMDAwMDAwMDAwMDB9LCJzY2hlbWFfdmVyc2lvbiI6IjIifQ==",
          "dependencies": [
            "module.eks.aws_security_group.cluster",
            "module.eks.aws_security_group.node",
            "module.vpc.aws_vpc.this"
          ],
          "create_before_destroy": true
        },
        {
          "index_key": "ingress_cluster_4443_webhook",
          "schema_version": 2,
          "attributes": {
            "cidr_blocks": null,
            "description": "Cluster API to node 4443/tcp webhook",
            "from_port": 4443,
            "id": "sgrule-2269632508",
            "ipv6_cidr_blocks": null,
            "prefix_list_ids": [],
            "protocol": "tcp",
            "security_group_id": "sg-06de9e5c1e5f993b6",
            "security_group_rule_id": "sgr-0bf57446ea707bc5e",
            "self": false,
            "source_security_group_id": "sg-0ebf7444eacfa4818",
            "timeouts": null,
            "to_port": 4443,
            "type": "ingress"
          },
          "sensitive_attributes": [],
          "private": "eyJlMmJmYjczMC1lY2FhLTExZTYtOGY4OC0zNDM2M2JjN2M0YzAiOnsiY3JlYXRlIjozMDAwMDAwMDAwMDB9LCJzY2hlbWFfdmVyc2lvbiI6IjIifQ==",
          "dependencies": [
            "module.eks.aws_security_group.cluster",
            "module.eks.aws_security_group.node",
            "module.vpc.aws_vpc.this"
          ],
          "create_before_destroy": true
        },
        {
          "index_key": "ingress_cluster_6443_webhook",
          "schema_version": 2,
          "attributes": {
            "cidr_blocks": null,
            "description": "Cluster API to node 6443/tcp webhook",
            "from_port": 6443,
            "id": "sgrule-1308995690",
            "ipv6_cidr_blocks": null,
            "prefix_list_ids": [],
            "protocol": "tcp",
            "security_group_id": "sg-06de9e5c1e5f993b6",
            "security_group_rule_id": "sgr-03cd598df9c74f2bf",
            "self": false,
            "source_security_group_id": "sg-0ebf7444eacfa4818",
            "timeouts": null,
            "to_port": 6443,
            "type": "ingress"
          },
          "sensitive_attributes": [],
          "private": "eyJlMmJmYjczMC1lY2FhLTExZTYtOGY4OC0zNDM2M2JjN2M0YzAiOnsiY3JlYXRlIjozMDAwMDAwMDAwMDB9LCJzY2hlbWFfdmVyc2lvbiI6IjIifQ==",
          "dependencies": [
            "module.eks.aws_security_group.cluster",
            "module.eks.aws_security_group.node",
            "module.vpc.aws_vpc.this"
          ],
          "create_before_destroy": true
        },
        {
          "index_key": "ingress_cluster_8443_webhook",
          "schema_version": 2,
          "attributes": {
            "cidr_blocks": null,
            "description": "Cluster API to node 8443/tcp webhook",
            "from_port": 8443,
            "id": "sgrule-1566149707",
            "ipv6_cidr_blocks": null,
            "prefix_list_ids": [],
            "protocol": "tcp",
            "security_group_id": "sg-06de9e5c1e5f993b6",
            "security_group_rule_id": "sgr-06fa04d8e820ec0d1",
            "self": false,
            "source_security_group_id": "sg-0ebf7444eacfa4818",
            "timeouts": null,
            "to_port": 8443,
            "type": "ingress"
          },
          "sensitive_attributes": [],
          "private": "eyJlMmJmYjczMC1lY2FhLTExZTYtOGY4OC0zNDM2M2JjN2M0YzAiOnsiY3JlYXRlIjozMDAwMDAwMDAwMDB9LCJzY2hlbWFfdmVyc2lvbiI6IjIifQ==",
          "dependencies": [
            "module.eks.aws_security_group.cluster",
            "module.eks.aws_security_group.node",
            "module.vpc.aws_vpc.this"
          ],
          "create_before_destroy": true
        },
        {
          "index_key": "ingress_cluster_9443_webhook",
          "schema_version": 2,
          "attributes": {
            "cidr_blocks": null,
            "description": "Cluster API to node 9443/tcp webhook",
            "from_port": 9443,
            "id": "sgrule-972603264",
            "ipv6_cidr_blocks": null,
            "prefix_list_ids": [],
            "protocol": "tcp",
            "security_group_id": "sg-06de9e5c1e5f993b6",
            "security_group_rule_id": "sgr-030ca42678a4bccfd",
            "self": false,
            "source_security_group_id": "sg-0ebf7444eacfa4818",
            "timeouts": null,
            "to_port": 9443,
            "type": "ingress"
          },
          "sensitive_attributes": [],
          "private": "eyJlMmJmYjczMC1lY2FhLTExZTYtOGY4OC0zNDM2M2JjN2M0YzAiOnsiY3JlYXRlIjozMDAwMDAwMDAwMDB9LCJzY2hlbWFfdmVyc2lvbiI6IjIifQ==",
          "dependencies": [
            "module.eks.aws_security_group.cluster",
            "module.eks.aws_security_group.node",
            "module.vpc.aws_vpc.this"
          ],
          "create_before_destroy": true
        },
        {
          "index_key": "ingress_cluster_kubelet",
          "schema_version": 2,
          "attributes": {
            "cidr_blocks": null,
            "description": "Cluster API to node kubelets",
            "from_port": 10250,
            "id": "sgrule-2744901799",
            "ipv6_cidr_blocks": null,
            "prefix_list_ids": [],
            "protocol": "tcp",
            "security_group_id": "sg-06de9e5c1e5f993b6",
            "security_group_rule_id": "sgr-0f2b8d6ec8dd221a6",
            "self": false,
            "source_security_group_id": "sg-0ebf7444eacfa4818",
            "timeouts": null,
            "to_port": 10250,
            "type": "ingress"
          },
          "sensitive_attributes": [],
          "private": "eyJlMmJmYjczMC1lY2FhLTExZTYtOGY4OC0zNDM2M2JjN2M0YzAiOnsiY3JlYXRlIjozMDAwMDAwMDAwMDB9LCJzY2hlbWFfdmVyc2lvbiI6IjIifQ==",
          "dependencies": [
            "module.eks.aws_security_group.cluster",
            "module.eks.aws_security_group.node",
            "module.vpc.aws_vpc.this"
          ],
          "create_before_destroy": true
        },
        {
          "index_key": "ingress_nodes_ephemeral",
          "schema_version": 2,
          "attributes": {
            "cidr_blocks": null,
            "description": "Node to node ingress on ephemeral ports",
            "from_port": 1025,
            "id": "sgrule-2514125889",
            "ipv6_cidr_blocks": null,
            "prefix_list_ids": [],
            "protocol": "tcp",
            "security_group_id": "sg-06de9e5c1e5f993b6",
            "security_group_rule_id": "sgr-0b6fc8a17cc0ce77e",
            "self": true,
            "source_security_group_id": null,
            "timeouts": null,
            "to_port": 65535,
            "type": "ingress"
          },
          "sensitive_attributes": [],
          "private": "eyJlMmJmYjczMC1lY2FhLTExZTYtOGY4OC0zNDM2M2JjN2M0YzAiOnsiY3JlYXRlIjozMDAwMDAwMDAwMDB9LCJzY2hlbWFfdmVyc2lvbiI6IjIifQ==",
          "dependencies": [
            "module.eks.aws_security_group.cluster",
            "module.eks.aws_security_group.node",
            "module.vpc.aws_vpc.this"
          ],
          "create_before_destroy": true
        },
        {
          "index_key": "ingress_self_coredns_tcp",
          "schema_version": 2,
          "attributes": {
            "cidr_blocks": null,
            "description": "Node to node CoreDNS",
            "from_port": 53,
            "id": "sgrule-715485866",
            "ipv6_cidr_blocks": null,
            "prefix_list_ids": [],
            "protocol": "tcp",
            "security_group_id": "sg-06de9e5c1e5f993b6",
            "security_group_rule_id": "sgr-04a173f655b3d3f22",
            "self": true,
            "source_security_group_id": null,
            "timeouts": null,
            "to_port": 53,
            "type": "ingress"
          },
          "sensitive_attributes": [],
          "private": "eyJlMmJmYjczMC1lY2FhLTExZTYtOGY4OC0zNDM2M2JjN2M0YzAiOnsiY3JlYXRlIjozMDAwMDAwMDAwMDB9LCJzY2hlbWFfdmVyc2lvbiI6IjIifQ==",
          "dependencies": [
            "module.eks.aws_security_group.cluster",
            "module.eks.aws_security_group.node",
            "module.vpc.aws_vpc.this"
          ],
          "create_before_destroy": true
        },
        {
          "index_key": "ingress_self_coredns_udp",
          "schema_version": 2,
          "attributes": {
            "cidr_blocks": null,
            "description": "Node to node CoreDNS UDP",
            "from_port": 53,
            "id": "sgrule-2398802245",
            "ipv6_cidr_blocks": null,
            "prefix_list_ids": [],
            "protocol": "udp",
            "security_group_id": "sg-06de9e5c1e5f993b6",
            "security_group_rule_id": "sgr-0ea15861ddb9c701b",
            "self": true,
            "source_security_group_id": null,
            "timeouts": null,
            "to_port": 53,
            "type": "ingress"
          },
          "sensitive_attributes": [],
          "private": "eyJlMmJmYjczMC1lY2FhLTExZTYtOGY4OC0zNDM2M2JjN2M0YzAiOnsiY3JlYXRlIjozMDAwMDAwMDAwMDB9LCJzY2hlbWFfdmVyc2lvbiI6IjIifQ==",
          "dependencies": [
            "module.eks.aws_security_group.cluster",
            "module.eks.aws_security_group.node",
            "module.vpc.aws_vpc.this"
          ],
          "create_before_destroy": true
        }
      ]
    },
    {
      "module": "module.eks",
      "mode": "managed",
      "type": "kubernetes_config_map_v1_data",
      "name": "aws_auth",
      "provider": "provider[\"registry.terraform.io/hashicorp/kubernetes\"]",
      "instances": [
        {
          "index_key": 0,
          "schema_version": 0,
          "attributes": {
            "data": {
              "mapAccounts": "- \"058302395964\"\n",
              "mapRoles": "- \"groups\":\n  - \"system:bootstrappers\"\n  - \"system:nodes\"\n  \"rolearn\": \"arn:aws:iam::058302395964:role/general-eks-node-group-20230218170009960600000001\"\n  \"username\": \"system:node:{{EC2PrivateDNSName}}\"\n- \"groups\":\n  - \"system:masters\"\n  \"rolearn\": \"arn:aws:iam::058302395964:role/flask-role\"\n  \"username\": \"flask-role\"\n",
              "mapUsers": "[]\n"
            },
            "field_manager": "Terraform",
            "force": true,
            "id": "kube-system/aws-auth",
            "metadata": [
              {
                "name": "aws-auth",
                "namespace": "kube-system"
              }
            ]
          },
          "sensitive_attributes": [],
          "private": "bnVsbA==",
          "dependencies": [
            "aws_iam_role.role",
            "data.aws_caller_identity.current",
            "data.aws_eks_cluster_auth.default",
            "module.eks.aws_eks_cluster.this",
            "module.eks.aws_security_group.node",
            "module.eks.kubernetes_config_map.aws_auth",
            "module.eks.module.eks_managed_node_group.aws_eks_node_group.this",
            "module.eks.module.eks_managed_node_group.aws_iam_role.this",
            "module.eks.module.eks_managed_node_group.aws_iam_role_policy_attachment.additional",
            "module.eks.module.eks_managed_node_group.aws_iam_role_policy_attachment.this",
            "module.eks.module.eks_managed_node_group.aws_launch_template.this",
            "module.eks.module.eks_managed_node_group.data.aws_caller_identity.current",
            "module.eks.module.eks_managed_node_group.data.aws_iam_policy_document.assume_role_policy",
            "module.eks.module.eks_managed_node_group.data.aws_partition.current",
            "module.eks.module.eks_managed_node_group.module.user_data.data.cloudinit_config.linux_eks_managed_node_group",
            "module.eks.module.fargate_profile.aws_eks_fargate_profile.this",
            "module.eks.module.fargate_profile.aws_iam_role.this",
            "module.eks.module.fargate_profile.aws_iam_role_policy_attachment.additional",
            "module.eks.module.fargate_profile.aws_iam_role_policy_attachment.this",
            "module.eks.module.fargate_profile.data.aws_caller_identity.current",
            "module.eks.module.fargate_profile.data.aws_iam_policy_document.assume_role_policy",
            "module.eks.module.fargate_profile.data.aws_partition.current",
            "module.eks.module.self_managed_node_group.aws_autoscaling_group.this",
            "module.eks.module.self_managed_node_group.aws_autoscaling_schedule.this",
            "module.eks.module.self_managed_node_group.aws_iam_instance_profile.this",
            "module.eks.module.self_managed_node_group.aws_iam_role.this",
            "module.eks.module.self_managed_node_group.aws_iam_role_policy_attachment.additional",
            "module.eks.module.self_managed_node_group.aws_iam_role_policy_attachment.this",
            "module.eks.module.self_managed_node_group.aws_launch_template.this",
            "module.eks.module.self_managed_node_group.data.aws_ami.eks_default",
            "module.eks.module.self_managed_node_group.data.aws_caller_identity.current",
            "module.eks.module.self_managed_node_group.data.aws_iam_policy_document.assume_role_policy",
            "module.eks.module.self_managed_node_group.data.aws_partition.current",
            "module.eks.module.self_managed_node_group.module.user_data.data.cloudinit_config.linux_eks_managed_node_group",
            "module.eks.time_sleep.this",
            "module.vpc.aws_subnet.public"
          ]
        }
      ]
    },
    {
      "module": "module.eks",
      "mode": "managed",
      "type": "time_sleep",
      "name": "this",
      "provider": "provider[\"registry.terraform.io/hashicorp/time\"]",
      "instances": [
        {
          "index_key": 0,
          "schema_version": 0,
          "attributes": {
            "create_duration": "30s",
            "destroy_duration": null,
            "id": "2023-02-18T17:10:56Z",
            "triggers": {
              "cluster_certificate_authority_data": "LS0tLS1CRUdJTiBDRVJUSUZJQ0FURS0tLS0tCk1JSUMvakNDQWVhZ0F3SUJBZ0lCQURBTkJna3Foa2lHOXcwQkFRc0ZBREFWTVJNd0VRWURWUVFERXdwcmRXSmwKY201bGRHVnpNQjRYRFRJek1ESXhPREUzTURZd01Gb1hEVE16TURJeE5URTNNRFl3TUZvd0ZURVRNQkVHQTFVRQpBeE1LYTNWaVpYSnVaWFJsY3pDQ0FTSXdEUVlKS29aSWh2Y05BUUVCQlFBRGdnRVBBRENDQVFvQ2dnRUJBSzI4CjlidStSUVJkWlZHMVhkN0VCM2dMOXREK0dZYzNwZ2hxS1hsN0hXSUVTZWE2UmxKdUtkWjJ1VnJMR2FPQVRwa1kKbFB4dStsaVI0a1lRWlBFQzg4Zkl0U1JyZDNURUd4eDVTT2lDSXlIbGd5NndvUzlDVGNUYVYvQ2drcnYxTGM2UgpZZnB1aTd4ZU0ybjlwV2JzaW43c2RIUElrRit3UjQ4RWFENStvYWx1WFo1bTZaZUZZRVQxMk1EZjJLMFE0NDgrCjhkeWZWMXRPTGc0MWhWcDFrMWdSeEdndTgvb3VmcldpN2VGbC9SVXpCRVc5VmdKODZ0ZVdhZ1NzMllJMXpyUFgKTWt4Uk5YdjVLL3E1dkxZN1hoVVFGV0FqNkROYXZLUStxY3JpQzRkcE1YUDJ0UUFXbUdObmthd3B5c3pjaURIQQoyUlgxQ2lGRlIxK3dqSGJyZjQwQ0F3RUFBYU5aTUZjd0RnWURWUjBQQVFIL0JBUURBZ0trTUE4R0ExVWRFd0VCCi93UUZNQU1CQWY4d0hRWURWUjBPQkJZRUZBb2pFZmZEd0MwZWlkN1MzQUFVNjljSGZuU0FNQlVHQTFVZEVRUU8KTUF5Q0NtdDFZbVZ5Ym1WMFpYTXdEUVlKS29aSWh2Y05BUUVMQlFBRGdnRUJBQTUxREIwSGtCWTFJQkpaZ2czZwoyaWZINHJFUVZucVJWa1c3UXUwUXRRbm5vaDFOVW1GMFhvdWFRZTgxNHRmbExsU1oxTzRxV3hMZGFBdUFINm9XCnB0VlNUZDdPSVk0cDJhdHM5TklyM3RZVnEwczB2MTZXemJLakN1SmhqYXFPZ0pKdVFvMGFNcjNicUlwbzFqeWQKbm9zSUFWampURjFyTjZSM2FiWXc0RnV6eStSM3A5eFlnV3o3N2lhVnNlcXlRcGw5ZU83bmxMOExMdk1yZldYOQp4TkJHZnBwMUl2QUh0NERybVIzTU52REt5aWt3S3hURXA5eDU3NEFaQk5FM3lxVmx2aWpvOVlpVzl1MGpuZ09ICkU3VDliQ3ZqN2pBVzlRb3FmZWpHaUpJeXJueUhqS3lYMnJIUkU1UEthWUk0N0NFTDNvMlpjS08zd0xZT21WbnEKM2FrPQotLS0tLUVORCBDRVJUSUZJQ0FURS0tLS0tCg==",
              "cluster_endpoint": "https://26975A4BA46010DFFDB55EC66853B757.gr7.eu-central-1.eks.amazonaws.com",
              "cluster_name": "flask-cluster",
              "cluster_version": "1.24"
            }
          },
          "sensitive_attributes": [],
          "dependencies": [
            "module.eks.aws_cloudwatch_log_group.this",
            "module.eks.aws_eks_cluster.this",
            "module.eks.aws_iam_policy.cni_ipv6_policy",
            "module.eks.aws_iam_role.this",
            "module.eks.aws_iam_role_policy_attachment.this",
            "module.eks.aws_security_group.cluster",
            "module.eks.aws_security_group.node",
            "module.eks.aws_security_group_rule.cluster",
            "module.eks.aws_security_group_rule.node",
            "module.eks.data.aws_caller_identity.current",
            "module.eks.data.aws_iam_policy_document.assume_role_policy",
            "module.eks.data.aws_iam_policy_document.cni_ipv6_policy",
            "module.eks.data.aws_iam_session_context.current",
            "module.eks.data.aws_partition.current",
            "module.eks.module.kms.aws_kms_external_key.this",
            "module.eks.module.kms.aws_kms_key.this",
            "module.eks.module.kms.data.aws_caller_identity.current",
            "module.eks.module.kms.data.aws_iam_policy_document.this",
            "module.eks.module.kms.data.aws_partition.current",
            "module.vpc.aws_subnet.public",
            "module.vpc.aws_vpc.this",
            "module.vpc.aws_vpc_ipv4_cidr_block_association.this"
          ],
          "create_before_destroy": true
        }
      ]
    },
    {
      "module": "module.eks.module.eks_managed_node_group[\"general\"]",
      "mode": "data",
      "type": "aws_caller_identity",
      "name": "current",
      "provider": "provider[\"registry.terraform.io/hashicorp/aws\"]",
      "instances": [
        {
          "schema_version": 0,
          "attributes": {
            "account_id": "058302395964",
            "arn": "arn:aws:iam::058302395964:user/admin",
            "id": "058302395964",
            "user_id": "AIDAQ3EYX6Y6G7YCNNX2G"
          },
          "sensitive_attributes": []
        }
      ]
    },
    {
      "module": "module.eks.module.eks_managed_node_group[\"general\"]",
      "mode": "data",
      "type": "aws_iam_policy_document",
      "name": "assume_role_policy",
      "provider": "provider[\"registry.terraform.io/hashicorp/aws\"]",
      "instances": [
        {
          "index_key": 0,
          "schema_version": 0,
          "attributes": {
            "id": "2560088296",
            "json": "{\n  \"Version\": \"2012-10-17\",\n  \"Statement\": [\n    {\n      \"Sid\": \"EKSNodeAssumeRole\",\n      \"Effect\": \"Allow\",\n      \"Action\": \"sts:AssumeRole\",\n      \"Principal\": {\n        \"Service\": \"ec2.amazonaws.com\"\n      }\n    }\n  ]\n}",
            "override_json": null,
            "override_policy_documents": null,
            "policy_id": null,
            "source_json": null,
            "source_policy_documents": null,
            "statement": [
              {
                "actions": [
                  "sts:AssumeRole"
                ],
                "condition": [],
                "effect": "Allow",
                "not_actions": [],
                "not_principals": [],
                "not_resources": [],
                "principals": [
                  {
                    "identifiers": [
                      "ec2.amazonaws.com"
                    ],
                    "type": "Service"
                  }
                ],
                "resources": [],
                "sid": "EKSNodeAssumeRole"
              }
            ],
            "version": "2012-10-17"
          },
          "sensitive_attributes": []
        }
      ]
    },
    {
      "module": "module.eks.module.eks_managed_node_group[\"general\"]",
      "mode": "data",
      "type": "aws_partition",
      "name": "current",
      "provider": "provider[\"registry.terraform.io/hashicorp/aws\"]",
      "instances": [
        {
          "schema_version": 0,
          "attributes": {
            "dns_suffix": "amazonaws.com",
            "id": "aws",
            "partition": "aws",
            "reverse_dns_prefix": "com.amazonaws"
          },
          "sensitive_attributes": []
        }
      ]
    },
    {
      "module": "module.eks.module.eks_managed_node_group[\"general\"]",
      "mode": "managed",
      "type": "aws_eks_node_group",
      "name": "this",
      "provider": "provider[\"registry.terraform.io/hashicorp/aws\"]",
      "instances": [
        {
          "index_key": 0,
          "schema_version": 0,
          "attributes": {
            "ami_type": "AL2_x86_64",
            "arn": "arn:aws:eks:eu-central-1:058302395964:nodegroup/flask-cluster/general-20230218171056711800000011/8ec332c0-f224-74b8-bd83-2d8fcd298708",
            "capacity_type": "ON_DEMAND",
            "cluster_name": "flask-cluster",
            "disk_size": 0,
            "force_update_version": null,
            "id": "flask-cluster:general-20230218171056711800000011",
            "instance_types": [
              "t3.medium"
            ],
            "labels": {
              "role": "general"
            },
            "launch_template": [
              {
                "id": "lt-05ba974271b2a43c3",
                "name": "general-2023021817105640090000000f",
                "version": "1"
              }
            ],
            "node_group_name": "general-20230218171056711800000011",
            "node_group_name_prefix": "general-",
            "node_role_arn": "arn:aws:iam::058302395964:role/general-eks-node-group-20230218170009960600000001",
            "release_version": "1.24.9-20230203",
            "remote_access": [],
            "resources": [
              {
                "autoscaling_groups": [
                  {
                    "name": "eks-general-20230218171056711800000011-8ec332c0-f224-74b8-bd83-2d8fcd298708"
                  }
                ],
                "remote_access_security_group_id": ""
              }
            ],
            "scaling_config": [
              {
                "desired_size": 2,
                "max_size": 3,
                "min_size": 1
              }
            ],
            "status": "ACTIVE",
            "subnet_ids": [
              "subnet-032990699fea18919",
              "subnet-06c80b28a6fd6d86d",
              "subnet-0d34b16781126fe79"
            ],
            "tags": {
              "Name": "general"
            },
            "tags_all": {
              "Name": "general",
              "environment": "dev",
              "purpose": "test jenkins",
              "team": "devops"
            },
            "taint": [],
            "timeouts": {
              "create": null,
              "delete": null,
              "update": null
            },
            "update_config": [
              {
                "max_unavailable": 0,
                "max_unavailable_percentage": 33
              }
            ],
            "version": "1.24"
          },
          "sensitive_attributes": [],
          "private": "eyJlMmJmYjczMC1lY2FhLTExZTYtOGY4OC0zNDM2M2JjN2M0YzAiOnsiY3JlYXRlIjozNjAwMDAwMDAwMDAwLCJkZWxldGUiOjM2MDAwMDAwMDAwMDAsInVwZGF0ZSI6MzYwMDAwMDAwMDAwMH19",
          "dependencies": [
            "module.eks.aws_cloudwatch_log_group.this",
            "module.eks.aws_eks_cluster.this",
            "module.eks.aws_iam_policy.cni_ipv6_policy",
            "module.eks.aws_iam_role.this",
            "module.eks.aws_iam_role_policy_attachment.this",
            "module.eks.aws_security_group.cluster",
            "module.eks.aws_security_group.node",
            "module.eks.aws_security_group_rule.cluster",
            "module.eks.aws_security_group_rule.node",
            "module.eks.data.aws_caller_identity.current",
            "module.eks.data.aws_iam_policy_document.assume_role_policy",
            "module.eks.data.aws_iam_policy_document.cni_ipv6_policy",
            "module.eks.data.aws_iam_session_context.current",
            "module.eks.data.aws_partition.current",
            "module.eks.module.eks_managed_node_group.aws_iam_role.this",
            "module.eks.module.eks_managed_node_group.aws_iam_role_policy_attachment.this",
            "module.eks.module.eks_managed_node_group.aws_launch_template.this",
            "module.eks.module.eks_managed_node_group.data.aws_caller_identity.current",
            "module.eks.module.eks_managed_node_group.data.aws_iam_policy_document.assume_role_policy",
            "module.eks.module.eks_managed_node_group.data.aws_partition.current",
            "module.eks.module.eks_managed_node_group.module.user_data.data.cloudinit_config.linux_eks_managed_node_group",
            "module.eks.module.kms.aws_kms_external_key.this",
            "module.eks.module.kms.aws_kms_key.this",
            "module.eks.module.kms.data.aws_caller_identity.current",
            "module.eks.module.kms.data.aws_iam_policy_document.this",
            "module.eks.module.kms.data.aws_partition.current",
            "module.eks.time_sleep.this",
            "module.vpc.aws_subnet.public",
            "module.vpc.aws_vpc.this",
            "module.vpc.aws_vpc_ipv4_cidr_block_association.this"
          ],
          "create_before_destroy": true
        }
      ]
    },
    {
      "module": "module.eks.module.eks_managed_node_group[\"general\"]",
      "mode": "managed",
      "type": "aws_iam_role",
      "name": "this",
      "provider": "provider[\"registry.terraform.io/hashicorp/aws\"]",
      "instances": [
        {
          "index_key": 0,
          "schema_version": 0,
          "attributes": {
            "arn": "arn:aws:iam::058302395964:role/general-eks-node-group-20230218170009960600000001",
            "assume_role_policy": "{\"Statement\":[{\"Action\":\"sts:AssumeRole\",\"Effect\":\"Allow\",\"Principal\":{\"Service\":\"ec2.amazonaws.com\"},\"Sid\":\"EKSNodeAssumeRole\"}],\"Version\":\"2012-10-17\"}",
            "create_date": "2023-02-18T17:00:10Z",
            "description": "EKS managed node group IAM role",
            "force_detach_policies": true,
            "id": "general-eks-node-group-20230218170009960600000001",
            "inline_policy": [],
            "managed_policy_arns": [
              "arn:aws:iam::aws:policy/AmazonEC2ContainerRegistryReadOnly",
              "arn:aws:iam::aws:policy/AmazonEKSWorkerNodePolicy",
              "arn:aws:iam::aws:policy/AmazonEKS_CNI_Policy"
            ],
            "max_session_duration": 3600,
            "name": "general-eks-node-group-20230218170009960600000001",
            "name_prefix": "general-eks-node-group-",
            "path": "/",
            "permissions_boundary": null,
            "tags": {},
            "tags_all": {
              "Name": "flask",
              "environment": "dev",
              "purpose": "test jenkins",
              "team": "devops"
            },
            "unique_id": "AROAQ3EYX6Y6AAUYY3BPZ"
          },
          "sensitive_attributes": [],
          "private": "bnVsbA==",
          "dependencies": [
            "module.eks.module.eks_managed_node_group.data.aws_iam_policy_document.assume_role_policy",
            "module.eks.module.eks_managed_node_group.data.aws_partition.current"
          ],
          "create_before_destroy": true
        }
      ]
    },
    {
      "module": "module.eks.module.eks_managed_node_group[\"general\"]",
      "mode": "managed",
      "type": "aws_iam_role_policy_attachment",
      "name": "this",
      "provider": "provider[\"registry.terraform.io/hashicorp/aws\"]",
      "instances": [
        {
          "index_key": "arn:aws:iam::aws:policy/AmazonEC2ContainerRegistryReadOnly",
          "schema_version": 0,
          "attributes": {
            "id": "general-eks-node-group-20230218170009960600000001-20230218170011612100000004",
            "policy_arn": "arn:aws:iam::aws:policy/AmazonEC2ContainerRegistryReadOnly",
            "role": "general-eks-node-group-20230218170009960600000001"
          },
          "sensitive_attributes": [],
          "private": "bnVsbA==",
          "dependencies": [
            "module.eks.module.eks_managed_node_group.aws_iam_role.this",
            "module.eks.module.eks_managed_node_group.data.aws_caller_identity.current",
            "module.eks.module.eks_managed_node_group.data.aws_iam_policy_document.assume_role_policy",
            "module.eks.module.eks_managed_node_group.data.aws_partition.current"
          ],
          "create_before_destroy": true
        },
        {
          "index_key": "arn:aws:iam::aws:policy/AmazonEKSWorkerNodePolicy",
          "schema_version": 0,
          "attributes": {
            "id": "general-eks-node-group-20230218170009960600000001-20230218170011607000000003",
            "policy_arn": "arn:aws:iam::aws:policy/AmazonEKSWorkerNodePolicy",
            "role": "general-eks-node-group-20230218170009960600000001"
          },
          "sensitive_attributes": [],
          "private": "bnVsbA==",
          "dependencies": [
            "module.eks.module.eks_managed_node_group.aws_iam_role.this",
            "module.eks.module.eks_managed_node_group.data.aws_caller_identity.current",
            "module.eks.module.eks_managed_node_group.data.aws_iam_policy_document.assume_role_policy",
            "module.eks.module.eks_managed_node_group.data.aws_partition.current"
          ],
          "create_before_destroy": true
        },
        {
          "index_key": "arn:aws:iam::aws:policy/AmazonEKS_CNI_Policy",
          "schema_version": 0,
          "attributes": {
            "id": "general-eks-node-group-20230218170009960600000001-20230218170011632000000005",
            "policy_arn": "arn:aws:iam::aws:policy/AmazonEKS_CNI_Policy",
            "role": "general-eks-node-group-20230218170009960600000001"
          },
          "sensitive_attributes": [],
          "private": "bnVsbA==",
          "dependencies": [
            "module.eks.module.eks_managed_node_group.aws_iam_role.this",
            "module.eks.module.eks_managed_node_group.data.aws_caller_identity.current",
            "module.eks.module.eks_managed_node_group.data.aws_iam_policy_document.assume_role_policy",
            "module.eks.module.eks_managed_node_group.data.aws_partition.current"
          ],
          "create_before_destroy": true
        }
      ]
    },
    {
      "module": "module.eks.module.eks_managed_node_group[\"general\"]",
      "mode": "managed",
      "type": "aws_launch_template",
      "name": "this",
      "provider": "provider[\"registry.terraform.io/hashicorp/aws\"]",
      "instances": [
        {
          "index_key": 0,
          "schema_version": 0,
          "attributes": {
            "arn": "arn:aws:ec2:eu-central-1:058302395964:launch-template/lt-05ba974271b2a43c3",
            "block_device_mappings": [],
            "capacity_reservation_specification": [],
            "cpu_options": [],
            "credit_specification": [],
            "default_version": 1,
            "description": "Custom launch template for general EKS managed node group",
            "disable_api_stop": false,
            "disable_api_termination": false,
            "ebs_optimized": "",
            "elastic_gpu_specifications": [],
            "elastic_inference_accelerator": [],
            "enclave_options": [],
            "hibernation_options": [],
            "iam_instance_profile": [],
            "id": "lt-05ba974271b2a43c3",
            "image_id": "",
            "instance_initiated_shutdown_behavior": "",
            "instance_market_options": [],
            "instance_requirements": [],
            "instance_type": "",
            "kernel_id": "",
            "key_name": "",
            "latest_version": 1,
            "license_specification": [],
            "maintenance_options": [],
            "metadata_options": [
              {
                "http_endpoint": "enabled",
                "http_protocol_ipv6": "disabled",
                "http_put_response_hop_limit": 2,
                "http_tokens": "required",
                "instance_metadata_tags": "disabled"
              }
            ],
            "monitoring": [
              {
                "enabled": true
              }
            ],
            "name": "general-2023021817105640090000000f",
            "name_prefix": "general-",
            "network_interfaces": [],
            "placement": [],
            "private_dns_name_options": [],
            "ram_disk_id": "",
            "security_group_names": [],
            "tag_specifications": [
              {
                "resource_type": "instance",
                "tags": {
                  "Name": "general"
                }
              },
              {
                "resource_type": "network-interface",
                "tags": {
                  "Name": "general"
                }
              },
              {
                "resource_type": "volume",
                "tags": {
                  "Name": "general"
                }
              }
            ],
            "tags": {},
            "tags_all": {
              "Name": "flask",
              "environment": "dev",
              "purpose": "test jenkins",
              "team": "devops"
            },
            "update_default_version": true,
            "user_data": "",
            "vpc_security_group_ids": [
              "sg-06de9e5c1e5f993b6"
            ]
          },
          "sensitive_attributes": [],
          "private": "bnVsbA==",
          "dependencies": [
            "module.eks.aws_cloudwatch_log_group.this",
            "module.eks.aws_eks_cluster.this",
            "module.eks.aws_iam_policy.cni_ipv6_policy",
            "module.eks.aws_iam_role.this",
            "module.eks.aws_iam_role_policy_attachment.this",
            "module.eks.aws_security_group.cluster",
            "module.eks.aws_security_group.node",
            "module.eks.aws_security_group_rule.cluster",
            "module.eks.aws_security_group_rule.node",
            "module.eks.data.aws_caller_identity.current",
            "module.eks.data.aws_iam_policy_document.assume_role_policy",
            "module.eks.data.aws_iam_policy_document.cni_ipv6_policy",
            "module.eks.data.aws_iam_session_context.current",
            "module.eks.data.aws_partition.current",
            "module.eks.module.eks_managed_node_group.aws_iam_role.this",
            "module.eks.module.eks_managed_node_group.aws_iam_role_policy_attachment.this",
            "module.eks.module.eks_managed_node_group.data.aws_caller_identity.current",
            "module.eks.module.eks_managed_node_group.data.aws_iam_policy_document.assume_role_policy",
            "module.eks.module.eks_managed_node_group.data.aws_partition.current",
            "module.eks.module.eks_managed_node_group.module.user_data.data.cloudinit_config.linux_eks_managed_node_group",
            "module.eks.module.kms.aws_kms_external_key.this",
            "module.eks.module.kms.aws_kms_key.this",
            "module.eks.module.kms.data.aws_caller_identity.current",
            "module.eks.module.kms.data.aws_iam_policy_document.this",
            "module.eks.module.kms.data.aws_partition.current",
            "module.eks.time_sleep.this",
            "module.vpc.aws_subnet.public",
            "module.vpc.aws_vpc.this",
            "module.vpc.aws_vpc_ipv4_cidr_block_association.this"
          ],
          "create_before_destroy": true
        }
      ]
    },
    {
      "module": "module.eks.module.kms",
      "mode": "data",
      "type": "aws_caller_identity",
      "name": "current",
      "provider": "provider[\"registry.terraform.io/hashicorp/aws\"]",
      "instances": [
        {
          "schema_version": 0,
          "attributes": {
            "account_id": "058302395964",
            "arn": "arn:aws:iam::058302395964:user/admin",
            "id": "058302395964",
            "user_id": "AIDAQ3EYX6Y6G7YCNNX2G"
          },
          "sensitive_attributes": []
        }
      ]
    },
    {
      "module": "module.eks.module.kms",
      "mode": "data",
      "type": "aws_iam_policy_document",
      "name": "this",
      "provider": "provider[\"registry.terraform.io/hashicorp/aws\"]",
      "instances": [
        {
          "index_key": 0,
          "schema_version": 0,
          "attributes": {
            "id": "3232137818",
            "json": "{\n  \"Version\": \"2012-10-17\",\n  \"Statement\": [\n    {\n      \"Sid\": \"KeyAdministration\",\n      \"Effect\": \"Allow\",\n      \"Action\": [\n        \"kms:Update*\",\n        \"kms:UntagResource\",\n        \"kms:TagResource\",\n        \"kms:ScheduleKeyDeletion\",\n        \"kms:Revoke*\",\n        \"kms:Put*\",\n        \"kms:List*\",\n        \"kms:Get*\",\n        \"kms:Enable*\",\n        \"kms:Disable*\",\n        \"kms:Describe*\",\n        \"kms:Delete*\",\n        \"kms:Create*\",\n        \"kms:CancelKeyDeletion\"\n      ],\n      \"Resource\": \"*\",\n      \"Principal\": {\n        \"AWS\": \"arn:aws:iam::058302395964:user/admin\"\n      }\n    },\n    {\n      \"Sid\": \"KeyUsage\",\n      \"Effect\": \"Allow\",\n      \"Action\": [\n        \"kms:ReEncrypt*\",\n        \"kms:GenerateDataKey*\",\n        \"kms:Encrypt\",\n        \"kms:DescribeKey\",\n        \"kms:Decrypt\"\n      ],\n      \"Resource\": \"*\",\n      \"Principal\": {\n        \"AWS\": \"arn:aws:iam::058302395964:role/flask-cluster-cluster-20230218170009964500000002\"\n      }\n    }\n  ]\n}",
            "override_json": null,
            "override_policy_documents": null,
            "policy_id": null,
            "source_json": null,
            "source_policy_documents": null,
            "statement": [
              {
                "actions": [
                  "kms:CancelKeyDeletion",
                  "kms:Create*",
                  "kms:Delete*",
                  "kms:Describe*",
                  "kms:Disable*",
                  "kms:Enable*",
                  "kms:Get*",
                  "kms:List*",
                  "kms:Put*",
                  "kms:Revoke*",
                  "kms:ScheduleKeyDeletion",
                  "kms:TagResource",
                  "kms:UntagResource",
                  "kms:Update*"
                ],
                "condition": [],
                "effect": "Allow",
                "not_actions": [],
                "not_principals": [],
                "not_resources": [],
                "principals": [
                  {
                    "identifiers": [
                      "arn:aws:iam::058302395964:user/admin"
                    ],
                    "type": "AWS"
                  }
                ],
                "resources": [
                  "*"
                ],
                "sid": "KeyAdministration"
              },
              {
                "actions": [
                  "kms:Decrypt",
                  "kms:DescribeKey",
                  "kms:Encrypt",
                  "kms:GenerateDataKey*",
                  "kms:ReEncrypt*"
                ],
                "condition": [],
                "effect": "Allow",
                "not_actions": [],
                "not_principals": [],
                "not_resources": [],
                "principals": [
                  {
                    "identifiers": [
                      "arn:aws:iam::058302395964:role/flask-cluster-cluster-20230218170009964500000002"
                    ],
                    "type": "AWS"
                  }
                ],
                "resources": [
                  "*"
                ],
                "sid": "KeyUsage"
              }
            ],
            "version": "2012-10-17"
          },
          "sensitive_attributes": []
        }
      ]
    },
    {
      "module": "module.eks.module.kms",
      "mode": "data",
      "type": "aws_partition",
      "name": "current",
      "provider": "provider[\"registry.terraform.io/hashicorp/aws\"]",
      "instances": [
        {
          "schema_version": 0,
          "attributes": {
            "dns_suffix": "amazonaws.com",
            "id": "aws",
            "partition": "aws",
            "reverse_dns_prefix": "com.amazonaws"
          },
          "sensitive_attributes": []
        }
      ]
    },
    {
      "module": "module.eks.module.kms",
      "mode": "managed",
      "type": "aws_kms_alias",
      "name": "this",
      "provider": "provider[\"registry.terraform.io/hashicorp/aws\"]",
      "instances": [
        {
          "index_key": "cluster",
          "schema_version": 0,
          "attributes": {
            "arn": "arn:aws:kms:eu-central-1:058302395964:alias/eks/flask-cluster",
            "id": "alias/eks/flask-cluster",
            "name": "alias/eks/flask-cluster",
            "name_prefix": "",
            "target_key_arn": "arn:aws:kms:eu-central-1:058302395964:key/94374542-331a-4f53-9fa7-6452855dcc0f",
            "target_key_id": "94374542-331a-4f53-9fa7-6452855dcc0f"
          },
          "sensitive_attributes": [],
          "private": "bnVsbA==",
          "dependencies": [
            "module.eks.aws_iam_role.this",
            "module.eks.data.aws_caller_identity.current",
            "module.eks.data.aws_iam_policy_document.assume_role_policy",
            "module.eks.data.aws_iam_session_context.current",
            "module.eks.data.aws_partition.current",
            "module.eks.module.kms.aws_kms_external_key.this",
            "module.eks.module.kms.aws_kms_key.this",
            "module.eks.module.kms.data.aws_caller_identity.current",
            "module.eks.module.kms.data.aws_iam_policy_document.this",
            "module.eks.module.kms.data.aws_partition.current"
          ]
        }
      ]
    },
    {
      "module": "module.eks.module.kms",
      "mode": "managed",
      "type": "aws_kms_key",
      "name": "this",
      "provider": "provider[\"registry.terraform.io/hashicorp/aws\"]",
      "instances": [
        {
          "index_key": 0,
          "schema_version": 0,
          "attributes": {
            "arn": "arn:aws:kms:eu-central-1:058302395964:key/94374542-331a-4f53-9fa7-6452855dcc0f",
            "bypass_policy_lockout_safety_check": false,
            "custom_key_store_id": "",
            "customer_master_key_spec": "SYMMETRIC_DEFAULT",
            "deletion_window_in_days": null,
            "description": "flask-cluster cluster encryption key",
            "enable_key_rotation": true,
            "id": "94374542-331a-4f53-9fa7-6452855dcc0f",
            "is_enabled": true,
            "key_id": "94374542-331a-4f53-9fa7-6452855dcc0f",
            "key_usage": "ENCRYPT_DECRYPT",
            "multi_region": false,
            "policy": "{\n  \"Version\": \"2012-10-17\",\n  \"Statement\": [\n    {\n      \"Sid\": \"KeyAdministration\",\n      \"Effect\": \"Allow\",\n      \"Action\": [\n        \"kms:Update*\",\n        \"kms:UntagResource\",\n        \"kms:TagResource\",\n        \"kms:ScheduleKeyDeletion\",\n        \"kms:Revoke*\",\n        \"kms:Put*\",\n        \"kms:List*\",\n        \"kms:Get*\",\n        \"kms:Enable*\",\n        \"kms:Disable*\",\n        \"kms:Describe*\",\n        \"kms:Delete*\",\n        \"kms:Create*\",\n        \"kms:CancelKeyDeletion\"\n      ],\n      \"Resource\": \"*\",\n      \"Principal\": {\n        \"AWS\": \"arn:aws:iam::058302395964:user/admin\"\n      }\n    },\n    {\n      \"Sid\": \"KeyUsage\",\n      \"Effect\": \"Allow\",\n      \"Action\": [\n        \"kms:ReEncrypt*\",\n        \"kms:GenerateDataKey*\",\n        \"kms:Encrypt\",\n        \"kms:DescribeKey\",\n        \"kms:Decrypt\"\n      ],\n      \"Resource\": \"*\",\n      \"Principal\": {\n        \"AWS\": \"arn:aws:iam::058302395964:role/flask-cluster-cluster-20230218170009964500000002\"\n      }\n    }\n  ]\n}",
            "tags": {},
            "tags_all": {
              "Name": "flask",
              "environment": "dev",
              "purpose": "test jenkins",
              "team": "devops"
            }
          },
          "sensitive_attributes": [],
          "private": "bnVsbA==",
          "dependencies": [
            "module.eks.aws_iam_role.this",
            "module.eks.data.aws_caller_identity.current",
            "module.eks.data.aws_iam_policy_document.assume_role_policy",
            "module.eks.data.aws_iam_session_context.current",
            "module.eks.data.aws_partition.current",
            "module.eks.module.kms.data.aws_caller_identity.current",
            "module.eks.module.kms.data.aws_iam_policy_document.this",
            "module.eks.module.kms.data.aws_partition.current"
          ],
          "create_before_destroy": true
        }
      ]
    },
    {
      "module": "module.vpc",
      "mode": "managed",
      "type": "aws_internet_gateway",
      "name": "this",
      "provider": "provider[\"registry.terraform.io/hashicorp/aws\"]",
      "instances": [
        {
          "index_key": 0,
          "schema_version": 0,
          "attributes": {
            "arn": "arn:aws:ec2:eu-central-1:058302395964:internet-gateway/igw-04a33e31bd293eab0",
            "id": "igw-04a33e31bd293eab0",
            "owner_id": "058302395964",
            "tags": {
              "Name": "flask-vpc"
            },
            "tags_all": {
              "Name": "flask-vpc",
              "environment": "dev",
              "purpose": "test jenkins",
              "team": "devops"
            },
            "timeouts": null,
            "vpc_id": "vpc-04622a39bfb009bc8"
          },
          "sensitive_attributes": [],
          "private": "eyJlMmJmYjczMC1lY2FhLTExZTYtOGY4OC0zNDM2M2JjN2M0YzAiOnsiY3JlYXRlIjoxMjAwMDAwMDAwMDAwLCJkZWxldGUiOjEyMDAwMDAwMDAwMDAsInVwZGF0ZSI6MTIwMDAwMDAwMDAwMH19",
          "dependencies": [
            "module.vpc.aws_vpc.this",
            "module.vpc.aws_vpc_ipv4_cidr_block_association.this"
          ]
        }
      ]
    },
    {
      "module": "module.vpc",
      "mode": "managed",
      "type": "aws_route",
      "name": "public_internet_gateway",
      "provider": "provider[\"registry.terraform.io/hashicorp/aws\"]",
      "instances": [
        {
          "index_key": 0,
          "schema_version": 0,
          "attributes": {
            "carrier_gateway_id": "",
            "core_network_arn": "",
            "destination_cidr_block": "0.0.0.0/0",
            "destination_ipv6_cidr_block": "",
            "destination_prefix_list_id": "",
            "egress_only_gateway_id": "",
            "gateway_id": "igw-04a33e31bd293eab0",
            "id": "r-rtb-019af2893ace9c6391080289494",
            "instance_id": "",
            "instance_owner_id": "",
            "local_gateway_id": "",
            "nat_gateway_id": "",
            "network_interface_id": "",
            "origin": "CreateRoute",
            "route_table_id": "rtb-019af2893ace9c639",
            "state": "active",
            "timeouts": {
              "create": "5m",
              "delete": null,
              "update": null
            },
            "transit_gateway_id": "",
            "vpc_endpoint_id": "",
            "vpc_peering_connection_id": ""
          },
          "sensitive_attributes": [],
          "private": "eyJlMmJmYjczMC1lY2FhLTExZTYtOGY4OC0zNDM2M2JjN2M0YzAiOnsiY3JlYXRlIjozMDAwMDAwMDAwMDAsImRlbGV0ZSI6MzAwMDAwMDAwMDAwLCJ1cGRhdGUiOjEyMDAwMDAwMDAwMH19",
          "dependencies": [
            "module.vpc.aws_internet_gateway.this",
            "module.vpc.aws_route_table.public",
            "module.vpc.aws_vpc.this",
            "module.vpc.aws_vpc_ipv4_cidr_block_association.this"
          ]
        }
      ]
    },
    {
      "module": "module.vpc",
      "mode": "managed",
      "type": "aws_route_table",
      "name": "public",
      "provider": "provider[\"registry.terraform.io/hashicorp/aws\"]",
      "instances": [
        {
          "index_key": 0,
          "schema_version": 0,
          "attributes": {
            "arn": "arn:aws:ec2:eu-central-1:058302395964:route-table/rtb-019af2893ace9c639",
            "id": "rtb-019af2893ace9c639",
            "owner_id": "058302395964",
            "propagating_vgws": [],
            "route": [
              {
                "carrier_gateway_id": "",
                "cidr_block": "0.0.0.0/0",
                "core_network_arn": "",
                "destination_prefix_list_id": "",
                "egress_only_gateway_id": "",
                "gateway_id": "igw-04a33e31bd293eab0",
                "instance_id": "",
                "ipv6_cidr_block": "",
                "local_gateway_id": "",
                "nat_gateway_id": "",
                "network_interface_id": "",
                "transit_gateway_id": "",
                "vpc_endpoint_id": "",
                "vpc_peering_connection_id": ""
              }
            ],
            "tags": {
              "Name": "flask-vpc-public"
            },
            "tags_all": {
              "Name": "flask-vpc-public",
              "environment": "dev",
              "purpose": "test jenkins",
              "team": "devops"
            },
            "timeouts": null,
            "vpc_id": "vpc-04622a39bfb009bc8"
          },
          "sensitive_attributes": [],
          "private": "eyJlMmJmYjczMC1lY2FhLTExZTYtOGY4OC0zNDM2M2JjN2M0YzAiOnsiY3JlYXRlIjozMDAwMDAwMDAwMDAsImRlbGV0ZSI6MzAwMDAwMDAwMDAwLCJ1cGRhdGUiOjEyMDAwMDAwMDAwMH19",
          "dependencies": [
            "module.vpc.aws_vpc.this",
            "module.vpc.aws_vpc_ipv4_cidr_block_association.this"
          ]
        }
      ]
    },
    {
      "module": "module.vpc",
      "mode": "managed",
      "type": "aws_route_table_association",
      "name": "public",
      "provider": "provider[\"registry.terraform.io/hashicorp/aws\"]",
      "instances": [
        {
          "index_key": 0,
          "schema_version": 0,
          "attributes": {
            "gateway_id": "",
            "id": "rtbassoc-004c91917718f0559",
            "route_table_id": "rtb-019af2893ace9c639",
            "subnet_id": "subnet-0d34b16781126fe79"
          },
          "sensitive_attributes": [],
          "private": "bnVsbA==",
          "dependencies": [
            "module.vpc.aws_route_table.public",
            "module.vpc.aws_subnet.public",
            "module.vpc.aws_vpc.this",
            "module.vpc.aws_vpc_ipv4_cidr_block_association.this"
          ]
        },
        {
          "index_key": 1,
          "schema_version": 0,
          "attributes": {
            "gateway_id": "",
            "id": "rtbassoc-0ab495a535532a475",
            "route_table_id": "rtb-019af2893ace9c639",
            "subnet_id": "subnet-06c80b28a6fd6d86d"
          },
          "sensitive_attributes": [],
          "private": "bnVsbA==",
          "dependencies": [
            "module.vpc.aws_route_table.public",
            "module.vpc.aws_subnet.public",
            "module.vpc.aws_vpc.this",
            "module.vpc.aws_vpc_ipv4_cidr_block_association.this"
          ]
        },
        {
          "index_key": 2,
          "schema_version": 0,
          "attributes": {
            "gateway_id": "",
            "id": "rtbassoc-05fac9b64c2eb23e0",
            "route_table_id": "rtb-019af2893ace9c639",
            "subnet_id": "subnet-032990699fea18919"
          },
          "sensitive_attributes": [],
          "private": "bnVsbA==",
          "dependencies": [
            "module.vpc.aws_route_table.public",
            "module.vpc.aws_subnet.public",
            "module.vpc.aws_vpc.this",
            "module.vpc.aws_vpc_ipv4_cidr_block_association.this"
          ]
        }
      ]
    },
    {
      "module": "module.vpc",
      "mode": "managed",
      "type": "aws_subnet",
      "name": "public",
      "provider": "provider[\"registry.terraform.io/hashicorp/aws\"]",
      "instances": [
        {
          "index_key": 0,
          "schema_version": 1,
          "attributes": {
            "arn": "arn:aws:ec2:eu-central-1:058302395964:subnet/subnet-0d34b16781126fe79",
            "assign_ipv6_address_on_creation": false,
            "availability_zone": "eu-central-1a",
            "availability_zone_id": "euc1-az2",
            "cidr_block": "10.0.101.0/24",
            "customer_owned_ipv4_pool": "",
            "enable_dns64": false,
            "enable_resource_name_dns_a_record_on_launch": false,
            "enable_resource_name_dns_aaaa_record_on_launch": false,
            "id": "subnet-0d34b16781126fe79",
            "ipv6_cidr_block": "",
            "ipv6_cidr_block_association_id": "",
            "ipv6_native": false,
            "map_customer_owned_ip_on_launch": false,
            "map_public_ip_on_launch": true,
            "outpost_arn": "",
            "owner_id": "058302395964",
            "private_dns_hostname_type_on_launch": "ip-name",
            "tags": {
              "Name": "flask-vpc-public-eu-central-1a"
            },
            "tags_all": {
              "Name": "flask-vpc-public-eu-central-1a",
              "environment": "dev",
              "purpose": "test jenkins",
              "team": "devops"
            },
            "timeouts": null,
            "vpc_id": "vpc-04622a39bfb009bc8"
          },
          "sensitive_attributes": [],
          "private": "eyJlMmJmYjczMC1lY2FhLTExZTYtOGY4OC0zNDM2M2JjN2M0YzAiOnsiY3JlYXRlIjo2MDAwMDAwMDAwMDAsImRlbGV0ZSI6MTIwMDAwMDAwMDAwMH0sInNjaGVtYV92ZXJzaW9uIjoiMSJ9",
          "dependencies": [
            "module.vpc.aws_vpc.this",
            "module.vpc.aws_vpc_ipv4_cidr_block_association.this"
          ],
          "create_before_destroy": true
        },
        {
          "index_key": 1,
          "schema_version": 1,
          "attributes": {
            "arn": "arn:aws:ec2:eu-central-1:058302395964:subnet/subnet-06c80b28a6fd6d86d",
            "assign_ipv6_address_on_creation": false,
            "availability_zone": "eu-central-1b",
            "availability_zone_id": "euc1-az3",
            "cidr_block": "10.0.102.0/24",
            "customer_owned_ipv4_pool": "",
            "enable_dns64": false,
            "enable_resource_name_dns_a_record_on_launch": false,
            "enable_resource_name_dns_aaaa_record_on_launch": false,
            "id": "subnet-06c80b28a6fd6d86d",
            "ipv6_cidr_block": "",
            "ipv6_cidr_block_association_id": "",
            "ipv6_native": false,
            "map_customer_owned_ip_on_launch": false,
            "map_public_ip_on_launch": true,
            "outpost_arn": "",
            "owner_id": "058302395964",
            "private_dns_hostname_type_on_launch": "ip-name",
            "tags": {
              "Name": "flask-vpc-public-eu-central-1b"
            },
            "tags_all": {
              "Name": "flask-vpc-public-eu-central-1b",
              "environment": "dev",
              "purpose": "test jenkins",
              "team": "devops"
            },
            "timeouts": null,
            "vpc_id": "vpc-04622a39bfb009bc8"
          },
          "sensitive_attributes": [],
          "private": "eyJlMmJmYjczMC1lY2FhLTExZTYtOGY4OC0zNDM2M2JjN2M0YzAiOnsiY3JlYXRlIjo2MDAwMDAwMDAwMDAsImRlbGV0ZSI6MTIwMDAwMDAwMDAwMH0sInNjaGVtYV92ZXJzaW9uIjoiMSJ9",
          "dependencies": [
            "module.vpc.aws_vpc.this",
            "module.vpc.aws_vpc_ipv4_cidr_block_association.this"
          ],
          "create_before_destroy": true
        },
        {
          "index_key": 2,
          "schema_version": 1,
          "attributes": {
            "arn": "arn:aws:ec2:eu-central-1:058302395964:subnet/subnet-032990699fea18919",
            "assign_ipv6_address_on_creation": false,
            "availability_zone": "eu-central-1c",
            "availability_zone_id": "euc1-az1",
            "cidr_block": "10.0.103.0/24",
            "customer_owned_ipv4_pool": "",
            "enable_dns64": false,
            "enable_resource_name_dns_a_record_on_launch": false,
            "enable_resource_name_dns_aaaa_record_on_launch": false,
            "id": "subnet-032990699fea18919",
            "ipv6_cidr_block": "",
            "ipv6_cidr_block_association_id": "",
            "ipv6_native": false,
            "map_customer_owned_ip_on_launch": false,
            "map_public_ip_on_launch": true,
            "outpost_arn": "",
            "owner_id": "058302395964",
            "private_dns_hostname_type_on_launch": "ip-name",
            "tags": {
              "Name": "flask-vpc-public-eu-central-1c"
            },
            "tags_all": {
              "Name": "flask-vpc-public-eu-central-1c",
              "environment": "dev",
              "purpose": "test jenkins",
              "team": "devops"
            },
            "timeouts": null,
            "vpc_id": "vpc-04622a39bfb009bc8"
          },
          "sensitive_attributes": [],
          "private": "eyJlMmJmYjczMC1lY2FhLTExZTYtOGY4OC0zNDM2M2JjN2M0YzAiOnsiY3JlYXRlIjo2MDAwMDAwMDAwMDAsImRlbGV0ZSI6MTIwMDAwMDAwMDAwMH0sInNjaGVtYV92ZXJzaW9uIjoiMSJ9",
          "dependencies": [
            "module.vpc.aws_vpc.this",
            "module.vpc.aws_vpc_ipv4_cidr_block_association.this"
          ],
          "create_before_destroy": true
        }
      ]
    },
    {
      "module": "module.vpc",
      "mode": "managed",
      "type": "aws_vpc",
      "name": "this",
      "provider": "provider[\"registry.terraform.io/hashicorp/aws\"]",
      "instances": [
        {
          "index_key": 0,
          "schema_version": 1,
          "attributes": {
            "arn": "arn:aws:ec2:eu-central-1:058302395964:vpc/vpc-04622a39bfb009bc8",
            "assign_generated_ipv6_cidr_block": false,
            "cidr_block": "10.0.0.0/16",
            "default_network_acl_id": "acl-040664c18bdd829e0",
            "default_route_table_id": "rtb-00910ef0da5ee1f11",
            "default_security_group_id": "sg-0fd8a1788ce94cca1",
            "dhcp_options_id": "dopt-06c1e28897cd72ab9",
            "enable_classiclink": false,
            "enable_classiclink_dns_support": false,
            "enable_dns_hostnames": true,
            "enable_dns_support": true,
            "enable_network_address_usage_metrics": false,
            "id": "vpc-04622a39bfb009bc8",
            "instance_tenancy": "default",
            "ipv4_ipam_pool_id": null,
            "ipv4_netmask_length": null,
            "ipv6_association_id": "",
            "ipv6_cidr_block": "",
            "ipv6_cidr_block_network_border_group": "",
            "ipv6_ipam_pool_id": "",
            "ipv6_netmask_length": 0,
            "main_route_table_id": "rtb-00910ef0da5ee1f11",
            "owner_id": "058302395964",
            "tags": {
              "Name": "flask-vpc"
            },
            "tags_all": {
              "Name": "flask-vpc",
              "environment": "dev",
              "purpose": "test jenkins",
              "team": "devops"
            }
          },
          "sensitive_attributes": [],
          "private": "eyJzY2hlbWFfdmVyc2lvbiI6IjEifQ==",
          "create_before_destroy": true
        }
      ]
    }
  ],
  "check_results": null
}
